PODS:
  - Alamofire (5.6.4)
  - Differentiator (5.0.0)
  - NMapsGeometry (1.0.1)
  - NMapsMap (3.16.1):
    - NMapsGeometry
  - ReactorKit (3.2.0):
    - RxSwift (~> 6.0)
    - WeakMapTable (~> 1.1)
  - Realm (10.38.0):
    - Realm/Headers (= 10.38.0)
  - Realm/Headers (10.38.0)
  - RealmSwift (10.38.0):
    - Realm (= 10.38.0)
  - RxCocoa (6.5.0):
    - RxRelay (= 6.5.0)
    - RxSwift (= 6.5.0)
  - RxDataSources (5.0.0):
    - Differentiator (~> 5.0)
    - RxCocoa (~> 6.0)
    - RxSwift (~> 6.0)
  - RxRelay (6.5.0):
    - RxSwift (= 6.5.0)
  - RxSwift (6.5.0)
  - SnapKit (5.6.0)
  - Swinject (2.8.2)
  - Then (3.0.0)
  - WeakMapTable (1.2.0)

DEPENDENCIES:
  - Alamofire (~> 5.5)
  - NMapsMap
  - ReactorKit
  - RealmSwift (~> 10)
  - RxCocoa (= 6.5.0)
  - RxDataSources (~> 5.0)
  - RxSwift (= 6.5.0)
  - SnapKit
  - Swinject
  - Then

SPEC REPOS:
  trunk:
    - Alamofire
    - Differentiator
    - NMapsGeometry
    - NMapsMap
    - ReactorKit
    - Realm
    - RealmSwift
    - RxCocoa
    - RxDataSources
    - RxRelay
    - RxSwift
    - SnapKit
    - Swinject
    - Then
    - WeakMapTable

SPEC CHECKSUMS:
  Alamofire: 4e95d97098eacb88856099c4fc79b526a299e48c
  Differentiator: e8497ceab83c1b10ca233716d547b9af21b9344d
  NMapsGeometry: 53c573ead66466681cf123f99f698dc8071a4b83
  NMapsMap: 926c3a303d381a24bec8da3cd6e198f50af93ae9
  ReactorKit: e8b11d6b9c415405f381669b095c154a05b59eca
  Realm: 5902885dd1d5e71b0b020830caab937ecdf5bf07
  RealmSwift: 0fc037d6c32c7c4fc9362892380f380114ecdcf0
  RxCocoa: 94f817b71c07517321eb4f9ad299112ca8af743b
  RxDataSources: aa47cc1ed6c500fa0dfecac5c979b723542d79cf
  RxRelay: 1de1523e604c72b6c68feadedd1af3b1b4d0ecbd
  RxSwift: 5710a9e6b17f3c3d6e40d6e559b9fa1e813b2ef8
  SnapKit: e01d52ebb8ddbc333eefe2132acf85c8227d9c25
  Swinject: b4a11b31992e8668308dc594ba1cb9b3164a37ab
  Then: 844265ae87834bbe1147d91d5d41a404da2ec27d
  WeakMapTable: 05c694ce8439a7a9ebabb56187287a63c57673d6

PODFILE CHECKSUM: c6c0f0be36b36a6e3cf937a32bff3d544032e443

COCOAPODS: 1.11.3
