// !$*UTF8*$!
{
	archiveVersion = 1;
	classes = {
	};
	objectVersion = 55;
	objects = {

/* Begin PBXBuildFile section */
		1317BB802915B7A30033D22F /* MapSearchViewController.swift in Sources */ = {isa = PBXBuildFile; fileRef = 1317BB782915B7A20033D22F /* MapSearchViewController.swift */; };
		1317BB812915B7A30033D22F /* LocationHistoryCell.swift in Sources */ = {isa = PBXBuildFile; fileRef = 1317BB792915B7A20033D22F /* LocationHistoryCell.swift */; };
		1317BB822915B7A30033D22F /* LocationEmptyCell.swift in Sources */ = {isa = PBXBuildFile; fileRef = 1317BB7A2915B7A20033D22F /* LocationEmptyCell.swift */; };
		1317BB832915B7A30033D22F /* StoreDetailView.swift in Sources */ = {isa = PBXBuildFile; fileRef = 1317BB7B2915B7A20033D22F /* StoreDetailView.swift */; };
		1317BB842915B7A30033D22F /* AroundViewController.swift in Sources */ = {isa = PBXBuildFile; fileRef = 1317BB7C2915B7A30033D22F /* AroundViewController.swift */; };
		1317BB852915B7A30033D22F /* alertView.swift in Sources */ = {isa = PBXBuildFile; fileRef = 1317BB7D2915B7A30033D22F /* alertView.swift */; };
		1317BB862915B7A30033D22F /* SideButton.swift in Sources */ = {isa = PBXBuildFile; fileRef = 1317BB7E2915B7A30033D22F /* SideButton.swift */; };
		1317BB872915B7A30033D22F /* SearchBarView.swift in Sources */ = {isa = PBXBuildFile; fileRef = 1317BB7F2915B7A30033D22F /* SearchBarView.swift */; };
		1317BB8A2915B7B70033D22F /* RefreshView.swift in Sources */ = {isa = PBXBuildFile; fileRef = 1317BB882915B7B60033D22F /* RefreshView.swift */; };
		1317BB8B2915B7B70033D22F /* HomeViewController.swift in Sources */ = {isa = PBXBuildFile; fileRef = 1317BB892915B7B70033D22F /* HomeViewController.swift */; };
		1317BB962915B7C70033D22F /* EmptyCell.swift in Sources */ = {isa = PBXBuildFile; fileRef = 1317BB8D2915B7C70033D22F /* EmptyCell.swift */; };
		1317BB972915B7C70033D22F /* SearchLotteryViewController.swift in Sources */ = {isa = PBXBuildFile; fileRef = 1317BB8E2915B7C70033D22F /* SearchLotteryViewController.swift */; };
		1317BB982915B7C70033D22F /* DetailViewModel.swift in Sources */ = {isa = PBXBuildFile; fileRef = 1317BB8F2915B7C70033D22F /* DetailViewModel.swift */; };
		1317BB992915B7C70033D22F /* HistoryCell.swift in Sources */ = {isa = PBXBuildFile; fileRef = 1317BB902915B7C70033D22F /* HistoryCell.swift */; };
		1317BB9A2915B7C70033D22F /* SearchViewController.swift in Sources */ = {isa = PBXBuildFile; fileRef = 1317BB922915B7C70033D22F /* SearchViewController.swift */; };
		1317BB9B2915B7C70033D22F /* FailCell.swift in Sources */ = {isa = PBXBuildFile; fileRef = 1317BB932915B7C70033D22F /* FailCell.swift */; };
		1317BB9C2915B7C70033D22F /* NumberCell.swift in Sources */ = {isa = PBXBuildFile; fileRef = 1317BB942915B7C70033D22F /* NumberCell.swift */; };
		1317BB9D2915B7C70033D22F /* LotteryViewModel.swift in Sources */ = {isa = PBXBuildFile; fileRef = 1317BB952915B7C70033D22F /* LotteryViewModel.swift */; };
		1317BBA02915B7D10033D22F /* QrScanViewController.swift in Sources */ = {isa = PBXBuildFile; fileRef = 1317BB9E2915B7D10033D22F /* QrScanViewController.swift */; };
		1317BBA12915B7D10033D22F /* QrScanViewModel.swift in Sources */ = {isa = PBXBuildFile; fileRef = 1317BB9F2915B7D10033D22F /* QrScanViewModel.swift */; };
		1317BBA92915B7DA0033D22F /* BackgroundLabel.swift in Sources */ = {isa = PBXBuildFile; fileRef = 1317BBA22915B7DA0033D22F /* BackgroundLabel.swift */; };
		1317BBAA2915B7DA0033D22F /* GameView.swift in Sources */ = {isa = PBXBuildFile; fileRef = 1317BBA32915B7DA0033D22F /* GameView.swift */; };
		1317BBAB2915B7DA0033D22F /* RandomViewController.swift in Sources */ = {isa = PBXBuildFile; fileRef = 1317BBA42915B7DA0033D22F /* RandomViewController.swift */; };
		1317BBAC2915B7DA0033D22F /* RandomViewModel.swift in Sources */ = {isa = PBXBuildFile; fileRef = 1317BBA52915B7DA0033D22F /* RandomViewModel.swift */; };
		1317BBAD2915B7DA0033D22F /* RightLine.swift in Sources */ = {isa = PBXBuildFile; fileRef = 1317BBA62915B7DA0033D22F /* RightLine.swift */; };
		1317BBAE2915B7DA0033D22F /* CountLabel.swift in Sources */ = {isa = PBXBuildFile; fileRef = 1317BBA72915B7DA0033D22F /* CountLabel.swift */; };
		1317BBAF2915B7DA0033D22F /* DottedLine.swift in Sources */ = {isa = PBXBuildFile; fileRef = 1317BBA82915B7DA0033D22F /* DottedLine.swift */; };
		1317BBF92915BBFC0033D22F /* SceneDelegate.swift in Sources */ = {isa = PBXBuildFile; fileRef = 1317BBE42915BBFB0033D22F /* SceneDelegate.swift */; };
		1317BBFA2915BBFC0033D22F /* Assets.xcassets in Resources */ = {isa = PBXBuildFile; fileRef = 1317BBE52915BBFB0033D22F /* Assets.xcassets */; };
		1317BBFB2915BBFC0033D22F /* UIColor.swift in Sources */ = {isa = PBXBuildFile; fileRef = 1317BBE62915BBFB0033D22F /* UIColor.swift */; };
		1317BBFC2915BBFC0033D22F /* Pretendard-Regular.otf in Resources */ = {isa = PBXBuildFile; fileRef = 1317BBE82915BBFC0033D22F /* Pretendard-Regular.otf */; };
		1317BBFD2915BBFC0033D22F /* BMYEONSUNG_ttf.ttf in Resources */ = {isa = PBXBuildFile; fileRef = 1317BBE92915BBFC0033D22F /* BMYEONSUNG_ttf.ttf */; };
		1317BBFE2915BBFC0033D22F /* Pretendard-Black.otf in Resources */ = {isa = PBXBuildFile; fileRef = 1317BBEA2915BBFC0033D22F /* Pretendard-Black.otf */; };
		1317BBFF2915BBFC0033D22F /* Pretendard-Medium.otf in Resources */ = {isa = PBXBuildFile; fileRef = 1317BBEB2915BBFC0033D22F /* Pretendard-Medium.otf */; };
		1317BC002915BBFC0033D22F /* BMDOHYEON_ttf.ttf in Resources */ = {isa = PBXBuildFile; fileRef = 1317BBEC2915BBFC0033D22F /* BMDOHYEON_ttf.ttf */; };
		1317BC012915BBFC0033D22F /* Pretendard-Light.otf in Resources */ = {isa = PBXBuildFile; fileRef = 1317BBED2915BBFC0033D22F /* Pretendard-Light.otf */; };
		1317BC022915BBFC0033D22F /* BMHANNAPro.ttf in Resources */ = {isa = PBXBuildFile; fileRef = 1317BBEE2915BBFC0033D22F /* BMHANNAPro.ttf */; };
		1317BC032915BBFC0033D22F /* Pretendard-ExtraBold.otf in Resources */ = {isa = PBXBuildFile; fileRef = 1317BBEF2915BBFC0033D22F /* Pretendard-ExtraBold.otf */; };
		1317BC042915BBFC0033D22F /* Pretendard-Bold.otf in Resources */ = {isa = PBXBuildFile; fileRef = 1317BBF02915BBFC0033D22F /* Pretendard-Bold.otf */; };
		1317BC052915BBFC0033D22F /* Pretendard-Thin.otf in Resources */ = {isa = PBXBuildFile; fileRef = 1317BBF12915BBFC0033D22F /* Pretendard-Thin.otf */; };
		1317BC062915BBFC0033D22F /* Pretendard-ExtraLight.otf in Resources */ = {isa = PBXBuildFile; fileRef = 1317BBF22915BBFC0033D22F /* Pretendard-ExtraLight.otf */; };
		1317BC072915BBFC0033D22F /* Pretendard-SemiBold.otf in Resources */ = {isa = PBXBuildFile; fileRef = 1317BBF32915BBFC0033D22F /* Pretendard-SemiBold.otf */; };
		1317BC082915BBFC0033D22F /* AppDelegate.swift in Sources */ = {isa = PBXBuildFile; fileRef = 1317BBF42915BBFC0033D22F /* AppDelegate.swift */; };
		1317BC092915BBFC0033D22F /* LaunchScreen.storyboard in Resources */ = {isa = PBXBuildFile; fileRef = 1317BBF62915BBFC0033D22F /* LaunchScreen.storyboard */; };
		1317BC0C2915BC8A0033D22F /* Info.plist in Resources */ = {isa = PBXBuildFile; fileRef = 1317BC0B2915BC8A0033D22F /* Info.plist */; };
		1317BC102915BCA60033D22F /* LaunchScreen.storyboard in Resources */ = {isa = PBXBuildFile; fileRef = 1317BC0E2915BCA60033D22F /* LaunchScreen.storyboard */; };
		13A2A21A27BB489000FE10E1 /* Main.storyboard in Resources */ = {isa = PBXBuildFile; fileRef = 13A2A21827BB489000FE10E1 /* Main.storyboard */; };
		A6D32E6CB7D32FDD60D1607D /* Pods_Lotty.framework in Frameworks */ = {isa = PBXBuildFile; fileRef = 0A64C4C25BD8F9610714F0B0 /* Pods_Lotty.framework */; };
/* End PBXBuildFile section */

/* Begin PBXFileReference section */
		0A64C4C25BD8F9610714F0B0 /* Pods_Lotty.framework */ = {isa = PBXFileReference; explicitFileType = wrapper.framework; includeInIndex = 0; path = Pods_Lotty.framework; sourceTree = BUILT_PRODUCTS_DIR; };
		0B9D15BB972C6ED830872F44 /* Pods-Lotty.debug.xcconfig */ = {isa = PBXFileReference; includeInIndex = 1; lastKnownFileType = text.xcconfig; name = "Pods-Lotty.debug.xcconfig"; path = "Target Support Files/Pods-Lotty/Pods-Lotty.debug.xcconfig"; sourceTree = "<group>"; };
		1317BB782915B7A20033D22F /* MapSearchViewController.swift */ = {isa = PBXFileReference; fileEncoding = 4; lastKnownFileType = sourcecode.swift; path = MapSearchViewController.swift; sourceTree = "<group>"; };
		1317BB792915B7A20033D22F /* LocationHistoryCell.swift */ = {isa = PBXFileReference; fileEncoding = 4; lastKnownFileType = sourcecode.swift; path = LocationHistoryCell.swift; sourceTree = "<group>"; };
		1317BB7A2915B7A20033D22F /* LocationEmptyCell.swift */ = {isa = PBXFileReference; fileEncoding = 4; lastKnownFileType = sourcecode.swift; path = LocationEmptyCell.swift; sourceTree = "<group>"; };
		1317BB7B2915B7A20033D22F /* StoreDetailView.swift */ = {isa = PBXFileReference; fileEncoding = 4; lastKnownFileType = sourcecode.swift; path = StoreDetailView.swift; sourceTree = "<group>"; };
		1317BB7C2915B7A30033D22F /* AroundViewController.swift */ = {isa = PBXFileReference; fileEncoding = 4; lastKnownFileType = sourcecode.swift; path = AroundViewController.swift; sourceTree = "<group>"; };
		1317BB7D2915B7A30033D22F /* alertView.swift */ = {isa = PBXFileReference; fileEncoding = 4; lastKnownFileType = sourcecode.swift; path = alertView.swift; sourceTree = "<group>"; };
		1317BB7E2915B7A30033D22F /* SideButton.swift */ = {isa = PBXFileReference; fileEncoding = 4; lastKnownFileType = sourcecode.swift; path = SideButton.swift; sourceTree = "<group>"; };
		1317BB7F2915B7A30033D22F /* SearchBarView.swift */ = {isa = PBXFileReference; fileEncoding = 4; lastKnownFileType = sourcecode.swift; path = SearchBarView.swift; sourceTree = "<group>"; };
		1317BB882915B7B60033D22F /* RefreshView.swift */ = {isa = PBXFileReference; fileEncoding = 4; lastKnownFileType = sourcecode.swift; path = RefreshView.swift; sourceTree = "<group>"; };
		1317BB892915B7B70033D22F /* HomeViewController.swift */ = {isa = PBXFileReference; fileEncoding = 4; lastKnownFileType = sourcecode.swift; path = HomeViewController.swift; sourceTree = "<group>"; };
		1317BB8D2915B7C70033D22F /* EmptyCell.swift */ = {isa = PBXFileReference; fileEncoding = 4; lastKnownFileType = sourcecode.swift; path = EmptyCell.swift; sourceTree = "<group>"; };
		1317BB8E2915B7C70033D22F /* SearchLotteryViewController.swift */ = {isa = PBXFileReference; fileEncoding = 4; lastKnownFileType = sourcecode.swift; path = SearchLotteryViewController.swift; sourceTree = "<group>"; };
		1317BB8F2915B7C70033D22F /* DetailViewModel.swift */ = {isa = PBXFileReference; fileEncoding = 4; lastKnownFileType = sourcecode.swift; path = DetailViewModel.swift; sourceTree = "<group>"; };
		1317BB902915B7C70033D22F /* HistoryCell.swift */ = {isa = PBXFileReference; fileEncoding = 4; lastKnownFileType = sourcecode.swift; path = HistoryCell.swift; sourceTree = "<group>"; };
		1317BB922915B7C70033D22F /* SearchViewController.swift */ = {isa = PBXFileReference; fileEncoding = 4; lastKnownFileType = sourcecode.swift; path = SearchViewController.swift; sourceTree = "<group>"; };
		1317BB932915B7C70033D22F /* FailCell.swift */ = {isa = PBXFileReference; fileEncoding = 4; lastKnownFileType = sourcecode.swift; path = FailCell.swift; sourceTree = "<group>"; };
		1317BB942915B7C70033D22F /* NumberCell.swift */ = {isa = PBXFileReference; fileEncoding = 4; lastKnownFileType = sourcecode.swift; path = NumberCell.swift; sourceTree = "<group>"; };
		1317BB952915B7C70033D22F /* LotteryViewModel.swift */ = {isa = PBXFileReference; fileEncoding = 4; lastKnownFileType = sourcecode.swift; path = LotteryViewModel.swift; sourceTree = "<group>"; };
		1317BB9E2915B7D10033D22F /* QrScanViewController.swift */ = {isa = PBXFileReference; fileEncoding = 4; lastKnownFileType = sourcecode.swift; path = QrScanViewController.swift; sourceTree = "<group>"; };
		1317BB9F2915B7D10033D22F /* QrScanViewModel.swift */ = {isa = PBXFileReference; fileEncoding = 4; lastKnownFileType = sourcecode.swift; path = QrScanViewModel.swift; sourceTree = "<group>"; };
		1317BBA22915B7DA0033D22F /* BackgroundLabel.swift */ = {isa = PBXFileReference; fileEncoding = 4; lastKnownFileType = sourcecode.swift; path = BackgroundLabel.swift; sourceTree = "<group>"; };
		1317BBA32915B7DA0033D22F /* GameView.swift */ = {isa = PBXFileReference; fileEncoding = 4; lastKnownFileType = sourcecode.swift; path = GameView.swift; sourceTree = "<group>"; };
		1317BBA42915B7DA0033D22F /* RandomViewController.swift */ = {isa = PBXFileReference; fileEncoding = 4; lastKnownFileType = sourcecode.swift; path = RandomViewController.swift; sourceTree = "<group>"; };
		1317BBA52915B7DA0033D22F /* RandomViewModel.swift */ = {isa = PBXFileReference; fileEncoding = 4; lastKnownFileType = sourcecode.swift; path = RandomViewModel.swift; sourceTree = "<group>"; };
		1317BBA62915B7DA0033D22F /* RightLine.swift */ = {isa = PBXFileReference; fileEncoding = 4; lastKnownFileType = sourcecode.swift; path = RightLine.swift; sourceTree = "<group>"; };
		1317BBA72915B7DA0033D22F /* CountLabel.swift */ = {isa = PBXFileReference; fileEncoding = 4; lastKnownFileType = sourcecode.swift; path = CountLabel.swift; sourceTree = "<group>"; };
		1317BBA82915B7DA0033D22F /* DottedLine.swift */ = {isa = PBXFileReference; fileEncoding = 4; lastKnownFileType = sourcecode.swift; path = DottedLine.swift; sourceTree = "<group>"; };
		1317BBE42915BBFB0033D22F /* SceneDelegate.swift */ = {isa = PBXFileReference; fileEncoding = 4; lastKnownFileType = sourcecode.swift; path = SceneDelegate.swift; sourceTree = "<group>"; };
		1317BBE52915BBFB0033D22F /* Assets.xcassets */ = {isa = PBXFileReference; lastKnownFileType = folder.assetcatalog; path = Assets.xcassets; sourceTree = "<group>"; };
		1317BBE62915BBFB0033D22F /* UIColor.swift */ = {isa = PBXFileReference; fileEncoding = 4; lastKnownFileType = sourcecode.swift; path = UIColor.swift; sourceTree = "<group>"; };
		1317BBE82915BBFC0033D22F /* Pretendard-Regular.otf */ = {isa = PBXFileReference; lastKnownFileType = file; path = "Pretendard-Regular.otf"; sourceTree = "<group>"; };
		1317BBE92915BBFC0033D22F /* BMYEONSUNG_ttf.ttf */ = {isa = PBXFileReference; lastKnownFileType = file; path = BMYEONSUNG_ttf.ttf; sourceTree = "<group>"; };
		1317BBEA2915BBFC0033D22F /* Pretendard-Black.otf */ = {isa = PBXFileReference; lastKnownFileType = file; path = "Pretendard-Black.otf"; sourceTree = "<group>"; };
		1317BBEB2915BBFC0033D22F /* Pretendard-Medium.otf */ = {isa = PBXFileReference; lastKnownFileType = file; path = "Pretendard-Medium.otf"; sourceTree = "<group>"; };
		1317BBEC2915BBFC0033D22F /* BMDOHYEON_ttf.ttf */ = {isa = PBXFileReference; lastKnownFileType = file; path = BMDOHYEON_ttf.ttf; sourceTree = "<group>"; };
		1317BBED2915BBFC0033D22F /* Pretendard-Light.otf */ = {isa = PBXFileReference; lastKnownFileType = file; path = "Pretendard-Light.otf"; sourceTree = "<group>"; };
		1317BBEE2915BBFC0033D22F /* BMHANNAPro.ttf */ = {isa = PBXFileReference; lastKnownFileType = file; path = BMHANNAPro.ttf; sourceTree = "<group>"; };
		1317BBEF2915BBFC0033D22F /* Pretendard-ExtraBold.otf */ = {isa = PBXFileReference; lastKnownFileType = file; path = "Pretendard-ExtraBold.otf"; sourceTree = "<group>"; };
		1317BBF02915BBFC0033D22F /* Pretendard-Bold.otf */ = {isa = PBXFileReference; lastKnownFileType = file; path = "Pretendard-Bold.otf"; sourceTree = "<group>"; };
		1317BBF12915BBFC0033D22F /* Pretendard-Thin.otf */ = {isa = PBXFileReference; lastKnownFileType = file; path = "Pretendard-Thin.otf"; sourceTree = "<group>"; };
		1317BBF22915BBFC0033D22F /* Pretendard-ExtraLight.otf */ = {isa = PBXFileReference; lastKnownFileType = file; path = "Pretendard-ExtraLight.otf"; sourceTree = "<group>"; };
		1317BBF32915BBFC0033D22F /* Pretendard-SemiBold.otf */ = {isa = PBXFileReference; lastKnownFileType = file; path = "Pretendard-SemiBold.otf"; sourceTree = "<group>"; };
		1317BBF42915BBFC0033D22F /* AppDelegate.swift */ = {isa = PBXFileReference; fileEncoding = 4; lastKnownFileType = sourcecode.swift; path = AppDelegate.swift; sourceTree = "<group>"; };
		1317BBF72915BBFC0033D22F /* Base */ = {isa = PBXFileReference; lastKnownFileType = file.storyboard; name = Base; path = LaunchScreen.storyboard; sourceTree = "<group>"; };
		1317BC0B2915BC8A0033D22F /* Info.plist */ = {isa = PBXFileReference; fileEncoding = 4; lastKnownFileType = text.plist.xml; path = Info.plist; sourceTree = "<group>"; };
		1317BC0F2915BCA60033D22F /* Base */ = {isa = PBXFileReference; lastKnownFileType = file.storyboard; name = Base; path = LaunchScreen.storyboard; sourceTree = "<group>"; };
		131B329527EF0EE200F9121D /* Lotty.app */ = {isa = PBXFileReference; explicitFileType = wrapper.application; includeInIndex = 0; path = Lotty.app; sourceTree = BUILT_PRODUCTS_DIR; };
		13A2A21927BB489000FE10E1 /* Base */ = {isa = PBXFileReference; lastKnownFileType = file.storyboard; name = Base; path = Base.lproj/Main.storyboard; sourceTree = "<group>"; };
		BDB874F062F3BED792DE7C97 /* Pods-Lotty.release.xcconfig */ = {isa = PBXFileReference; includeInIndex = 1; lastKnownFileType = text.xcconfig; name = "Pods-Lotty.release.xcconfig"; path = "Target Support Files/Pods-Lotty/Pods-Lotty.release.xcconfig"; sourceTree = "<group>"; };
/* End PBXFileReference section */

/* Begin PBXFrameworksBuildPhase section */
		13A2A20C27BB489000FE10E1 /* Frameworks */ = {
			isa = PBXFrameworksBuildPhase;
			buildActionMask = 2147483647;
			files = (
				A6D32E6CB7D32FDD60D1607D /* Pods_Lotty.framework in Frameworks */,
			);
			runOnlyForDeploymentPostprocessing = 0;
		};
/* End PBXFrameworksBuildPhase section */

/* Begin PBXGroup section */
		1317BB732915B6A50033D22F /* home */ = {
			isa = PBXGroup;
			children = (
				1317BB892915B7B70033D22F /* HomeViewController.swift */,
				1317BB882915B7B60033D22F /* RefreshView.swift */,
			);
			path = home;
			sourceTree = "<group>";
		};
		1317BB742915B6B50033D22F /* around */ = {
			isa = PBXGroup;
			children = (
				1317BB7D2915B7A30033D22F /* alertView.swift */,
				1317BB7C2915B7A30033D22F /* AroundViewController.swift */,
				1317BB7A2915B7A20033D22F /* LocationEmptyCell.swift */,
				1317BB792915B7A20033D22F /* LocationHistoryCell.swift */,
				1317BB782915B7A20033D22F /* MapSearchViewController.swift */,
				1317BB7F2915B7A30033D22F /* SearchBarView.swift */,
				1317BB7E2915B7A30033D22F /* SideButton.swift */,
				1317BB7B2915B7A20033D22F /* StoreDetailView.swift */,
			);
			path = around;
			sourceTree = "<group>";
		};
		1317BB752915B6BC0033D22F /* search */ = {
			isa = PBXGroup;
			children = (
				1317BB912915B7C70033D22F /* 로또 리스트 */,
				1317BB8C2915B7C70033D22F /* 로또 상세 */,
			);
			path = search;
			sourceTree = "<group>";
		};
		1317BB762915B6C10033D22F /* qr */ = {
			isa = PBXGroup;
			children = (
				1317BB9E2915B7D10033D22F /* QrScanViewController.swift */,
				1317BB9F2915B7D10033D22F /* QrScanViewModel.swift */,
			);
			path = qr;
			sourceTree = "<group>";
		};
		1317BB772915B6C60033D22F /* random */ = {
			isa = PBXGroup;
			children = (
				1317BBA22915B7DA0033D22F /* BackgroundLabel.swift */,
				1317BBA72915B7DA0033D22F /* CountLabel.swift */,
				1317BBA82915B7DA0033D22F /* DottedLine.swift */,
				1317BBA32915B7DA0033D22F /* GameView.swift */,
				1317BBA42915B7DA0033D22F /* RandomViewController.swift */,
				1317BBA52915B7DA0033D22F /* RandomViewModel.swift */,
				1317BBA62915B7DA0033D22F /* RightLine.swift */,
			);
			path = random;
			sourceTree = "<group>";
		};
		1317BB8C2915B7C70033D22F /* 로또 상세 */ = {
			isa = PBXGroup;
			children = (
				1317BB8D2915B7C70033D22F /* EmptyCell.swift */,
				1317BB8E2915B7C70033D22F /* SearchLotteryViewController.swift */,
				1317BB8F2915B7C70033D22F /* DetailViewModel.swift */,
				1317BB902915B7C70033D22F /* HistoryCell.swift */,
			);
			path = "로또 상세";
			sourceTree = "<group>";
		};
		1317BB912915B7C70033D22F /* 로또 리스트 */ = {
			isa = PBXGroup;
			children = (
				1317BB922915B7C70033D22F /* SearchViewController.swift */,
				1317BB932915B7C70033D22F /* FailCell.swift */,
				1317BB942915B7C70033D22F /* NumberCell.swift */,
				1317BB952915B7C70033D22F /* LotteryViewModel.swift */,
			);
			path = "로또 리스트";
			sourceTree = "<group>";
		};
		1317BBE32915BBE10033D22F /* resource */ = {
			isa = PBXGroup;
			children = (
				1317BC0B2915BC8A0033D22F /* Info.plist */,
				1317BC0D2915BCA60033D22F /* Base.lproj */,
				1317BBF42915BBFC0033D22F /* AppDelegate.swift */,
				1317BBE52915BBFB0033D22F /* Assets.xcassets */,
				1317BBF52915BBFC0033D22F /* Base.lproj */,
				1317BBE72915BBFC0033D22F /* Fonts */,
				1317BBE42915BBFB0033D22F /* SceneDelegate.swift */,
				1317BBE62915BBFB0033D22F /* UIColor.swift */,
			);
			path = resource;
			sourceTree = "<group>";
		};
		1317BBE72915BBFC0033D22F /* Fonts */ = {
			isa = PBXGroup;
			children = (
				1317BBE82915BBFC0033D22F /* Pretendard-Regular.otf */,
				1317BBE92915BBFC0033D22F /* BMYEONSUNG_ttf.ttf */,
				1317BBEA2915BBFC0033D22F /* Pretendard-Black.otf */,
				1317BBEB2915BBFC0033D22F /* Pretendard-Medium.otf */,
				1317BBEC2915BBFC0033D22F /* BMDOHYEON_ttf.ttf */,
				1317BBED2915BBFC0033D22F /* Pretendard-Light.otf */,
				1317BBEE2915BBFC0033D22F /* BMHANNAPro.ttf */,
				1317BBEF2915BBFC0033D22F /* Pretendard-ExtraBold.otf */,
				1317BBF02915BBFC0033D22F /* Pretendard-Bold.otf */,
				1317BBF12915BBFC0033D22F /* Pretendard-Thin.otf */,
				1317BBF22915BBFC0033D22F /* Pretendard-ExtraLight.otf */,
				1317BBF32915BBFC0033D22F /* Pretendard-SemiBold.otf */,
			);
			path = Fonts;
			sourceTree = "<group>";
		};
		1317BBF52915BBFC0033D22F /* Base.lproj */ = {
			isa = PBXGroup;
			children = (
				1317BBF62915BBFC0033D22F /* LaunchScreen.storyboard */,
			);
			path = Base.lproj;
			sourceTree = "<group>";
		};
		1317BC0D2915BCA60033D22F /* Base.lproj */ = {
			isa = PBXGroup;
			children = (
				1317BC0E2915BCA60033D22F /* LaunchScreen.storyboard */,
			);
			path = Base.lproj;
			sourceTree = "<group>";
		};
		13A2A20627BB489000FE10E1 = {
			isa = PBXGroup;
			children = (
				13A2A21127BB489000FE10E1 /* Lotty */,
				40ACCF754CC6FCB807C697D7 /* Pods */,
				131B329527EF0EE200F9121D /* Lotty.app */,
				3EDD3A305017908757C67039 /* Frameworks */,
			);
			sourceTree = "<group>";
		};
		13A2A21127BB489000FE10E1 /* Lotty */ = {
			isa = PBXGroup;
			children = (
				13A2A21827BB489000FE10E1 /* Main.storyboard */,
				1317BB732915B6A50033D22F /* home */,
				1317BB742915B6B50033D22F /* around */,
				1317BB752915B6BC0033D22F /* search */,
				1317BB762915B6C10033D22F /* qr */,
				1317BB772915B6C60033D22F /* random */,
				1317BBE32915BBE10033D22F /* resource */,
			);
			path = Lotty;
			sourceTree = "<group>";
		};
		3EDD3A305017908757C67039 /* Frameworks */ = {
			isa = PBXGroup;
			children = (
				0A64C4C25BD8F9610714F0B0 /* Pods_Lotty.framework */,
			);
			name = Frameworks;
			sourceTree = "<group>";
		};
		40ACCF754CC6FCB807C697D7 /* Pods */ = {
			isa = PBXGroup;
			children = (
				0B9D15BB972C6ED830872F44 /* Pods-Lotty.debug.xcconfig */,
				BDB874F062F3BED792DE7C97 /* Pods-Lotty.release.xcconfig */,
			);
			path = Pods;
			sourceTree = "<group>";
		};
/* End PBXGroup section */

/* Begin PBXNativeTarget section */
		13A2A20E27BB489000FE10E1 /* Lotty */ = {
			isa = PBXNativeTarget;
			buildConfigurationList = 13A2A22327BB489100FE10E1 /* Build configuration list for PBXNativeTarget "Lotty" */;
			buildPhases = (
				CD137E026E471D32589780F5 /* [CP] Check Pods Manifest.lock */,
				13A2A20B27BB489000FE10E1 /* Sources */,
				13A2A20C27BB489000FE10E1 /* Frameworks */,
				13A2A20D27BB489000FE10E1 /* Resources */,
				FEE3DF76CD97BB9DCD4A59DC /* [CP] Embed Pods Frameworks */,
			);
			buildRules = (
			);
			dependencies = (
			);
			name = Lotty;
			productName = Lotty;
			productReference = 131B329527EF0EE200F9121D /* Lotty.app */;
			productType = "com.apple.product-type.application";
		};
/* End PBXNativeTarget section */

/* Begin PBXProject section */
		13A2A20727BB489000FE10E1 /* Project object */ = {
			isa = PBXProject;
			attributes = {
				BuildIndependentTargetsInParallel = 1;
				LastSwiftUpdateCheck = 1320;
				LastUpgradeCheck = 1320;
				TargetAttributes = {
					13A2A20E27BB489000FE10E1 = {
						CreatedOnToolsVersion = 13.2.1;
					};
				};
			};
			buildConfigurationList = 13A2A20A27BB489000FE10E1 /* Build configuration list for PBXProject "Lotty" */;
			compatibilityVersion = "Xcode 13.0";
			developmentRegion = en;
			hasScannedForEncodings = 0;
			knownRegions = (
				en,
				Base,
			);
			mainGroup = 13A2A20627BB489000FE10E1;
			productRefGroup = 13A2A20627BB489000FE10E1;
			projectDirPath = "";
			projectRoot = "";
			targets = (
				13A2A20E27BB489000FE10E1 /* Lotty */,
			);
		};
/* End PBXProject section */

/* Begin PBXResourcesBuildPhase section */
		13A2A20D27BB489000FE10E1 /* Resources */ = {
			isa = PBXResourcesBuildPhase;
			buildActionMask = 2147483647;
			files = (
				1317BC0C2915BC8A0033D22F /* Info.plist in Resources */,
				1317BC042915BBFC0033D22F /* Pretendard-Bold.otf in Resources */,
				1317BBFA2915BBFC0033D22F /* Assets.xcassets in Resources */,
				1317BC022915BBFC0033D22F /* BMHANNAPro.ttf in Resources */,
				1317BC092915BBFC0033D22F /* LaunchScreen.storyboard in Resources */,
				1317BC052915BBFC0033D22F /* Pretendard-Thin.otf in Resources */,
				1317BC032915BBFC0033D22F /* Pretendard-ExtraBold.otf in Resources */,
				1317BC102915BCA60033D22F /* LaunchScreen.storyboard in Resources */,
				1317BC012915BBFC0033D22F /* Pretendard-Light.otf in Resources */,
				1317BC002915BBFC0033D22F /* BMDOHYEON_ttf.ttf in Resources */,
				1317BC062915BBFC0033D22F /* Pretendard-ExtraLight.otf in Resources */,
				1317BBFC2915BBFC0033D22F /* Pretendard-Regular.otf in Resources */,
				1317BC072915BBFC0033D22F /* Pretendard-SemiBold.otf in Resources */,
				1317BBFD2915BBFC0033D22F /* BMYEONSUNG_ttf.ttf in Resources */,
				13A2A21A27BB489000FE10E1 /* Main.storyboard in Resources */,
				1317BBFE2915BBFC0033D22F /* Pretendard-Black.otf in Resources */,
				1317BBFF2915BBFC0033D22F /* Pretendard-Medium.otf in Resources */,
			);
			runOnlyForDeploymentPostprocessing = 0;
		};
/* End PBXResourcesBuildPhase section */

/* Begin PBXShellScriptBuildPhase section */
		CD137E026E471D32589780F5 /* [CP] Check Pods Manifest.lock */ = {
			isa = PBXShellScriptBuildPhase;
			buildActionMask = 2147483647;
			files = (
			);
			inputFileListPaths = (
			);
			inputPaths = (
				"${PODS_PODFILE_DIR_PATH}/Podfile.lock",
				"${PODS_ROOT}/Manifest.lock",
			);
			name = "[CP] Check Pods Manifest.lock";
			outputFileListPaths = (
			);
			outputPaths = (
				"$(DERIVED_FILE_DIR)/Pods-Lotty-checkManifestLockResult.txt",
			);
			runOnlyForDeploymentPostprocessing = 0;
			shellPath = /bin/sh;
			shellScript = "diff \"${PODS_PODFILE_DIR_PATH}/Podfile.lock\" \"${PODS_ROOT}/Manifest.lock\" > /dev/null\nif [ $? != 0 ] ; then\n    # print error to STDERR\n    echo \"error: The sandbox is not in sync with the Podfile.lock. Run 'pod install' or update your CocoaPods installation.\" >&2\n    exit 1\nfi\n# This output is used by Xcode 'outputs' to avoid re-running this script phase.\necho \"SUCCESS\" > \"${SCRIPT_OUTPUT_FILE_0}\"\n";
			showEnvVarsInLog = 0;
		};
		FEE3DF76CD97BB9DCD4A59DC /* [CP] Embed Pods Frameworks */ = {
			isa = PBXShellScriptBuildPhase;
			buildActionMask = 2147483647;
			files = (
			);
			inputFileListPaths = (
				"${PODS_ROOT}/Target Support Files/Pods-Lotty/Pods-Lotty-frameworks-${CONFIGURATION}-input-files.xcfilelist",
			);
			name = "[CP] Embed Pods Frameworks";
			outputFileListPaths = (
				"${PODS_ROOT}/Target Support Files/Pods-Lotty/Pods-Lotty-frameworks-${CONFIGURATION}-output-files.xcfilelist",
			);
			runOnlyForDeploymentPostprocessing = 0;
			shellPath = /bin/sh;
			shellScript = "\"${PODS_ROOT}/Target Support Files/Pods-Lotty/Pods-Lotty-frameworks.sh\"\n";
			showEnvVarsInLog = 0;
		};
/* End PBXShellScriptBuildPhase section */

/* Begin PBXSourcesBuildPhase section */
		13A2A20B27BB489000FE10E1 /* Sources */ = {
			isa = PBXSourcesBuildPhase;
			buildActionMask = 2147483647;
			files = (
				1317BB832915B7A30033D22F /* StoreDetailView.swift in Sources */,
				1317BBAB2915B7DA0033D22F /* RandomViewController.swift in Sources */,
				1317BB862915B7A30033D22F /* SideButton.swift in Sources */,
				1317BBAD2915B7DA0033D22F /* RightLine.swift in Sources */,
				1317BBFB2915BBFC0033D22F /* UIColor.swift in Sources */,
				1317BB962915B7C70033D22F /* EmptyCell.swift in Sources */,
				1317BB9C2915B7C70033D22F /* NumberCell.swift in Sources */,
				1317BB992915B7C70033D22F /* HistoryCell.swift in Sources */,
				1317BB9B2915B7C70033D22F /* FailCell.swift in Sources */,
				1317BB812915B7A30033D22F /* LocationHistoryCell.swift in Sources */,
				1317BB9D2915B7C70033D22F /* LotteryViewModel.swift in Sources */,
				1317BB972915B7C70033D22F /* SearchLotteryViewController.swift in Sources */,
				1317BBAC2915B7DA0033D22F /* RandomViewModel.swift in Sources */,
				1317BB8A2915B7B70033D22F /* RefreshView.swift in Sources */,
				1317BB852915B7A30033D22F /* alertView.swift in Sources */,
				1317BBAE2915B7DA0033D22F /* CountLabel.swift in Sources */,
				1317BBF92915BBFC0033D22F /* SceneDelegate.swift in Sources */,
				1317BBAA2915B7DA0033D22F /* GameView.swift in Sources */,
				1317BC082915BBFC0033D22F /* AppDelegate.swift in Sources */,
				1317BBA02915B7D10033D22F /* QrScanViewController.swift in Sources */,
				1317BBA12915B7D10033D22F /* QrScanViewModel.swift in Sources */,
				1317BBA92915B7DA0033D22F /* BackgroundLabel.swift in Sources */,
				1317BB872915B7A30033D22F /* SearchBarView.swift in Sources */,
				1317BB9A2915B7C70033D22F /* SearchViewController.swift in Sources */,
				1317BB842915B7A30033D22F /* AroundViewController.swift in Sources */,
				1317BB822915B7A30033D22F /* LocationEmptyCell.swift in Sources */,
				1317BB8B2915B7B70033D22F /* HomeViewController.swift in Sources */,
				1317BBAF2915B7DA0033D22F /* DottedLine.swift in Sources */,
				1317BB802915B7A30033D22F /* MapSearchViewController.swift in Sources */,
				1317BB982915B7C70033D22F /* DetailViewModel.swift in Sources */,
			);
			runOnlyForDeploymentPostprocessing = 0;
		};
/* End PBXSourcesBuildPhase section */

/* Begin PBXVariantGroup section */
		1317BBF62915BBFC0033D22F /* LaunchScreen.storyboard */ = {
			isa = PBXVariantGroup;
			children = (
				1317BBF72915BBFC0033D22F /* Base */,
			);
			name = LaunchScreen.storyboard;
			sourceTree = "<group>";
		};
		1317BC0E2915BCA60033D22F /* LaunchScreen.storyboard */ = {
			isa = PBXVariantGroup;
			children = (
				1317BC0F2915BCA60033D22F /* Base */,
			);
			name = LaunchScreen.storyboard;
			sourceTree = "<group>";
		};
		13A2A21827BB489000FE10E1 /* Main.storyboard */ = {
			isa = PBXVariantGroup;
			children = (
				13A2A21927BB489000FE10E1 /* Base */,
			);
			name = Main.storyboard;
			sourceTree = "<group>";
		};
/* End PBXVariantGroup section */

/* Begin XCBuildConfiguration section */
		13A2A22127BB489100FE10E1 /* Debug */ = {
			isa = XCBuildConfiguration;
			buildSettings = {
				ALWAYS_SEARCH_USER_PATHS = NO;
				CLANG_ANALYZER_NONNULL = YES;
				CLANG_ANALYZER_NUMBER_OBJECT_CONVERSION = YES_AGGRESSIVE;
				CLANG_CXX_LANGUAGE_STANDARD = "gnu++17";
				CLANG_CXX_LIBRARY = "libc++";
				CLANG_ENABLE_MODULES = YES;
				CLANG_ENABLE_OBJC_ARC = YES;
				CLANG_ENABLE_OBJC_WEAK = YES;
				CLANG_WARN_BLOCK_CAPTURE_AUTORELEASING = YES;
				CLANG_WARN_BOOL_CONVERSION = YES;
				CLANG_WARN_COMMA = YES;
				CLANG_WARN_CONSTANT_CONVERSION = YES;
				CLANG_WARN_DEPRECATED_OBJC_IMPLEMENTATIONS = YES;
				CLANG_WARN_DIRECT_OBJC_ISA_USAGE = YES_ERROR;
				CLANG_WARN_DOCUMENTATION_COMMENTS = YES;
				CLANG_WARN_EMPTY_BODY = YES;
				CLANG_WARN_ENUM_CONVERSION = YES;
				CLANG_WARN_INFINITE_RECURSION = YES;
				CLANG_WARN_INT_CONVERSION = YES;
				CLANG_WARN_NON_LITERAL_NULL_CONVERSION = YES;
				CLANG_WARN_OBJC_IMPLICIT_RETAIN_SELF = YES;
				CLANG_WARN_OBJC_LITERAL_CONVERSION = YES;
				CLANG_WARN_OBJC_ROOT_CLASS = YES_ERROR;
				CLANG_WARN_QUOTED_INCLUDE_IN_FRAMEWORK_HEADER = YES;
				CLANG_WARN_RANGE_LOOP_ANALYSIS = YES;
				CLANG_WARN_STRICT_PROTOTYPES = YES;
				CLANG_WARN_SUSPICIOUS_MOVE = YES;
				CLANG_WARN_UNGUARDED_AVAILABILITY = YES_AGGRESSIVE;
				CLANG_WARN_UNREACHABLE_CODE = YES;
				CLANG_WARN__DUPLICATE_METHOD_MATCH = YES;
				COPY_PHASE_STRIP = NO;
				DEBUG_INFORMATION_FORMAT = dwarf;
				ENABLE_STRICT_OBJC_MSGSEND = YES;
				ENABLE_TESTABILITY = YES;
				EXCLUDED_ARCHS = "";
				"EXCLUDED_ARCHS[sdk=iphonesimulator*]" = arm64;
				GCC_C_LANGUAGE_STANDARD = gnu11;
				GCC_DYNAMIC_NO_PIC = NO;
				GCC_NO_COMMON_BLOCKS = YES;
				GCC_OPTIMIZATION_LEVEL = 0;
				GCC_PREPROCESSOR_DEFINITIONS = (
					"DEBUG=1",
					"$(inherited)",
				);
				GCC_WARN_64_TO_32_BIT_CONVERSION = YES;
				GCC_WARN_ABOUT_RETURN_TYPE = YES_ERROR;
				GCC_WARN_UNDECLARED_SELECTOR = YES;
				GCC_WARN_UNINITIALIZED_AUTOS = YES_AGGRESSIVE;
				GCC_WARN_UNUSED_FUNCTION = YES;
				GCC_WARN_UNUSED_VARIABLE = YES;
				IPHONEOS_DEPLOYMENT_TARGET = 13.0;
				MTL_ENABLE_DEBUG_INFO = INCLUDE_SOURCE;
				MTL_FAST_MATH = YES;
				ONLY_ACTIVE_ARCH = YES;
				SDKROOT = iphoneos;
				SWIFT_ACTIVE_COMPILATION_CONDITIONS = DEBUG;
				SWIFT_OPTIMIZATION_LEVEL = "-Onone";
			};
			name = Debug;
		};
		13A2A22227BB489100FE10E1 /* Release */ = {
			isa = XCBuildConfiguration;
			buildSettings = {
				ALWAYS_SEARCH_USER_PATHS = NO;
				CLANG_ANALYZER_NONNULL = YES;
				CLANG_ANALYZER_NUMBER_OBJECT_CONVERSION = YES_AGGRESSIVE;
				CLANG_CXX_LANGUAGE_STANDARD = "gnu++17";
				CLANG_CXX_LIBRARY = "libc++";
				CLANG_ENABLE_MODULES = YES;
				CLANG_ENABLE_OBJC_ARC = YES;
				CLANG_ENABLE_OBJC_WEAK = YES;
				CLANG_WARN_BLOCK_CAPTURE_AUTORELEASING = YES;
				CLANG_WARN_BOOL_CONVERSION = YES;
				CLANG_WARN_COMMA = YES;
				CLANG_WARN_CONSTANT_CONVERSION = YES;
				CLANG_WARN_DEPRECATED_OBJC_IMPLEMENTATIONS = YES;
				CLANG_WARN_DIRECT_OBJC_ISA_USAGE = YES_ERROR;
				CLANG_WARN_DOCUMENTATION_COMMENTS = YES;
				CLANG_WARN_EMPTY_BODY = YES;
				CLANG_WARN_ENUM_CONVERSION = YES;
				CLANG_WARN_INFINITE_RECURSION = YES;
				CLANG_WARN_INT_CONVERSION = YES;
				CLANG_WARN_NON_LITERAL_NULL_CONVERSION = YES;
				CLANG_WARN_OBJC_IMPLICIT_RETAIN_SELF = YES;
				CLANG_WARN_OBJC_LITERAL_CONVERSION = YES;
				CLANG_WARN_OBJC_ROOT_CLASS = YES_ERROR;
				CLANG_WARN_QUOTED_INCLUDE_IN_FRAMEWORK_HEADER = YES;
				CLANG_WARN_RANGE_LOOP_ANALYSIS = YES;
				CLANG_WARN_STRICT_PROTOTYPES = YES;
				CLANG_WARN_SUSPICIOUS_MOVE = YES;
				CLANG_WARN_UNGUARDED_AVAILABILITY = YES_AGGRESSIVE;
				CLANG_WARN_UNREACHABLE_CODE = YES;
				CLANG_WARN__DUPLICATE_METHOD_MATCH = YES;
				COPY_PHASE_STRIP = NO;
				DEBUG_INFORMATION_FORMAT = "dwarf-with-dsym";
				ENABLE_NS_ASSERTIONS = NO;
				ENABLE_STRICT_OBJC_MSGSEND = YES;
				EXCLUDED_ARCHS = "";
				"EXCLUDED_ARCHS[sdk=iphonesimulator*]" = arm64;
				GCC_C_LANGUAGE_STANDARD = gnu11;
				GCC_NO_COMMON_BLOCKS = YES;
				GCC_WARN_64_TO_32_BIT_CONVERSION = YES;
				GCC_WARN_ABOUT_RETURN_TYPE = YES_ERROR;
				GCC_WARN_UNDECLARED_SELECTOR = YES;
				GCC_WARN_UNINITIALIZED_AUTOS = YES_AGGRESSIVE;
				GCC_WARN_UNUSED_FUNCTION = YES;
				GCC_WARN_UNUSED_VARIABLE = YES;
				IPHONEOS_DEPLOYMENT_TARGET = 13.0;
				MTL_ENABLE_DEBUG_INFO = NO;
				MTL_FAST_MATH = YES;
				ONLY_ACTIVE_ARCH = NO;
				SDKROOT = iphoneos;
				SWIFT_COMPILATION_MODE = wholemodule;
				SWIFT_OPTIMIZATION_LEVEL = "-O";
				VALIDATE_PRODUCT = YES;
			};
			name = Release;
		};
		13A2A22427BB489100FE10E1 /* Debug */ = {
			isa = XCBuildConfiguration;
			baseConfigurationReference = 0B9D15BB972C6ED830872F44 /* Pods-Lotty.debug.xcconfig */;
			buildSettings = {
				ASSETCATALOG_COMPILER_APPICON_NAME = AppIcon;
				ASSETCATALOG_COMPILER_GLOBAL_ACCENT_COLOR_NAME = AccentColor;
				CODE_SIGN_STYLE = Automatic;
				CURRENT_PROJECT_VERSION = 1;
				DEVELOPMENT_TEAM = 3LTN66N935;
				EXCLUDED_ARCHS = "";
				GENERATE_INFOPLIST_FILE = YES;
				INFOPLIST_FILE = Lotty/Info.plist;
				INFOPLIST_KEY_CFBundleDisplayName = "로또의민족";
				INFOPLIST_KEY_NSCameraUsageDescription = "로또 QR코드를 조회하려면 카메라 권한이 필요합니다";
				INFOPLIST_KEY_NSLocationAlwaysAndWhenInUseUsageDescription = "로또 판매점을 조회하려면 위치 정보가 필요합니다";
				INFOPLIST_KEY_NSLocationAlwaysUsageDescription = "로또 판매점을 조회하려면 위치 정보가 필요합니다";
				INFOPLIST_KEY_NSLocationUsageDescription = "로또 판매점을 조회하려면 위치 정보가 필요합니다";
				INFOPLIST_KEY_NSLocationWhenInUseUsageDescription = "로또 판매점을 조회하려면 위치 정보가 필요합니다";
				INFOPLIST_KEY_UIApplicationSupportsIndirectInputEvents = YES;
				INFOPLIST_KEY_UILaunchStoryboardName = LaunchScreen;
				INFOPLIST_KEY_UIMainStoryboardFile = Main;
				INFOPLIST_KEY_UISupportedInterfaceOrientations = UIInterfaceOrientationPortrait;
				INFOPLIST_KEY_UISupportedInterfaceOrientations_iPad = "UIInterfaceOrientationPortrait UIInterfaceOrientationPortraitUpsideDown UIInterfaceOrientationLandscapeLeft UIInterfaceOrientationLandscapeRight";
				INFOPLIST_KEY_UISupportedInterfaceOrientations_iPhone = "UIInterfaceOrientationPortrait UIInterfaceOrientationLandscapeLeft UIInterfaceOrientationLandscapeRight";
				IPHONEOS_DEPLOYMENT_TARGET = 13.0;
				LD_RUNPATH_SEARCH_PATHS = (
					"$(inherited)",
					"@executable_path/Frameworks",
				);
				MARKETING_VERSION = 1.0.1;
				PRODUCT_BUNDLE_IDENTIFIER = com.anseolab.lotty;
				PRODUCT_NAME = "$(TARGET_NAME)";
				SWIFT_EMIT_LOC_STRINGS = YES;
				SWIFT_VERSION = 5.0;
				TARGETED_DEVICE_FAMILY = 1;
			};
			name = Debug;
		};
		13A2A22527BB489100FE10E1 /* Release */ = {
			isa = XCBuildConfiguration;
			baseConfigurationReference = BDB874F062F3BED792DE7C97 /* Pods-Lotty.release.xcconfig */;
			buildSettings = {
				ASSETCATALOG_COMPILER_APPICON_NAME = AppIcon;
				ASSETCATALOG_COMPILER_GLOBAL_ACCENT_COLOR_NAME = AccentColor;
				CODE_SIGN_STYLE = Automatic;
				CURRENT_PROJECT_VERSION = 1;
				DEVELOPMENT_TEAM = 3LTN66N935;
				EXCLUDED_ARCHS = "";
				"EXCLUDED_ARCHS[sdk=iphonesimulator*]" = arm64;
				GENERATE_INFOPLIST_FILE = YES;
				INFOPLIST_FILE = Lotty/Info.plist;
				INFOPLIST_KEY_CFBundleDisplayName = "로또의민족";
				INFOPLIST_KEY_NSCameraUsageDescription = "로또 QR코드를 조회하려면 카메라 권한이 필요합니다";
				INFOPLIST_KEY_NSLocationAlwaysAndWhenInUseUsageDescription = "로또 판매점을 조회하려면 위치 정보가 필요합니다";
				INFOPLIST_KEY_NSLocationAlwaysUsageDescription = "로또 판매점을 조회하려면 위치 정보가 필요합니다";
				INFOPLIST_KEY_NSLocationUsageDescription = "로또 판매점을 조회하려면 위치 정보가 필요합니다";
				INFOPLIST_KEY_NSLocationWhenInUseUsageDescription = "로또 판매점을 조회하려면 위치 정보가 필요합니다";
				INFOPLIST_KEY_UIApplicationSupportsIndirectInputEvents = YES;
				INFOPLIST_KEY_UILaunchStoryboardName = LaunchScreen;
				INFOPLIST_KEY_UIMainStoryboardFile = Main;
				INFOPLIST_KEY_UISupportedInterfaceOrientations = UIInterfaceOrientationPortrait;
				INFOPLIST_KEY_UISupportedInterfaceOrientations_iPad = "UIInterfaceOrientationPortrait UIInterfaceOrientationPortraitUpsideDown UIInterfaceOrientationLandscapeLeft UIInterfaceOrientationLandscapeRight";
				INFOPLIST_KEY_UISupportedInterfaceOrientations_iPhone = "UIInterfaceOrientationPortrait UIInterfaceOrientationLandscapeLeft UIInterfaceOrientationLandscapeRight";
				IPHONEOS_DEPLOYMENT_TARGET = 13.0;
				LD_RUNPATH_SEARCH_PATHS = (
					"$(inherited)",
					"@executable_path/Frameworks",
				);
				MARKETING_VERSION = 1.0.1;
				PRODUCT_BUNDLE_IDENTIFIER = com.anseolab.lotty;
				PRODUCT_NAME = "$(TARGET_NAME)";
				SWIFT_EMIT_LOC_STRINGS = YES;
				SWIFT_VERSION = 5.0;
				TARGETED_DEVICE_FAMILY = 1;
			};
			name = Release;
		};
/* End XCBuildConfiguration section */

/* Begin XCConfigurationList section */
		13A2A20A27BB489000FE10E1 /* Build configuration list for PBXProject "Lotty" */ = {
			isa = XCConfigurationList;
			buildConfigurations = (
				13A2A22127BB489100FE10E1 /* Debug */,
				13A2A22227BB489100FE10E1 /* Release */,
			);
			defaultConfigurationIsVisible = 0;
			defaultConfigurationName = Release;
		};
		13A2A22327BB489100FE10E1 /* Build configuration list for PBXNativeTarget "Lotty" */ = {
			isa = XCConfigurationList;
			buildConfigurations = (
				13A2A22427BB489100FE10E1 /* Debug */,
				13A2A22527BB489100FE10E1 /* Release */,
			);
			defaultConfigurationIsVisible = 0;
			defaultConfigurationName = Release;
		};
/* End XCConfigurationList section */
	};
	rootObject = 13A2A20727BB489000FE10E1 /* Project object */;
}
