// !$*UTF8*$!
{
	archiveVersion = 1;
	classes = {
	};
	objectVersion = 55;
	objects = {

/* Begin PBXBuildFile section */
		1317BBFA2915BBFC0033D22F /* Assets.xcassets in Resources */ = {isa = PBXBuildFile; fileRef = 1317BBE52915BBFB0033D22F /* Assets.xcassets */; };
		1317BBFC2915BBFC0033D22F /* Pretendard-Regular.otf in Resources */ = {isa = PBXBuildFile; fileRef = 1317BBE82915BBFC0033D22F /* Pretendard-Regular.otf */; };
		1317BBFF2915BBFC0033D22F /* Pretendard-Medium.otf in Resources */ = {isa = PBXBuildFile; fileRef = 1317BBEB2915BBFC0033D22F /* Pretendard-Medium.otf */; };
		1317BC012915BBFC0033D22F /* Pretendard-Light.otf in Resources */ = {isa = PBXBuildFile; fileRef = 1317BBED2915BBFC0033D22F /* Pretendard-Light.otf */; };
		1317BC042915BBFC0033D22F /* Pretendard-Bold.otf in Resources */ = {isa = PBXBuildFile; fileRef = 1317BBF02915BBFC0033D22F /* Pretendard-Bold.otf */; };
		1317BC072915BBFC0033D22F /* Pretendard-SemiBold.otf in Resources */ = {isa = PBXBuildFile; fileRef = 1317BBF32915BBFC0033D22F /* Pretendard-SemiBold.otf */; };
		1317BC112915BD4E0033D22F /* LaunchScreen.storyboard in Resources */ = {isa = PBXBuildFile; fileRef = 1317BC0F2915BCA60033D22F /* LaunchScreen.storyboard */; };
		1363CCD12920AA3600257958 /* BMDOHYEON_ttf.ttf in Resources */ = {isa = PBXBuildFile; fileRef = 1363CCCE2920AA3600257958 /* BMDOHYEON_ttf.ttf */; };
		1363CCD22920AA3600257958 /* BMHANNAPro.ttf in Resources */ = {isa = PBXBuildFile; fileRef = 1363CCCF2920AA3600257958 /* BMHANNAPro.ttf */; };
		1363CCD32920AA3600257958 /* BMYEONSUNG_ttf.ttf in Resources */ = {isa = PBXBuildFile; fileRef = 1363CCD02920AA3600257958 /* BMYEONSUNG_ttf.ttf */; };
		1368150E2918E53200191720 /* Color.xcassets in Resources */ = {isa = PBXBuildFile; fileRef = 1368150D2918E53200191720 /* Color.xcassets */; };
		1374D37E29F30A3F006DB5BA /* StoreRepositoryProtocol.swift in Sources */ = {isa = PBXBuildFile; fileRef = 1374D35E29F30A3F006DB5BA /* StoreRepositoryProtocol.swift */; };
		1374D37F29F30A3F006DB5BA /* LotteryRepositoryProtocol.swift in Sources */ = {isa = PBXBuildFile; fileRef = 1374D35F29F30A3F006DB5BA /* LotteryRepositoryProtocol.swift */; };
		1374D38029F30A3F006DB5BA /* Game.swift in Sources */ = {isa = PBXBuildFile; fileRef = 1374D36129F30A3F006DB5BA /* Game.swift */; };
		1374D38129F30A3F006DB5BA /* Lottery.swift in Sources */ = {isa = PBXBuildFile; fileRef = 1374D36229F30A3F006DB5BA /* Lottery.swift */; };
		1374D38229F30A3F006DB5BA /* Store.swift in Sources */ = {isa = PBXBuildFile; fileRef = 1374D36329F30A3F006DB5BA /* Store.swift */; };
		1374D38329F30A3F006DB5BA /* History.swift in Sources */ = {isa = PBXBuildFile; fileRef = 1374D36429F30A3F006DB5BA /* History.swift */; };
		1374D38429F30A3F006DB5BA /* LotteryUsecase.swift in Sources */ = {isa = PBXBuildFile; fileRef = 1374D36629F30A3F006DB5BA /* LotteryUsecase.swift */; };
		1374D38529F30A3F006DB5BA /* HistoryUsecase.swift in Sources */ = {isa = PBXBuildFile; fileRef = 1374D36729F30A3F006DB5BA /* HistoryUsecase.swift */; };
		1374D38629F30A3F006DB5BA /* StoreUsecase.swift in Sources */ = {isa = PBXBuildFile; fileRef = 1374D36829F30A3F006DB5BA /* StoreUsecase.swift */; };
		1374D38729F30A3F006DB5BA /* GameUsecase.swift in Sources */ = {isa = PBXBuildFile; fileRef = 1374D36929F30A3F006DB5BA /* GameUsecase.swift */; };
		1374D38829F30A3F006DB5BA /* LottyRO.swift in Sources */ = {isa = PBXBuildFile; fileRef = 1374D36C29F30A3F006DB5BA /* LottyRO.swift */; };
		1374D38929F30A3F006DB5BA /* StoreRepository.swift in Sources */ = {isa = PBXBuildFile; fileRef = 1374D36E29F30A3F006DB5BA /* StoreRepository.swift */; };
		1374D38A29F30A3F006DB5BA /* HistoryRepository.swift in Sources */ = {isa = PBXBuildFile; fileRef = 1374D36F29F30A3F006DB5BA /* HistoryRepository.swift */; };
		1374D38B29F30A3F006DB5BA /* LotteryRepository.swift in Sources */ = {isa = PBXBuildFile; fileRef = 1374D37029F30A3F006DB5BA /* LotteryRepository.swift */; };
		1374D38C29F30A3F006DB5BA /* LotteryDTO.swift in Sources */ = {isa = PBXBuildFile; fileRef = 1374D37229F30A3F006DB5BA /* LotteryDTO.swift */; };
		1374D38D29F30A3F006DB5BA /* StoreDTO.swift in Sources */ = {isa = PBXBuildFile; fileRef = 1374D37329F30A3F006DB5BA /* StoreDTO.swift */; };
		1374D38E29F30A3F006DB5BA /* StoreAPI.swift in Sources */ = {isa = PBXBuildFile; fileRef = 1374D37529F30A3F006DB5BA /* StoreAPI.swift */; };
		1374D38F29F30A3F006DB5BA /* LotteryAPI.swift in Sources */ = {isa = PBXBuildFile; fileRef = 1374D37629F30A3F006DB5BA /* LotteryAPI.swift */; };
		1374D39029F30A3F006DB5BA /* TargetType.swift in Sources */ = {isa = PBXBuildFile; fileRef = 1374D37829F30A3F006DB5BA /* TargetType.swift */; };
		1374D39129F30A3F006DB5BA /* LottyAPIEventLogger.swift in Sources */ = {isa = PBXBuildFile; fileRef = 1374D37929F30A3F006DB5BA /* LottyAPIEventLogger.swift */; };
		1374D39229F30A3F006DB5BA /* LottyRequestInterceptor.swift in Sources */ = {isa = PBXBuildFile; fileRef = 1374D37A29F30A3F006DB5BA /* LottyRequestInterceptor.swift */; };
		1374D39329F30A3F006DB5BA /* StoreDataStore.swift in Sources */ = {isa = PBXBuildFile; fileRef = 1374D37C29F30A3F006DB5BA /* StoreDataStore.swift */; };
		1374D39429F30A3F006DB5BA /* LotteryDataStore.swift in Sources */ = {isa = PBXBuildFile; fileRef = 1374D37D29F30A3F006DB5BA /* LotteryDataStore.swift */; };
		1374D3A829F30A49006DB5BA /* UIApplication+Extension.swift in Sources */ = {isa = PBXBuildFile; fileRef = 1374D39929F30A49006DB5BA /* UIApplication+Extension.swift */; };
		1374D3A929F30A49006DB5BA /* Int+Extension.swift in Sources */ = {isa = PBXBuildFile; fileRef = 1374D39A29F30A49006DB5BA /* Int+Extension.swift */; };
		1374D3AA29F30A49006DB5BA /* UILabel+Extension.swift in Sources */ = {isa = PBXBuildFile; fileRef = 1374D39B29F30A49006DB5BA /* UILabel+Extension.swift */; };
		1374D3AB29F30A49006DB5BA /* UIImage+Extension.swift in Sources */ = {isa = PBXBuildFile; fileRef = 1374D39C29F30A49006DB5BA /* UIImage+Extension.swift */; };
		1374D3AC29F30A49006DB5BA /* Codable+Extension.swift in Sources */ = {isa = PBXBuildFile; fileRef = 1374D39D29F30A49006DB5BA /* Codable+Extension.swift */; };
		1374D3AD29F30A49006DB5BA /* Data+Extension.swift in Sources */ = {isa = PBXBuildFile; fileRef = 1374D39E29F30A49006DB5BA /* Data+Extension.swift */; };
		1374D3AE29F30A49006DB5BA /* CALayer+Extension.swift in Sources */ = {isa = PBXBuildFile; fileRef = 1374D39F29F30A49006DB5BA /* CALayer+Extension.swift */; };
		1374D3AF29F30A49006DB5BA /* LottyColors.swift in Sources */ = {isa = PBXBuildFile; fileRef = 1374D3A129F30A49006DB5BA /* LottyColors.swift */; };
		1374D3B029F30A49006DB5BA /* HapticManager.swift in Sources */ = {isa = PBXBuildFile; fileRef = 1374D3A229F30A49006DB5BA /* HapticManager.swift */; };
		1374D3B129F30A49006DB5BA /* AlertManager.swift in Sources */ = {isa = PBXBuildFile; fileRef = 1374D3A329F30A49006DB5BA /* AlertManager.swift */; };
		1374D3B229F30A49006DB5BA /* LottyIcons.swift in Sources */ = {isa = PBXBuildFile; fileRef = 1374D3A429F30A49006DB5BA /* LottyIcons.swift */; };
		1374D3B329F30A49006DB5BA /* LottyFonts.swift in Sources */ = {isa = PBXBuildFile; fileRef = 1374D3A529F30A49006DB5BA /* LottyFonts.swift */; };
		1374D3B429F30A49006DB5BA /* Marker+Util.swift in Sources */ = {isa = PBXBuildFile; fileRef = 1374D3A629F30A49006DB5BA /* Marker+Util.swift */; };
		1374D3E329F30A5C006DB5BA /* QRScanViewModel.swift in Sources */ = {isa = PBXBuildFile; fileRef = 1374D3B729F30A5C006DB5BA /* QRScanViewModel.swift */; };
		1374D3E429F30A5C006DB5BA /* QRReaderView.swift in Sources */ = {isa = PBXBuildFile; fileRef = 1374D3B929F30A5C006DB5BA /* QRReaderView.swift */; };
		1374D3E529F30A5C006DB5BA /* QrScanViewController.swift in Sources */ = {isa = PBXBuildFile; fileRef = 1374D3BB29F30A5C006DB5BA /* QrScanViewController.swift */; };
		1374D3E629F30A5C006DB5BA /* LotteryListViewModel.swift in Sources */ = {isa = PBXBuildFile; fileRef = 1374D3BE29F30A5C006DB5BA /* LotteryListViewModel.swift */; };
		1374D3E729F30A5C006DB5BA /* LotterySearchViewModel.swift in Sources */ = {isa = PBXBuildFile; fileRef = 1374D3BF29F30A5C006DB5BA /* LotterySearchViewModel.swift */; };
		1374D3E829F30A5C006DB5BA /* LotterySearchViewController.swift in Sources */ = {isa = PBXBuildFile; fileRef = 1374D3C129F30A5C006DB5BA /* LotterySearchViewController.swift */; };
		1374D3E929F30A5C006DB5BA /* LotteryListViewController.swift in Sources */ = {isa = PBXBuildFile; fileRef = 1374D3C229F30A5C006DB5BA /* LotteryListViewController.swift */; };
		1374D3EA29F30A5C006DB5BA /* AroundViewModel.swift in Sources */ = {isa = PBXBuildFile; fileRef = 1374D3C529F30A5C006DB5BA /* AroundViewModel.swift */; };
		1374D3EB29F30A5C006DB5BA /* AroundSearchViewModel.swift in Sources */ = {isa = PBXBuildFile; fileRef = 1374D3C629F30A5C006DB5BA /* AroundSearchViewModel.swift */; };
		1374D3EF29F30A5C006DB5BA /* LottyMapView.swift in Sources */ = {isa = PBXBuildFile; fileRef = 1374D3CC29F30A5C006DB5BA /* LottyMapView.swift */; };
		1374D3F029F30A5C006DB5BA /* SearchBarView.swift in Sources */ = {isa = PBXBuildFile; fileRef = 1374D3CD29F30A5C006DB5BA /* SearchBarView.swift */; };
		1374D3F129F30A5C006DB5BA /* AlertView.swift in Sources */ = {isa = PBXBuildFile; fileRef = 1374D3CE29F30A5C006DB5BA /* AlertView.swift */; };
		1374D3F229F30A5C006DB5BA /* BaseMapMarker.swift in Sources */ = {isa = PBXBuildFile; fileRef = 1374D3D029F30A5C006DB5BA /* BaseMapMarker.swift */; };
		1374D3F329F30A5C006DB5BA /* LottyMapMarker.swift in Sources */ = {isa = PBXBuildFile; fileRef = 1374D3D129F30A5C006DB5BA /* LottyMapMarker.swift */; };
		1374D3F429F30A5C006DB5BA /* MarkerFactory.swift in Sources */ = {isa = PBXBuildFile; fileRef = 1374D3D229F30A5C006DB5BA /* MarkerFactory.swift */; };
		1374D3F529F30A5C006DB5BA /* StoreDetailView.swift in Sources */ = {isa = PBXBuildFile; fileRef = 1374D3D329F30A5C006DB5BA /* StoreDetailView.swift */; };
		1374D3F629F30A5C006DB5BA /* AroundViewController.swift in Sources */ = {isa = PBXBuildFile; fileRef = 1374D3D529F30A5C006DB5BA /* AroundViewController.swift */; };
		1374D3F729F30A5C006DB5BA /* AroundSearchViewController.swift in Sources */ = {isa = PBXBuildFile; fileRef = 1374D3D629F30A5C006DB5BA /* AroundSearchViewController.swift */; };
		1374D3F829F30A5C006DB5BA /* RandomViewModel.swift in Sources */ = {isa = PBXBuildFile; fileRef = 1374D3D929F30A5C006DB5BA /* RandomViewModel.swift */; };
		1374D3F929F30A5C006DB5BA /* CountLabel.swift in Sources */ = {isa = PBXBuildFile; fileRef = 1374D3DB29F30A5C006DB5BA /* CountLabel.swift */; };
		1374D3FA29F30A5C006DB5BA /* GameListView.swift in Sources */ = {isa = PBXBuildFile; fileRef = 1374D3DC29F30A5C006DB5BA /* GameListView.swift */; };
		1374D3FB29F30A5C006DB5BA /* GameView.swift in Sources */ = {isa = PBXBuildFile; fileRef = 1374D3DD29F30A5C006DB5BA /* GameView.swift */; };
		1374D3FC29F30A5C006DB5BA /* RightLine.swift in Sources */ = {isa = PBXBuildFile; fileRef = 1374D3DE29F30A5C006DB5BA /* RightLine.swift */; };
		1374D3FD29F30A5C006DB5BA /* BackgroundLabel.swift in Sources */ = {isa = PBXBuildFile; fileRef = 1374D3DF29F30A5C006DB5BA /* BackgroundLabel.swift */; };
		1374D3FE29F30A5C006DB5BA /* DottedLine.swift in Sources */ = {isa = PBXBuildFile; fileRef = 1374D3E029F30A5C006DB5BA /* DottedLine.swift */; };
		1374D3FF29F30A5C006DB5BA /* RandomViewController.swift in Sources */ = {isa = PBXBuildFile; fileRef = 1374D3E229F30A5C006DB5BA /* RandomViewController.swift */; };
		1374D40F29F30A63006DB5BA /* NumberCell.swift in Sources */ = {isa = PBXBuildFile; fileRef = 1374D40329F30A63006DB5BA /* NumberCell.swift */; };
		1374D41029F30A63006DB5BA /* LotteryTableView.swift in Sources */ = {isa = PBXBuildFile; fileRef = 1374D40429F30A63006DB5BA /* LotteryTableView.swift */; };
		1374D41129F30A63006DB5BA /* NumberCloseCell.swift in Sources */ = {isa = PBXBuildFile; fileRef = 1374D40529F30A63006DB5BA /* NumberCloseCell.swift */; };
		1374D41229F30A63006DB5BA /* HistoryTableView.swift in Sources */ = {isa = PBXBuildFile; fileRef = 1374D40729F30A63006DB5BA /* HistoryTableView.swift */; };
		1374D41329F30A63006DB5BA /* HistoryTableViewTopView.swift in Sources */ = {isa = PBXBuildFile; fileRef = 1374D40829F30A63006DB5BA /* HistoryTableViewTopView.swift */; };
		1374D41429F30A63006DB5BA /* HistoryCell.swift in Sources */ = {isa = PBXBuildFile; fileRef = 1374D40929F30A63006DB5BA /* HistoryCell.swift */; };
		1374D41529F30A63006DB5BA /* LotteryLabel.swift in Sources */ = {isa = PBXBuildFile; fileRef = 1374D40B29F30A63006DB5BA /* LotteryLabel.swift */; };
		1374D41629F30A63006DB5BA /* LotteryView.swift in Sources */ = {isa = PBXBuildFile; fileRef = 1374D40D29F30A63006DB5BA /* LotteryView.swift */; };
		1374D41729F30A63006DB5BA /* LotteryDetailView.swift in Sources */ = {isa = PBXBuildFile; fileRef = 1374D40E29F30A63006DB5BA /* LotteryDetailView.swift */; };
		1374D43529F30A6C006DB5BA /* AppDelegate.swift in Sources */ = {isa = PBXBuildFile; fileRef = 1374D42729F30A6C006DB5BA /* AppDelegate.swift */; };
		1374D43629F30A6C006DB5BA /* NavigationController.swift in Sources */ = {isa = PBXBuildFile; fileRef = 1374D42829F30A6C006DB5BA /* NavigationController.swift */; };
		1374D43729F30A6C006DB5BA /* SceneDelegate.swift in Sources */ = {isa = PBXBuildFile; fileRef = 1374D42929F30A6C006DB5BA /* SceneDelegate.swift */; };
		1374D44029F30D90006DB5BA /* SearchAssembly.swift in Sources */ = {isa = PBXBuildFile; fileRef = 1374D43929F30D90006DB5BA /* SearchAssembly.swift */; };
		1374D44129F30D90006DB5BA /* AroundAssembly.swift in Sources */ = {isa = PBXBuildFile; fileRef = 1374D43A29F30D90006DB5BA /* AroundAssembly.swift */; };
		1374D44229F30D90006DB5BA /* DataAssembly.swift in Sources */ = {isa = PBXBuildFile; fileRef = 1374D43B29F30D90006DB5BA /* DataAssembly.swift */; };
		1374D44329F30D90006DB5BA /* QRAssembly.swift in Sources */ = {isa = PBXBuildFile; fileRef = 1374D43C29F30D90006DB5BA /* QRAssembly.swift */; };
		1374D44429F30D90006DB5BA /* DomainAssembly.swift in Sources */ = {isa = PBXBuildFile; fileRef = 1374D43D29F30D90006DB5BA /* DomainAssembly.swift */; };
		1374D44529F30D90006DB5BA /* Injector.swift in Sources */ = {isa = PBXBuildFile; fileRef = 1374D43E29F30D90006DB5BA /* Injector.swift */; };
		1374D44629F30D90006DB5BA /* RandomAssembly.swift in Sources */ = {isa = PBXBuildFile; fileRef = 1374D43F29F30D90006DB5BA /* RandomAssembly.swift */; };
		1374D44B29F30DB1006DB5BA /* AppCoordinator.swift in Sources */ = {isa = PBXBuildFile; fileRef = 1374D44829F30DB1006DB5BA /* AppCoordinator.swift */; };
		1374D44C29F30DB1006DB5BA /* TabBarCoordinator.swift in Sources */ = {isa = PBXBuildFile; fileRef = 1374D44929F30DB1006DB5BA /* TabBarCoordinator.swift */; };
		1374D44D29F30DB1006DB5BA /* Coordinator.swift in Sources */ = {isa = PBXBuildFile; fileRef = 1374D44A29F30DB1006DB5BA /* Coordinator.swift */; };
		1374D45229F30DBB006DB5BA /* AroundSearchCoordinator.swift in Sources */ = {isa = PBXBuildFile; fileRef = 1374D44F29F30DBB006DB5BA /* AroundSearchCoordinator.swift */; };
		1374D45329F30DBB006DB5BA /* AroundCoordinator.swift in Sources */ = {isa = PBXBuildFile; fileRef = 1374D45029F30DBB006DB5BA /* AroundCoordinator.swift */; };
		1374D45429F30DBB006DB5BA /* AroundViewController+Extension.swift in Sources */ = {isa = PBXBuildFile; fileRef = 1374D45129F30DBB006DB5BA /* AroundViewController+Extension.swift */; };
		13A2A21A27BB489000FE10E1 /* Main.storyboard in Resources */ = {isa = PBXBuildFile; fileRef = 13A2A21827BB489000FE10E1 /* Main.storyboard */; };
		A6D32E6CB7D32FDD60D1607D /* Pods_Lotty.framework in Frameworks */ = {isa = PBXBuildFile; fileRef = 0A64C4C25BD8F9610714F0B0 /* Pods_Lotty.framework */; };
/* End PBXBuildFile section */

/* Begin PBXFileReference section */
		0A64C4C25BD8F9610714F0B0 /* Pods_Lotty.framework */ = {isa = PBXFileReference; explicitFileType = wrapper.framework; includeInIndex = 0; path = Pods_Lotty.framework; sourceTree = BUILT_PRODUCTS_DIR; };
		0B9D15BB972C6ED830872F44 /* Pods-Lotty.debug.xcconfig */ = {isa = PBXFileReference; includeInIndex = 1; lastKnownFileType = text.xcconfig; name = "Pods-Lotty.debug.xcconfig"; path = "Target Support Files/Pods-Lotty/Pods-Lotty.debug.xcconfig"; sourceTree = "<group>"; };
		1317BBE52915BBFB0033D22F /* Assets.xcassets */ = {isa = PBXFileReference; lastKnownFileType = folder.assetcatalog; path = Assets.xcassets; sourceTree = "<group>"; };
		1317BBE82915BBFC0033D22F /* Pretendard-Regular.otf */ = {isa = PBXFileReference; lastKnownFileType = file; path = "Pretendard-Regular.otf"; sourceTree = "<group>"; };
		1317BBEB2915BBFC0033D22F /* Pretendard-Medium.otf */ = {isa = PBXFileReference; lastKnownFileType = file; path = "Pretendard-Medium.otf"; sourceTree = "<group>"; };
		1317BBED2915BBFC0033D22F /* Pretendard-Light.otf */ = {isa = PBXFileReference; lastKnownFileType = file; path = "Pretendard-Light.otf"; sourceTree = "<group>"; };
		1317BBF02915BBFC0033D22F /* Pretendard-Bold.otf */ = {isa = PBXFileReference; lastKnownFileType = file; path = "Pretendard-Bold.otf"; sourceTree = "<group>"; };
		1317BBF32915BBFC0033D22F /* Pretendard-SemiBold.otf */ = {isa = PBXFileReference; lastKnownFileType = file; path = "Pretendard-SemiBold.otf"; sourceTree = "<group>"; };
		1317BC0B2915BC8A0033D22F /* Info.plist */ = {isa = PBXFileReference; fileEncoding = 4; lastKnownFileType = text.plist.xml; path = Info.plist; sourceTree = "<group>"; };
		1317BC0F2915BCA60033D22F /* LaunchScreen.storyboard */ = {isa = PBXFileReference; lastKnownFileType = file.storyboard; path = LaunchScreen.storyboard; sourceTree = "<group>"; };
		131B329527EF0EE200F9121D /* Lotty.app */ = {isa = PBXFileReference; explicitFileType = wrapper.application; includeInIndex = 0; path = Lotty.app; sourceTree = BUILT_PRODUCTS_DIR; };
		1363CCCE2920AA3600257958 /* BMDOHYEON_ttf.ttf */ = {isa = PBXFileReference; lastKnownFileType = file; path = BMDOHYEON_ttf.ttf; sourceTree = "<group>"; };
		1363CCCF2920AA3600257958 /* BMHANNAPro.ttf */ = {isa = PBXFileReference; lastKnownFileType = file; path = BMHANNAPro.ttf; sourceTree = "<group>"; };
		1363CCD02920AA3600257958 /* BMYEONSUNG_ttf.ttf */ = {isa = PBXFileReference; lastKnownFileType = file; path = BMYEONSUNG_ttf.ttf; sourceTree = "<group>"; };
		1368150D2918E53200191720 /* Color.xcassets */ = {isa = PBXFileReference; lastKnownFileType = folder.assetcatalog; path = Color.xcassets; sourceTree = "<group>"; };
		1374D35E29F30A3F006DB5BA /* StoreRepositoryProtocol.swift */ = {isa = PBXFileReference; fileEncoding = 4; lastKnownFileType = sourcecode.swift; path = StoreRepositoryProtocol.swift; sourceTree = "<group>"; };
		1374D35F29F30A3F006DB5BA /* LotteryRepositoryProtocol.swift */ = {isa = PBXFileReference; fileEncoding = 4; lastKnownFileType = sourcecode.swift; path = LotteryRepositoryProtocol.swift; sourceTree = "<group>"; };
		1374D36129F30A3F006DB5BA /* Game.swift */ = {isa = PBXFileReference; fileEncoding = 4; lastKnownFileType = sourcecode.swift; path = Game.swift; sourceTree = "<group>"; };
		1374D36229F30A3F006DB5BA /* Lottery.swift */ = {isa = PBXFileReference; fileEncoding = 4; lastKnownFileType = sourcecode.swift; path = Lottery.swift; sourceTree = "<group>"; };
		1374D36329F30A3F006DB5BA /* Store.swift */ = {isa = PBXFileReference; fileEncoding = 4; lastKnownFileType = sourcecode.swift; path = Store.swift; sourceTree = "<group>"; };
		1374D36429F30A3F006DB5BA /* History.swift */ = {isa = PBXFileReference; fileEncoding = 4; lastKnownFileType = sourcecode.swift; path = History.swift; sourceTree = "<group>"; };
		1374D36629F30A3F006DB5BA /* LotteryUsecase.swift */ = {isa = PBXFileReference; fileEncoding = 4; lastKnownFileType = sourcecode.swift; path = LotteryUsecase.swift; sourceTree = "<group>"; };
		1374D36729F30A3F006DB5BA /* HistoryUsecase.swift */ = {isa = PBXFileReference; fileEncoding = 4; lastKnownFileType = sourcecode.swift; path = HistoryUsecase.swift; sourceTree = "<group>"; };
		1374D36829F30A3F006DB5BA /* StoreUsecase.swift */ = {isa = PBXFileReference; fileEncoding = 4; lastKnownFileType = sourcecode.swift; path = StoreUsecase.swift; sourceTree = "<group>"; };
		1374D36929F30A3F006DB5BA /* GameUsecase.swift */ = {isa = PBXFileReference; fileEncoding = 4; lastKnownFileType = sourcecode.swift; path = GameUsecase.swift; sourceTree = "<group>"; };
		1374D36C29F30A3F006DB5BA /* LottyRO.swift */ = {isa = PBXFileReference; fileEncoding = 4; lastKnownFileType = sourcecode.swift; path = LottyRO.swift; sourceTree = "<group>"; };
		1374D36E29F30A3F006DB5BA /* StoreRepository.swift */ = {isa = PBXFileReference; fileEncoding = 4; lastKnownFileType = sourcecode.swift; path = StoreRepository.swift; sourceTree = "<group>"; };
		1374D36F29F30A3F006DB5BA /* HistoryRepository.swift */ = {isa = PBXFileReference; fileEncoding = 4; lastKnownFileType = sourcecode.swift; path = HistoryRepository.swift; sourceTree = "<group>"; };
		1374D37029F30A3F006DB5BA /* LotteryRepository.swift */ = {isa = PBXFileReference; fileEncoding = 4; lastKnownFileType = sourcecode.swift; path = LotteryRepository.swift; sourceTree = "<group>"; };
		1374D37229F30A3F006DB5BA /* LotteryDTO.swift */ = {isa = PBXFileReference; fileEncoding = 4; lastKnownFileType = sourcecode.swift; path = LotteryDTO.swift; sourceTree = "<group>"; };
		1374D37329F30A3F006DB5BA /* StoreDTO.swift */ = {isa = PBXFileReference; fileEncoding = 4; lastKnownFileType = sourcecode.swift; path = StoreDTO.swift; sourceTree = "<group>"; };
		1374D37529F30A3F006DB5BA /* StoreAPI.swift */ = {isa = PBXFileReference; fileEncoding = 4; lastKnownFileType = sourcecode.swift; path = StoreAPI.swift; sourceTree = "<group>"; };
		1374D37629F30A3F006DB5BA /* LotteryAPI.swift */ = {isa = PBXFileReference; fileEncoding = 4; lastKnownFileType = sourcecode.swift; path = LotteryAPI.swift; sourceTree = "<group>"; };
		1374D37829F30A3F006DB5BA /* TargetType.swift */ = {isa = PBXFileReference; fileEncoding = 4; lastKnownFileType = sourcecode.swift; path = TargetType.swift; sourceTree = "<group>"; };
		1374D37929F30A3F006DB5BA /* LottyAPIEventLogger.swift */ = {isa = PBXFileReference; fileEncoding = 4; lastKnownFileType = sourcecode.swift; path = LottyAPIEventLogger.swift; sourceTree = "<group>"; };
		1374D37A29F30A3F006DB5BA /* LottyRequestInterceptor.swift */ = {isa = PBXFileReference; fileEncoding = 4; lastKnownFileType = sourcecode.swift; path = LottyRequestInterceptor.swift; sourceTree = "<group>"; };
		1374D37C29F30A3F006DB5BA /* StoreDataStore.swift */ = {isa = PBXFileReference; fileEncoding = 4; lastKnownFileType = sourcecode.swift; path = StoreDataStore.swift; sourceTree = "<group>"; };
		1374D37D29F30A3F006DB5BA /* LotteryDataStore.swift */ = {isa = PBXFileReference; fileEncoding = 4; lastKnownFileType = sourcecode.swift; path = LotteryDataStore.swift; sourceTree = "<group>"; };
		1374D39929F30A49006DB5BA /* UIApplication+Extension.swift */ = {isa = PBXFileReference; fileEncoding = 4; lastKnownFileType = sourcecode.swift; path = "UIApplication+Extension.swift"; sourceTree = "<group>"; };
		1374D39A29F30A49006DB5BA /* Int+Extension.swift */ = {isa = PBXFileReference; fileEncoding = 4; lastKnownFileType = sourcecode.swift; path = "Int+Extension.swift"; sourceTree = "<group>"; };
		1374D39B29F30A49006DB5BA /* UILabel+Extension.swift */ = {isa = PBXFileReference; fileEncoding = 4; lastKnownFileType = sourcecode.swift; path = "UILabel+Extension.swift"; sourceTree = "<group>"; };
		1374D39C29F30A49006DB5BA /* UIImage+Extension.swift */ = {isa = PBXFileReference; fileEncoding = 4; lastKnownFileType = sourcecode.swift; path = "UIImage+Extension.swift"; sourceTree = "<group>"; };
		1374D39D29F30A49006DB5BA /* Codable+Extension.swift */ = {isa = PBXFileReference; fileEncoding = 4; lastKnownFileType = sourcecode.swift; path = "Codable+Extension.swift"; sourceTree = "<group>"; };
		1374D39E29F30A49006DB5BA /* Data+Extension.swift */ = {isa = PBXFileReference; fileEncoding = 4; lastKnownFileType = sourcecode.swift; path = "Data+Extension.swift"; sourceTree = "<group>"; };
		1374D39F29F30A49006DB5BA /* CALayer+Extension.swift */ = {isa = PBXFileReference; fileEncoding = 4; lastKnownFileType = sourcecode.swift; path = "CALayer+Extension.swift"; sourceTree = "<group>"; };
		1374D3A129F30A49006DB5BA /* LottyColors.swift */ = {isa = PBXFileReference; fileEncoding = 4; lastKnownFileType = sourcecode.swift; path = LottyColors.swift; sourceTree = "<group>"; };
		1374D3A229F30A49006DB5BA /* HapticManager.swift */ = {isa = PBXFileReference; fileEncoding = 4; lastKnownFileType = sourcecode.swift; path = HapticManager.swift; sourceTree = "<group>"; };
		1374D3A329F30A49006DB5BA /* AlertManager.swift */ = {isa = PBXFileReference; fileEncoding = 4; lastKnownFileType = sourcecode.swift; path = AlertManager.swift; sourceTree = "<group>"; };
		1374D3A429F30A49006DB5BA /* LottyIcons.swift */ = {isa = PBXFileReference; fileEncoding = 4; lastKnownFileType = sourcecode.swift; path = LottyIcons.swift; sourceTree = "<group>"; };
		1374D3A529F30A49006DB5BA /* LottyFonts.swift */ = {isa = PBXFileReference; fileEncoding = 4; lastKnownFileType = sourcecode.swift; path = LottyFonts.swift; sourceTree = "<group>"; };
		1374D3A629F30A49006DB5BA /* Marker+Util.swift */ = {isa = PBXFileReference; fileEncoding = 4; lastKnownFileType = sourcecode.swift; path = "Marker+Util.swift"; sourceTree = "<group>"; };
		1374D3B729F30A5C006DB5BA /* QRScanViewModel.swift */ = {isa = PBXFileReference; fileEncoding = 4; lastKnownFileType = sourcecode.swift; path = QRScanViewModel.swift; sourceTree = "<group>"; };
		1374D3B929F30A5C006DB5BA /* QRReaderView.swift */ = {isa = PBXFileReference; fileEncoding = 4; lastKnownFileType = sourcecode.swift; path = QRReaderView.swift; sourceTree = "<group>"; };
		1374D3BB29F30A5C006DB5BA /* QrScanViewController.swift */ = {isa = PBXFileReference; fileEncoding = 4; lastKnownFileType = sourcecode.swift; path = QrScanViewController.swift; sourceTree = "<group>"; };
		1374D3BE29F30A5C006DB5BA /* LotteryListViewModel.swift */ = {isa = PBXFileReference; fileEncoding = 4; lastKnownFileType = sourcecode.swift; path = LotteryListViewModel.swift; sourceTree = "<group>"; };
		1374D3BF29F30A5C006DB5BA /* LotterySearchViewModel.swift */ = {isa = PBXFileReference; fileEncoding = 4; lastKnownFileType = sourcecode.swift; path = LotterySearchViewModel.swift; sourceTree = "<group>"; };
		1374D3C129F30A5C006DB5BA /* LotterySearchViewController.swift */ = {isa = PBXFileReference; fileEncoding = 4; lastKnownFileType = sourcecode.swift; path = LotterySearchViewController.swift; sourceTree = "<group>"; };
		1374D3C229F30A5C006DB5BA /* LotteryListViewController.swift */ = {isa = PBXFileReference; fileEncoding = 4; lastKnownFileType = sourcecode.swift; path = LotteryListViewController.swift; sourceTree = "<group>"; };
		1374D3C529F30A5C006DB5BA /* AroundViewModel.swift */ = {isa = PBXFileReference; fileEncoding = 4; lastKnownFileType = sourcecode.swift; path = AroundViewModel.swift; sourceTree = "<group>"; };
		1374D3C629F30A5C006DB5BA /* AroundSearchViewModel.swift */ = {isa = PBXFileReference; fileEncoding = 4; lastKnownFileType = sourcecode.swift; path = AroundSearchViewModel.swift; sourceTree = "<group>"; };
		1374D3CC29F30A5C006DB5BA /* LottyMapView.swift */ = {isa = PBXFileReference; fileEncoding = 4; lastKnownFileType = sourcecode.swift; path = LottyMapView.swift; sourceTree = "<group>"; };
		1374D3CD29F30A5C006DB5BA /* SearchBarView.swift */ = {isa = PBXFileReference; fileEncoding = 4; lastKnownFileType = sourcecode.swift; path = SearchBarView.swift; sourceTree = "<group>"; };
		1374D3CE29F30A5C006DB5BA /* AlertView.swift */ = {isa = PBXFileReference; fileEncoding = 4; lastKnownFileType = sourcecode.swift; path = AlertView.swift; sourceTree = "<group>"; };
		1374D3D029F30A5C006DB5BA /* BaseMapMarker.swift */ = {isa = PBXFileReference; fileEncoding = 4; lastKnownFileType = sourcecode.swift; path = BaseMapMarker.swift; sourceTree = "<group>"; };
		1374D3D129F30A5C006DB5BA /* LottyMapMarker.swift */ = {isa = PBXFileReference; fileEncoding = 4; lastKnownFileType = sourcecode.swift; path = LottyMapMarker.swift; sourceTree = "<group>"; };
		1374D3D229F30A5C006DB5BA /* MarkerFactory.swift */ = {isa = PBXFileReference; fileEncoding = 4; lastKnownFileType = sourcecode.swift; path = MarkerFactory.swift; sourceTree = "<group>"; };
		1374D3D329F30A5C006DB5BA /* StoreDetailView.swift */ = {isa = PBXFileReference; fileEncoding = 4; lastKnownFileType = sourcecode.swift; path = StoreDetailView.swift; sourceTree = "<group>"; };
		1374D3D529F30A5C006DB5BA /* AroundViewController.swift */ = {isa = PBXFileReference; fileEncoding = 4; lastKnownFileType = sourcecode.swift; path = AroundViewController.swift; sourceTree = "<group>"; };
		1374D3D629F30A5C006DB5BA /* AroundSearchViewController.swift */ = {isa = PBXFileReference; fileEncoding = 4; lastKnownFileType = sourcecode.swift; path = AroundSearchViewController.swift; sourceTree = "<group>"; };
		1374D3D929F30A5C006DB5BA /* RandomViewModel.swift */ = {isa = PBXFileReference; fileEncoding = 4; lastKnownFileType = sourcecode.swift; path = RandomViewModel.swift; sourceTree = "<group>"; };
		1374D3DB29F30A5C006DB5BA /* CountLabel.swift */ = {isa = PBXFileReference; fileEncoding = 4; lastKnownFileType = sourcecode.swift; path = CountLabel.swift; sourceTree = "<group>"; };
		1374D3DC29F30A5C006DB5BA /* GameListView.swift */ = {isa = PBXFileReference; fileEncoding = 4; lastKnownFileType = sourcecode.swift; path = GameListView.swift; sourceTree = "<group>"; };
		1374D3DD29F30A5C006DB5BA /* GameView.swift */ = {isa = PBXFileReference; fileEncoding = 4; lastKnownFileType = sourcecode.swift; path = GameView.swift; sourceTree = "<group>"; };
		1374D3DE29F30A5C006DB5BA /* RightLine.swift */ = {isa = PBXFileReference; fileEncoding = 4; lastKnownFileType = sourcecode.swift; path = RightLine.swift; sourceTree = "<group>"; };
		1374D3DF29F30A5C006DB5BA /* BackgroundLabel.swift */ = {isa = PBXFileReference; fileEncoding = 4; lastKnownFileType = sourcecode.swift; path = BackgroundLabel.swift; sourceTree = "<group>"; };
		1374D3E029F30A5C006DB5BA /* DottedLine.swift */ = {isa = PBXFileReference; fileEncoding = 4; lastKnownFileType = sourcecode.swift; path = DottedLine.swift; sourceTree = "<group>"; };
		1374D3E229F30A5C006DB5BA /* RandomViewController.swift */ = {isa = PBXFileReference; fileEncoding = 4; lastKnownFileType = sourcecode.swift; path = RandomViewController.swift; sourceTree = "<group>"; };
		1374D40329F30A63006DB5BA /* NumberCell.swift */ = {isa = PBXFileReference; fileEncoding = 4; lastKnownFileType = sourcecode.swift; path = NumberCell.swift; sourceTree = "<group>"; };
		1374D40429F30A63006DB5BA /* LotteryTableView.swift */ = {isa = PBXFileReference; fileEncoding = 4; lastKnownFileType = sourcecode.swift; path = LotteryTableView.swift; sourceTree = "<group>"; };
		1374D40529F30A63006DB5BA /* NumberCloseCell.swift */ = {isa = PBXFileReference; fileEncoding = 4; lastKnownFileType = sourcecode.swift; path = NumberCloseCell.swift; sourceTree = "<group>"; };
		1374D40729F30A63006DB5BA /* HistoryTableView.swift */ = {isa = PBXFileReference; fileEncoding = 4; lastKnownFileType = sourcecode.swift; path = HistoryTableView.swift; sourceTree = "<group>"; };
		1374D40829F30A63006DB5BA /* HistoryTableViewTopView.swift */ = {isa = PBXFileReference; fileEncoding = 4; lastKnownFileType = sourcecode.swift; path = HistoryTableViewTopView.swift; sourceTree = "<group>"; };
		1374D40929F30A63006DB5BA /* HistoryCell.swift */ = {isa = PBXFileReference; fileEncoding = 4; lastKnownFileType = sourcecode.swift; path = HistoryCell.swift; sourceTree = "<group>"; };
		1374D40B29F30A63006DB5BA /* LotteryLabel.swift */ = {isa = PBXFileReference; fileEncoding = 4; lastKnownFileType = sourcecode.swift; path = LotteryLabel.swift; sourceTree = "<group>"; };
		1374D40D29F30A63006DB5BA /* LotteryView.swift */ = {isa = PBXFileReference; fileEncoding = 4; lastKnownFileType = sourcecode.swift; path = LotteryView.swift; sourceTree = "<group>"; };
		1374D40E29F30A63006DB5BA /* LotteryDetailView.swift */ = {isa = PBXFileReference; fileEncoding = 4; lastKnownFileType = sourcecode.swift; path = LotteryDetailView.swift; sourceTree = "<group>"; };
		1374D42729F30A6C006DB5BA /* AppDelegate.swift */ = {isa = PBXFileReference; fileEncoding = 4; lastKnownFileType = sourcecode.swift; path = AppDelegate.swift; sourceTree = "<group>"; };
		1374D42829F30A6C006DB5BA /* NavigationController.swift */ = {isa = PBXFileReference; fileEncoding = 4; lastKnownFileType = sourcecode.swift; path = NavigationController.swift; sourceTree = "<group>"; };
		1374D42929F30A6C006DB5BA /* SceneDelegate.swift */ = {isa = PBXFileReference; fileEncoding = 4; lastKnownFileType = sourcecode.swift; path = SceneDelegate.swift; sourceTree = "<group>"; };
		1374D43929F30D90006DB5BA /* SearchAssembly.swift */ = {isa = PBXFileReference; fileEncoding = 4; lastKnownFileType = sourcecode.swift; path = SearchAssembly.swift; sourceTree = "<group>"; };
		1374D43A29F30D90006DB5BA /* AroundAssembly.swift */ = {isa = PBXFileReference; fileEncoding = 4; lastKnownFileType = sourcecode.swift; path = AroundAssembly.swift; sourceTree = "<group>"; };
		1374D43B29F30D90006DB5BA /* DataAssembly.swift */ = {isa = PBXFileReference; fileEncoding = 4; lastKnownFileType = sourcecode.swift; path = DataAssembly.swift; sourceTree = "<group>"; };
		1374D43C29F30D90006DB5BA /* QRAssembly.swift */ = {isa = PBXFileReference; fileEncoding = 4; lastKnownFileType = sourcecode.swift; path = QRAssembly.swift; sourceTree = "<group>"; };
		1374D43D29F30D90006DB5BA /* DomainAssembly.swift */ = {isa = PBXFileReference; fileEncoding = 4; lastKnownFileType = sourcecode.swift; path = DomainAssembly.swift; sourceTree = "<group>"; };
		1374D43E29F30D90006DB5BA /* Injector.swift */ = {isa = PBXFileReference; fileEncoding = 4; lastKnownFileType = sourcecode.swift; path = Injector.swift; sourceTree = "<group>"; };
		1374D43F29F30D90006DB5BA /* RandomAssembly.swift */ = {isa = PBXFileReference; fileEncoding = 4; lastKnownFileType = sourcecode.swift; path = RandomAssembly.swift; sourceTree = "<group>"; };
		1374D44829F30DB1006DB5BA /* AppCoordinator.swift */ = {isa = PBXFileReference; fileEncoding = 4; lastKnownFileType = sourcecode.swift; path = AppCoordinator.swift; sourceTree = "<group>"; };
		1374D44929F30DB1006DB5BA /* TabBarCoordinator.swift */ = {isa = PBXFileReference; fileEncoding = 4; lastKnownFileType = sourcecode.swift; path = TabBarCoordinator.swift; sourceTree = "<group>"; };
		1374D44A29F30DB1006DB5BA /* Coordinator.swift */ = {isa = PBXFileReference; fileEncoding = 4; lastKnownFileType = sourcecode.swift; path = Coordinator.swift; sourceTree = "<group>"; };
		1374D44F29F30DBB006DB5BA /* AroundSearchCoordinator.swift */ = {isa = PBXFileReference; fileEncoding = 4; lastKnownFileType = sourcecode.swift; path = AroundSearchCoordinator.swift; sourceTree = "<group>"; };
		1374D45029F30DBB006DB5BA /* AroundCoordinator.swift */ = {isa = PBXFileReference; fileEncoding = 4; lastKnownFileType = sourcecode.swift; path = AroundCoordinator.swift; sourceTree = "<group>"; };
		1374D45129F30DBB006DB5BA /* AroundViewController+Extension.swift */ = {isa = PBXFileReference; fileEncoding = 4; lastKnownFileType = sourcecode.swift; path = "AroundViewController+Extension.swift"; sourceTree = "<group>"; };
		13A2A21927BB489000FE10E1 /* Base */ = {isa = PBXFileReference; lastKnownFileType = file.storyboard; name = Base; path = Base.lproj/Main.storyboard; sourceTree = "<group>"; };
		BDB874F062F3BED792DE7C97 /* Pods-Lotty.release.xcconfig */ = {isa = PBXFileReference; includeInIndex = 1; lastKnownFileType = text.xcconfig; name = "Pods-Lotty.release.xcconfig"; path = "Target Support Files/Pods-Lotty/Pods-Lotty.release.xcconfig"; sourceTree = "<group>"; };
/* End PBXFileReference section */

/* Begin PBXFrameworksBuildPhase section */
		13A2A20C27BB489000FE10E1 /* Frameworks */ = {
			isa = PBXFrameworksBuildPhase;
			buildActionMask = 2147483647;
			files = (
				A6D32E6CB7D32FDD60D1607D /* Pods_Lotty.framework in Frameworks */,
			);
			runOnlyForDeploymentPostprocessing = 0;
		};
/* End PBXFrameworksBuildPhase section */

/* Begin PBXGroup section */
		1317BBE32915BBE10033D22F /* Resource */ = {
			isa = PBXGroup;
			children = (
				1317BC0B2915BC8A0033D22F /* Info.plist */,
				1317BC0F2915BCA60033D22F /* LaunchScreen.storyboard */,
				1317BBE52915BBFB0033D22F /* Assets.xcassets */,
				1368150D2918E53200191720 /* Color.xcassets */,
				1317BBE72915BBFC0033D22F /* Fonts */,
			);
			path = Resource;
			sourceTree = "<group>";
		};
		1317BBE72915BBFC0033D22F /* Fonts */ = {
			isa = PBXGroup;
			children = (
				1363CCCE2920AA3600257958 /* BMDOHYEON_ttf.ttf */,
				1363CCCF2920AA3600257958 /* BMHANNAPro.ttf */,
				1363CCD02920AA3600257958 /* BMYEONSUNG_ttf.ttf */,
				1317BBF02915BBFC0033D22F /* Pretendard-Bold.otf */,
				1317BBF32915BBFC0033D22F /* Pretendard-SemiBold.otf */,
				1317BBEB2915BBFC0033D22F /* Pretendard-Medium.otf */,
				1317BBE82915BBFC0033D22F /* Pretendard-Regular.otf */,
				1317BBED2915BBFC0033D22F /* Pretendard-Light.otf */,
			);
			path = Fonts;
			sourceTree = "<group>";
		};
		1374D35C29F30A3F006DB5BA /* Domain */ = {
			isa = PBXGroup;
			children = (
				1374D35D29F30A3F006DB5BA /* Protocol */,
				1374D36029F30A3F006DB5BA /* Model */,
				1374D36529F30A3F006DB5BA /* Usecase */,
			);
			path = Domain;
			sourceTree = "<group>";
		};
		1374D35D29F30A3F006DB5BA /* Protocol */ = {
			isa = PBXGroup;
			children = (
				1374D35E29F30A3F006DB5BA /* StoreRepositoryProtocol.swift */,
				1374D35F29F30A3F006DB5BA /* LotteryRepositoryProtocol.swift */,
			);
			path = Protocol;
			sourceTree = "<group>";
		};
		1374D36029F30A3F006DB5BA /* Model */ = {
			isa = PBXGroup;
			children = (
				1374D36129F30A3F006DB5BA /* Game.swift */,
				1374D36229F30A3F006DB5BA /* Lottery.swift */,
				1374D36329F30A3F006DB5BA /* Store.swift */,
				1374D36429F30A3F006DB5BA /* History.swift */,
			);
			path = Model;
			sourceTree = "<group>";
		};
		1374D36529F30A3F006DB5BA /* Usecase */ = {
			isa = PBXGroup;
			children = (
				1374D36629F30A3F006DB5BA /* LotteryUsecase.swift */,
				1374D36729F30A3F006DB5BA /* HistoryUsecase.swift */,
				1374D36829F30A3F006DB5BA /* StoreUsecase.swift */,
				1374D36929F30A3F006DB5BA /* GameUsecase.swift */,
			);
			path = Usecase;
			sourceTree = "<group>";
		};
		1374D36A29F30A3F006DB5BA /* Data */ = {
			isa = PBXGroup;
			children = (
				1374D36B29F30A3F006DB5BA /* Database */,
				1374D36D29F30A3F006DB5BA /* Repository */,
				1374D37129F30A3F006DB5BA /* Entity */,
				1374D37429F30A3F006DB5BA /* Network */,
				1374D37B29F30A3F006DB5BA /* DataStore */,
			);
			path = Data;
			sourceTree = "<group>";
		};
		1374D36B29F30A3F006DB5BA /* Database */ = {
			isa = PBXGroup;
			children = (
				1374D36C29F30A3F006DB5BA /* LottyRO.swift */,
			);
			path = Database;
			sourceTree = "<group>";
		};
		1374D36D29F30A3F006DB5BA /* Repository */ = {
			isa = PBXGroup;
			children = (
				1374D36E29F30A3F006DB5BA /* StoreRepository.swift */,
				1374D36F29F30A3F006DB5BA /* HistoryRepository.swift */,
				1374D37029F30A3F006DB5BA /* LotteryRepository.swift */,
			);
			path = Repository;
			sourceTree = "<group>";
		};
		1374D37129F30A3F006DB5BA /* Entity */ = {
			isa = PBXGroup;
			children = (
				1374D37229F30A3F006DB5BA /* LotteryDTO.swift */,
				1374D37329F30A3F006DB5BA /* StoreDTO.swift */,
			);
			path = Entity;
			sourceTree = "<group>";
		};
		1374D37429F30A3F006DB5BA /* Network */ = {
			isa = PBXGroup;
			children = (
				1374D37529F30A3F006DB5BA /* StoreAPI.swift */,
				1374D37629F30A3F006DB5BA /* LotteryAPI.swift */,
				1374D37729F30A3F006DB5BA /* Base */,
			);
			path = Network;
			sourceTree = "<group>";
		};
		1374D37729F30A3F006DB5BA /* Base */ = {
			isa = PBXGroup;
			children = (
				1374D37829F30A3F006DB5BA /* TargetType.swift */,
				1374D37929F30A3F006DB5BA /* LottyAPIEventLogger.swift */,
				1374D37A29F30A3F006DB5BA /* LottyRequestInterceptor.swift */,
			);
			path = Base;
			sourceTree = "<group>";
		};
		1374D37B29F30A3F006DB5BA /* DataStore */ = {
			isa = PBXGroup;
			children = (
				1374D37C29F30A3F006DB5BA /* StoreDataStore.swift */,
				1374D37D29F30A3F006DB5BA /* LotteryDataStore.swift */,
			);
			path = DataStore;
			sourceTree = "<group>";
		};
		1374D39529F30A49006DB5BA /* Common */ = {
			isa = PBXGroup;
			children = (
				1374D39829F30A49006DB5BA /* Extension */,
				1374D3A029F30A49006DB5BA /* Util */,
			);
			path = Common;
			sourceTree = "<group>";
		};
		1374D39829F30A49006DB5BA /* Extension */ = {
			isa = PBXGroup;
			children = (
				1374D39929F30A49006DB5BA /* UIApplication+Extension.swift */,
				1374D39A29F30A49006DB5BA /* Int+Extension.swift */,
				1374D39B29F30A49006DB5BA /* UILabel+Extension.swift */,
				1374D39C29F30A49006DB5BA /* UIImage+Extension.swift */,
				1374D39D29F30A49006DB5BA /* Codable+Extension.swift */,
				1374D39E29F30A49006DB5BA /* Data+Extension.swift */,
				1374D39F29F30A49006DB5BA /* CALayer+Extension.swift */,
			);
			path = Extension;
			sourceTree = "<group>";
		};
		1374D3A029F30A49006DB5BA /* Util */ = {
			isa = PBXGroup;
			children = (
				1374D3A129F30A49006DB5BA /* LottyColors.swift */,
				1374D3A229F30A49006DB5BA /* HapticManager.swift */,
				1374D3A329F30A49006DB5BA /* AlertManager.swift */,
				1374D3A429F30A49006DB5BA /* LottyIcons.swift */,
				1374D3A529F30A49006DB5BA /* LottyFonts.swift */,
				1374D3A629F30A49006DB5BA /* Marker+Util.swift */,
			);
			path = Util;
			sourceTree = "<group>";
		};
		1374D3B529F30A5C006DB5BA /* QR */ = {
			isa = PBXGroup;
			children = (
				1374D3B829F30A5C006DB5BA /* View */,
				1374D3BA29F30A5C006DB5BA /* ViewController */,
				1374D3B629F30A5C006DB5BA /* ViewModel */,
			);
			path = QR;
			sourceTree = "<group>";
		};
		1374D3B629F30A5C006DB5BA /* ViewModel */ = {
			isa = PBXGroup;
			children = (
				1374D3B729F30A5C006DB5BA /* QRScanViewModel.swift */,
			);
			path = ViewModel;
			sourceTree = "<group>";
		};
		1374D3B829F30A5C006DB5BA /* View */ = {
			isa = PBXGroup;
			children = (
				1374D3B929F30A5C006DB5BA /* QRReaderView.swift */,
			);
			path = View;
			sourceTree = "<group>";
		};
		1374D3BA29F30A5C006DB5BA /* ViewController */ = {
			isa = PBXGroup;
			children = (
				1374D3BB29F30A5C006DB5BA /* QrScanViewController.swift */,
			);
			path = ViewController;
			sourceTree = "<group>";
		};
		1374D3BC29F30A5C006DB5BA /* Search */ = {
			isa = PBXGroup;
			children = (
				1374D3C029F30A5C006DB5BA /* ViewController */,
				1374D3BD29F30A5C006DB5BA /* ViewModel */,
			);
			path = Search;
			sourceTree = "<group>";
		};
		1374D3BD29F30A5C006DB5BA /* ViewModel */ = {
			isa = PBXGroup;
			children = (
				1374D3BE29F30A5C006DB5BA /* LotteryListViewModel.swift */,
				1374D3BF29F30A5C006DB5BA /* LotterySearchViewModel.swift */,
			);
			path = ViewModel;
			sourceTree = "<group>";
		};
		1374D3C029F30A5C006DB5BA /* ViewController */ = {
			isa = PBXGroup;
			children = (
				1374D3C129F30A5C006DB5BA /* LotterySearchViewController.swift */,
				1374D3C229F30A5C006DB5BA /* LotteryListViewController.swift */,
			);
			path = ViewController;
			sourceTree = "<group>";
		};
		1374D3C329F30A5C006DB5BA /* Around */ = {
			isa = PBXGroup;
			children = (
				1374D45129F30DBB006DB5BA /* AroundViewController+Extension.swift */,
				1374D44E29F30DBB006DB5BA /* Coordinator */,
				1374D3CB29F30A5C006DB5BA /* View */,
				1374D3D429F30A5C006DB5BA /* ViewController */,
				1374D3C429F30A5C006DB5BA /* ViewModel */,
			);
			path = Around;
			sourceTree = "<group>";
		};
		1374D3C429F30A5C006DB5BA /* ViewModel */ = {
			isa = PBXGroup;
			children = (
				1374D3C529F30A5C006DB5BA /* AroundViewModel.swift */,
				1374D3C629F30A5C006DB5BA /* AroundSearchViewModel.swift */,
			);
			path = ViewModel;
			sourceTree = "<group>";
		};
		1374D3CB29F30A5C006DB5BA /* View */ = {
			isa = PBXGroup;
			children = (
				1374D3CC29F30A5C006DB5BA /* LottyMapView.swift */,
				1374D3CD29F30A5C006DB5BA /* SearchBarView.swift */,
				1374D3CE29F30A5C006DB5BA /* AlertView.swift */,
				1374D3CF29F30A5C006DB5BA /* Marker */,
				1374D3D329F30A5C006DB5BA /* StoreDetailView.swift */,
			);
			path = View;
			sourceTree = "<group>";
		};
		1374D3CF29F30A5C006DB5BA /* Marker */ = {
			isa = PBXGroup;
			children = (
				1374D3D029F30A5C006DB5BA /* BaseMapMarker.swift */,
				1374D3D129F30A5C006DB5BA /* LottyMapMarker.swift */,
				1374D3D229F30A5C006DB5BA /* MarkerFactory.swift */,
			);
			path = Marker;
			sourceTree = "<group>";
		};
		1374D3D429F30A5C006DB5BA /* ViewController */ = {
			isa = PBXGroup;
			children = (
				1374D3D529F30A5C006DB5BA /* AroundViewController.swift */,
				1374D3D629F30A5C006DB5BA /* AroundSearchViewController.swift */,
			);
			path = ViewController;
			sourceTree = "<group>";
		};
		1374D3D729F30A5C006DB5BA /* Random */ = {
			isa = PBXGroup;
			children = (
				1374D3DA29F30A5C006DB5BA /* View */,
				1374D3E129F30A5C006DB5BA /* ViewController */,
				1374D3D829F30A5C006DB5BA /* ViewModel */,
			);
			path = Random;
			sourceTree = "<group>";
		};
		1374D3D829F30A5C006DB5BA /* ViewModel */ = {
			isa = PBXGroup;
			children = (
				1374D3D929F30A5C006DB5BA /* RandomViewModel.swift */,
			);
			path = ViewModel;
			sourceTree = "<group>";
		};
		1374D3DA29F30A5C006DB5BA /* View */ = {
			isa = PBXGroup;
			children = (
				1374D3DB29F30A5C006DB5BA /* CountLabel.swift */,
				1374D3DC29F30A5C006DB5BA /* GameListView.swift */,
				1374D3DD29F30A5C006DB5BA /* GameView.swift */,
				1374D3DE29F30A5C006DB5BA /* RightLine.swift */,
				1374D3DF29F30A5C006DB5BA /* BackgroundLabel.swift */,
				1374D3E029F30A5C006DB5BA /* DottedLine.swift */,
			);
			path = View;
			sourceTree = "<group>";
		};
		1374D3E129F30A5C006DB5BA /* ViewController */ = {
			isa = PBXGroup;
			children = (
				1374D3E229F30A5C006DB5BA /* RandomViewController.swift */,
			);
			path = ViewController;
			sourceTree = "<group>";
		};
		1374D40029F30A63006DB5BA /* UIComponent */ = {
			isa = PBXGroup;
			children = (
				1374D40129F30A63006DB5BA /* TableView */,
				1374D40A29F30A63006DB5BA /* Label */,
				1374D40C29F30A63006DB5BA /* View */,
			);
			path = UIComponent;
			sourceTree = "<group>";
		};
		1374D40129F30A63006DB5BA /* TableView */ = {
			isa = PBXGroup;
			children = (
				1374D40229F30A63006DB5BA /* LotteryTableView */,
				1374D40629F30A63006DB5BA /* HistoryTableView */,
			);
			path = TableView;
			sourceTree = "<group>";
		};
		1374D40229F30A63006DB5BA /* LotteryTableView */ = {
			isa = PBXGroup;
			children = (
				1374D40329F30A63006DB5BA /* NumberCell.swift */,
				1374D40429F30A63006DB5BA /* LotteryTableView.swift */,
				1374D40529F30A63006DB5BA /* NumberCloseCell.swift */,
			);
			path = LotteryTableView;
			sourceTree = "<group>";
		};
		1374D40629F30A63006DB5BA /* HistoryTableView */ = {
			isa = PBXGroup;
			children = (
				1374D40729F30A63006DB5BA /* HistoryTableView.swift */,
				1374D40829F30A63006DB5BA /* HistoryTableViewTopView.swift */,
				1374D40929F30A63006DB5BA /* HistoryCell.swift */,
			);
			path = HistoryTableView;
			sourceTree = "<group>";
		};
		1374D40A29F30A63006DB5BA /* Label */ = {
			isa = PBXGroup;
			children = (
				1374D40B29F30A63006DB5BA /* LotteryLabel.swift */,
			);
			path = Label;
			sourceTree = "<group>";
		};
		1374D40C29F30A63006DB5BA /* View */ = {
			isa = PBXGroup;
			children = (
				1374D40D29F30A63006DB5BA /* LotteryView.swift */,
				1374D40E29F30A63006DB5BA /* LotteryDetailView.swift */,
			);
			path = View;
			sourceTree = "<group>";
		};
		1374D41829F30A6C006DB5BA /* App */ = {
			isa = PBXGroup;
			children = (
				1374D43829F30D90006DB5BA /* DI */,
				1374D44729F30DB1006DB5BA /* Coordinator */,
				1374D42729F30A6C006DB5BA /* AppDelegate.swift */,
				1374D42929F30A6C006DB5BA /* SceneDelegate.swift */,
				1374D42829F30A6C006DB5BA /* NavigationController.swift */,
			);
			path = App;
			sourceTree = "<group>";
		};
		1374D43829F30D90006DB5BA /* DI */ = {
			isa = PBXGroup;
			children = (
				1374D43929F30D90006DB5BA /* SearchAssembly.swift */,
				1374D43A29F30D90006DB5BA /* AroundAssembly.swift */,
				1374D43B29F30D90006DB5BA /* DataAssembly.swift */,
				1374D43C29F30D90006DB5BA /* QRAssembly.swift */,
				1374D43D29F30D90006DB5BA /* DomainAssembly.swift */,
				1374D43E29F30D90006DB5BA /* Injector.swift */,
				1374D43F29F30D90006DB5BA /* RandomAssembly.swift */,
			);
			path = DI;
			sourceTree = "<group>";
		};
		1374D44729F30DB1006DB5BA /* Coordinator */ = {
			isa = PBXGroup;
			children = (
				1374D44829F30DB1006DB5BA /* AppCoordinator.swift */,
				1374D44929F30DB1006DB5BA /* TabBarCoordinator.swift */,
				1374D44A29F30DB1006DB5BA /* Coordinator.swift */,
			);
			path = Coordinator;
			sourceTree = "<group>";
		};
		1374D44E29F30DBB006DB5BA /* Coordinator */ = {
			isa = PBXGroup;
			children = (
				1374D44F29F30DBB006DB5BA /* AroundSearchCoordinator.swift */,
				1374D45029F30DBB006DB5BA /* AroundCoordinator.swift */,
			);
			path = Coordinator;
			sourceTree = "<group>";
		};
		13A2A20627BB489000FE10E1 = {
			isa = PBXGroup;
			children = (
				13A2A21127BB489000FE10E1 /* Lotty */,
				40ACCF754CC6FCB807C697D7 /* Pods */,
				131B329527EF0EE200F9121D /* Lotty.app */,
				3EDD3A305017908757C67039 /* Frameworks */,
			);
			sourceTree = "<group>";
		};
		13A2A21127BB489000FE10E1 /* Lotty */ = {
			isa = PBXGroup;
			children = (
				1374D41829F30A6C006DB5BA /* App */,
				1374D3C329F30A5C006DB5BA /* Around */,
				1374D3B529F30A5C006DB5BA /* QR */,
				1374D3D729F30A5C006DB5BA /* Random */,
				1374D3BC29F30A5C006DB5BA /* Search */,
				1374D36A29F30A3F006DB5BA /* Data */,
				1374D35C29F30A3F006DB5BA /* Domain */,
				1374D39529F30A49006DB5BA /* Common */,
				1374D40029F30A63006DB5BA /* UIComponent */,
				13A2A21827BB489000FE10E1 /* Main.storyboard */,
				1317BBE32915BBE10033D22F /* Resource */,
			);
			path = Lotty;
			sourceTree = "<group>";
		};
		3EDD3A305017908757C67039 /* Frameworks */ = {
			isa = PBXGroup;
			children = (
				0A64C4C25BD8F9610714F0B0 /* Pods_Lotty.framework */,
			);
			name = Frameworks;
			sourceTree = "<group>";
		};
		40ACCF754CC6FCB807C697D7 /* Pods */ = {
			isa = PBXGroup;
			children = (
				0B9D15BB972C6ED830872F44 /* Pods-Lotty.debug.xcconfig */,
				BDB874F062F3BED792DE7C97 /* Pods-Lotty.release.xcconfig */,
			);
			path = Pods;
			sourceTree = "<group>";
		};
/* End PBXGroup section */

/* Begin PBXNativeTarget section */
		13A2A20E27BB489000FE10E1 /* Lotty */ = {
			isa = PBXNativeTarget;
			buildConfigurationList = 13A2A22327BB489100FE10E1 /* Build configuration list for PBXNativeTarget "Lotty" */;
			buildPhases = (
				CD137E026E471D32589780F5 /* [CP] Check Pods Manifest.lock */,
				13A2A20B27BB489000FE10E1 /* Sources */,
				13A2A20C27BB489000FE10E1 /* Frameworks */,
				13A2A20D27BB489000FE10E1 /* Resources */,
				FEE3DF76CD97BB9DCD4A59DC /* [CP] Embed Pods Frameworks */,
			);
			buildRules = (
			);
			dependencies = (
			);
			name = Lotty;
			productName = Lotty;
			productReference = 131B329527EF0EE200F9121D /* Lotty.app */;
			productType = "com.apple.product-type.application";
		};
/* End PBXNativeTarget section */

/* Begin PBXProject section */
		13A2A20727BB489000FE10E1 /* Project object */ = {
			isa = PBXProject;
			attributes = {
				BuildIndependentTargetsInParallel = 1;
				LastSwiftUpdateCheck = 1320;
				LastUpgradeCheck = 1320;
				TargetAttributes = {
					13A2A20E27BB489000FE10E1 = {
						CreatedOnToolsVersion = 13.2.1;
					};
				};
			};
			buildConfigurationList = 13A2A20A27BB489000FE10E1 /* Build configuration list for PBXProject "Lotty" */;
			compatibilityVersion = "Xcode 13.0";
			developmentRegion = en;
			hasScannedForEncodings = 0;
			knownRegions = (
				en,
				Base,
			);
			mainGroup = 13A2A20627BB489000FE10E1;
			productRefGroup = 13A2A20627BB489000FE10E1;
			projectDirPath = "";
			projectRoot = "";
			targets = (
				13A2A20E27BB489000FE10E1 /* Lotty */,
			);
		};
/* End PBXProject section */

/* Begin PBXResourcesBuildPhase section */
		13A2A20D27BB489000FE10E1 /* Resources */ = {
			isa = PBXResourcesBuildPhase;
			buildActionMask = 2147483647;
			files = (
				1317BC042915BBFC0033D22F /* Pretendard-Bold.otf in Resources */,
				1317BBFA2915BBFC0033D22F /* Assets.xcassets in Resources */,
				1317BC112915BD4E0033D22F /* LaunchScreen.storyboard in Resources */,
				1317BC012915BBFC0033D22F /* Pretendard-Light.otf in Resources */,
				1368150E2918E53200191720 /* Color.xcassets in Resources */,
				1363CCD22920AA3600257958 /* BMHANNAPro.ttf in Resources */,
				1363CCD32920AA3600257958 /* BMYEONSUNG_ttf.ttf in Resources */,
				1317BBFC2915BBFC0033D22F /* Pretendard-Regular.otf in Resources */,
				1317BC072915BBFC0033D22F /* Pretendard-SemiBold.otf in Resources */,
				1363CCD12920AA3600257958 /* BMDOHYEON_ttf.ttf in Resources */,
				13A2A21A27BB489000FE10E1 /* Main.storyboard in Resources */,
				1317BBFF2915BBFC0033D22F /* Pretendard-Medium.otf in Resources */,
			);
			runOnlyForDeploymentPostprocessing = 0;
		};
/* End PBXResourcesBuildPhase section */

/* Begin PBXShellScriptBuildPhase section */
		CD137E026E471D32589780F5 /* [CP] Check Pods Manifest.lock */ = {
			isa = PBXShellScriptBuildPhase;
			buildActionMask = 2147483647;
			files = (
			);
			inputFileListPaths = (
			);
			inputPaths = (
				"${PODS_PODFILE_DIR_PATH}/Podfile.lock",
				"${PODS_ROOT}/Manifest.lock",
			);
			name = "[CP] Check Pods Manifest.lock";
			outputFileListPaths = (
			);
			outputPaths = (
				"$(DERIVED_FILE_DIR)/Pods-Lotty-checkManifestLockResult.txt",
			);
			runOnlyForDeploymentPostprocessing = 0;
			shellPath = /bin/sh;
			shellScript = "diff \"${PODS_PODFILE_DIR_PATH}/Podfile.lock\" \"${PODS_ROOT}/Manifest.lock\" > /dev/null\nif [ $? != 0 ] ; then\n    # print error to STDERR\n    echo \"error: The sandbox is not in sync with the Podfile.lock. Run 'pod install' or update your CocoaPods installation.\" >&2\n    exit 1\nfi\n# This output is used by Xcode 'outputs' to avoid re-running this script phase.\necho \"SUCCESS\" > \"${SCRIPT_OUTPUT_FILE_0}\"\n";
			showEnvVarsInLog = 0;
		};
		FEE3DF76CD97BB9DCD4A59DC /* [CP] Embed Pods Frameworks */ = {
			isa = PBXShellScriptBuildPhase;
			buildActionMask = 2147483647;
			files = (
			);
			inputFileListPaths = (
				"${PODS_ROOT}/Target Support Files/Pods-Lotty/Pods-Lotty-frameworks-${CONFIGURATION}-input-files.xcfilelist",
			);
			name = "[CP] Embed Pods Frameworks";
			outputFileListPaths = (
				"${PODS_ROOT}/Target Support Files/Pods-Lotty/Pods-Lotty-frameworks-${CONFIGURATION}-output-files.xcfilelist",
			);
			runOnlyForDeploymentPostprocessing = 0;
			shellPath = /bin/sh;
			shellScript = "\"${PODS_ROOT}/Target Support Files/Pods-Lotty/Pods-Lotty-frameworks.sh\"\n";
			showEnvVarsInLog = 0;
		};
/* End PBXShellScriptBuildPhase section */

/* Begin PBXSourcesBuildPhase section */
		13A2A20B27BB489000FE10E1 /* Sources */ = {
			isa = PBXSourcesBuildPhase;
			buildActionMask = 2147483647;
			files = (
				1374D38C29F30A3F006DB5BA /* LotteryDTO.swift in Sources */,
				1374D45329F30DBB006DB5BA /* AroundCoordinator.swift in Sources */,
				1374D3AD29F30A49006DB5BA /* Data+Extension.swift in Sources */,
				1374D37E29F30A3F006DB5BA /* StoreRepositoryProtocol.swift in Sources */,
				1374D44429F30D90006DB5BA /* DomainAssembly.swift in Sources */,
				1374D41629F30A63006DB5BA /* LotteryView.swift in Sources */,
				1374D39029F30A3F006DB5BA /* TargetType.swift in Sources */,
				1374D37F29F30A3F006DB5BA /* LotteryRepositoryProtocol.swift in Sources */,
				1374D3B029F30A49006DB5BA /* HapticManager.swift in Sources */,
				1374D44C29F30DB1006DB5BA /* TabBarCoordinator.swift in Sources */,
				1374D3B229F30A49006DB5BA /* LottyIcons.swift in Sources */,
				1374D3EF29F30A5C006DB5BA /* LottyMapView.swift in Sources */,
				1374D39129F30A3F006DB5BA /* LottyAPIEventLogger.swift in Sources */,
				1374D3FA29F30A5C006DB5BA /* GameListView.swift in Sources */,
				1374D3E929F30A5C006DB5BA /* LotteryListViewController.swift in Sources */,
				1374D38029F30A3F006DB5BA /* Game.swift in Sources */,
				1374D44629F30D90006DB5BA /* RandomAssembly.swift in Sources */,
				1374D3F329F30A5C006DB5BA /* LottyMapMarker.swift in Sources */,
				1374D44329F30D90006DB5BA /* QRAssembly.swift in Sources */,
				1374D3E429F30A5C006DB5BA /* QRReaderView.swift in Sources */,
				1374D41729F30A63006DB5BA /* LotteryDetailView.swift in Sources */,
				1374D44D29F30DB1006DB5BA /* Coordinator.swift in Sources */,
				1374D44029F30D90006DB5BA /* SearchAssembly.swift in Sources */,
				1374D3FB29F30A5C006DB5BA /* GameView.swift in Sources */,
				1374D44229F30D90006DB5BA /* DataAssembly.swift in Sources */,
				1374D3EB29F30A5C006DB5BA /* AroundSearchViewModel.swift in Sources */,
				1374D3F629F30A5C006DB5BA /* AroundViewController.swift in Sources */,
				1374D3E629F30A5C006DB5BA /* LotteryListViewModel.swift in Sources */,
				1374D3B329F30A49006DB5BA /* LottyFonts.swift in Sources */,
				1374D39229F30A3F006DB5BA /* LottyRequestInterceptor.swift in Sources */,
				1374D3F929F30A5C006DB5BA /* CountLabel.swift in Sources */,
				1374D41029F30A63006DB5BA /* LotteryTableView.swift in Sources */,
				1374D41229F30A63006DB5BA /* HistoryTableView.swift in Sources */,
				1374D38229F30A3F006DB5BA /* Store.swift in Sources */,
				1374D38329F30A3F006DB5BA /* History.swift in Sources */,
				1374D3F829F30A5C006DB5BA /* RandomViewModel.swift in Sources */,
				1374D3AC29F30A49006DB5BA /* Codable+Extension.swift in Sources */,
				1374D39429F30A3F006DB5BA /* LotteryDataStore.swift in Sources */,
				1374D41429F30A63006DB5BA /* HistoryCell.swift in Sources */,
				1374D38129F30A3F006DB5BA /* Lottery.swift in Sources */,
				1374D38629F30A3F006DB5BA /* StoreUsecase.swift in Sources */,
				1374D38729F30A3F006DB5BA /* GameUsecase.swift in Sources */,
				1374D38A29F30A3F006DB5BA /* HistoryRepository.swift in Sources */,
				1374D38B29F30A3F006DB5BA /* LotteryRepository.swift in Sources */,
				1374D3A929F30A49006DB5BA /* Int+Extension.swift in Sources */,
				1374D3AF29F30A49006DB5BA /* LottyColors.swift in Sources */,
				1374D38429F30A3F006DB5BA /* LotteryUsecase.swift in Sources */,
				1374D3F729F30A5C006DB5BA /* AroundSearchViewController.swift in Sources */,
				1374D39329F30A3F006DB5BA /* StoreDataStore.swift in Sources */,
				1374D43629F30A6C006DB5BA /* NavigationController.swift in Sources */,
				1374D43529F30A6C006DB5BA /* AppDelegate.swift in Sources */,
				1374D41529F30A63006DB5BA /* LotteryLabel.swift in Sources */,
				1374D38829F30A3F006DB5BA /* LottyRO.swift in Sources */,
				1374D3FD29F30A5C006DB5BA /* BackgroundLabel.swift in Sources */,
				1374D3E329F30A5C006DB5BA /* QRScanViewModel.swift in Sources */,
				1374D3AE29F30A49006DB5BA /* CALayer+Extension.swift in Sources */,
				1374D3FF29F30A5C006DB5BA /* RandomViewController.swift in Sources */,
				1374D3F129F30A5C006DB5BA /* AlertView.swift in Sources */,
				1374D45429F30DBB006DB5BA /* AroundViewController+Extension.swift in Sources */,
				1374D3FC29F30A5C006DB5BA /* RightLine.swift in Sources */,
				1374D44B29F30DB1006DB5BA /* AppCoordinator.swift in Sources */,
				1374D44529F30D90006DB5BA /* Injector.swift in Sources */,
				1374D45229F30DBB006DB5BA /* AroundSearchCoordinator.swift in Sources */,
				1374D3F429F30A5C006DB5BA /* MarkerFactory.swift in Sources */,
				1374D3B129F30A49006DB5BA /* AlertManager.swift in Sources */,
				1374D38929F30A3F006DB5BA /* StoreRepository.swift in Sources */,
				1374D40F29F30A63006DB5BA /* NumberCell.swift in Sources */,
				1374D44129F30D90006DB5BA /* AroundAssembly.swift in Sources */,
				1374D3F529F30A5C006DB5BA /* StoreDetailView.swift in Sources */,
				1374D3F029F30A5C006DB5BA /* SearchBarView.swift in Sources */,
				1374D3B429F30A49006DB5BA /* Marker+Util.swift in Sources */,
				1374D38D29F30A3F006DB5BA /* StoreDTO.swift in Sources */,
				1374D3E829F30A5C006DB5BA /* LotterySearchViewController.swift in Sources */,
				1374D43729F30A6C006DB5BA /* SceneDelegate.swift in Sources */,
				1374D41329F30A63006DB5BA /* HistoryTableViewTopView.swift in Sources */,
				1374D3E529F30A5C006DB5BA /* QrScanViewController.swift in Sources */,
				1374D38F29F30A3F006DB5BA /* LotteryAPI.swift in Sources */,
				1374D38529F30A3F006DB5BA /* HistoryUsecase.swift in Sources */,
				1374D41129F30A63006DB5BA /* NumberCloseCell.swift in Sources */,
				1374D3FE29F30A5C006DB5BA /* DottedLine.swift in Sources */,
				1374D3AB29F30A49006DB5BA /* UIImage+Extension.swift in Sources */,
				1374D3F229F30A5C006DB5BA /* BaseMapMarker.swift in Sources */,
				1374D3AA29F30A49006DB5BA /* UILabel+Extension.swift in Sources */,
				1374D3A829F30A49006DB5BA /* UIApplication+Extension.swift in Sources */,
				1374D3EA29F30A5C006DB5BA /* AroundViewModel.swift in Sources */,
				1374D3E729F30A5C006DB5BA /* LotterySearchViewModel.swift in Sources */,
				1374D38E29F30A3F006DB5BA /* StoreAPI.swift in Sources */,
			);
			runOnlyForDeploymentPostprocessing = 0;
		};
/* End PBXSourcesBuildPhase section */

/* Begin PBXVariantGroup section */
		13A2A21827BB489000FE10E1 /* Main.storyboard */ = {
			isa = PBXVariantGroup;
			children = (
				13A2A21927BB489000FE10E1 /* Base */,
			);
			name = Main.storyboard;
			sourceTree = "<group>";
		};
/* End PBXVariantGroup section */

/* Begin XCBuildConfiguration section */
		13A2A22127BB489100FE10E1 /* Debug */ = {
			isa = XCBuildConfiguration;
			buildSettings = {
				ALWAYS_SEARCH_USER_PATHS = NO;
				CLANG_ANALYZER_NONNULL = YES;
				CLANG_ANALYZER_NUMBER_OBJECT_CONVERSION = YES_AGGRESSIVE;
				CLANG_CXX_LANGUAGE_STANDARD = "gnu++17";
				CLANG_CXX_LIBRARY = "libc++";
				CLANG_ENABLE_MODULES = YES;
				CLANG_ENABLE_OBJC_ARC = YES;
				CLANG_ENABLE_OBJC_WEAK = YES;
				CLANG_WARN_BLOCK_CAPTURE_AUTORELEASING = YES;
				CLANG_WARN_BOOL_CONVERSION = YES;
				CLANG_WARN_COMMA = YES;
				CLANG_WARN_CONSTANT_CONVERSION = YES;
				CLANG_WARN_DEPRECATED_OBJC_IMPLEMENTATIONS = YES;
				CLANG_WARN_DIRECT_OBJC_ISA_USAGE = YES_ERROR;
				CLANG_WARN_DOCUMENTATION_COMMENTS = YES;
				CLANG_WARN_EMPTY_BODY = YES;
				CLANG_WARN_ENUM_CONVERSION = YES;
				CLANG_WARN_INFINITE_RECURSION = YES;
				CLANG_WARN_INT_CONVERSION = YES;
				CLANG_WARN_NON_LITERAL_NULL_CONVERSION = YES;
				CLANG_WARN_OBJC_IMPLICIT_RETAIN_SELF = YES;
				CLANG_WARN_OBJC_LITERAL_CONVERSION = YES;
				CLANG_WARN_OBJC_ROOT_CLASS = YES_ERROR;
				CLANG_WARN_QUOTED_INCLUDE_IN_FRAMEWORK_HEADER = YES;
				CLANG_WARN_RANGE_LOOP_ANALYSIS = YES;
				CLANG_WARN_STRICT_PROTOTYPES = YES;
				CLANG_WARN_SUSPICIOUS_MOVE = YES;
				CLANG_WARN_UNGUARDED_AVAILABILITY = YES_AGGRESSIVE;
				CLANG_WARN_UNREACHABLE_CODE = YES;
				CLANG_WARN__DUPLICATE_METHOD_MATCH = YES;
				COPY_PHASE_STRIP = NO;
				DEBUG_INFORMATION_FORMAT = dwarf;
				ENABLE_STRICT_OBJC_MSGSEND = YES;
				ENABLE_TESTABILITY = YES;
				EXCLUDED_ARCHS = "";
				"EXCLUDED_ARCHS[sdk=iphonesimulator*]" = arm64;
				GCC_C_LANGUAGE_STANDARD = gnu11;
				GCC_DYNAMIC_NO_PIC = NO;
				GCC_NO_COMMON_BLOCKS = YES;
				GCC_OPTIMIZATION_LEVEL = 0;
				GCC_PREPROCESSOR_DEFINITIONS = (
					"DEBUG=1",
					"$(inherited)",
				);
				GCC_WARN_64_TO_32_BIT_CONVERSION = YES;
				GCC_WARN_ABOUT_RETURN_TYPE = YES_ERROR;
				GCC_WARN_UNDECLARED_SELECTOR = YES;
				GCC_WARN_UNINITIALIZED_AUTOS = YES_AGGRESSIVE;
				GCC_WARN_UNUSED_FUNCTION = YES;
				GCC_WARN_UNUSED_VARIABLE = YES;
				IPHONEOS_DEPLOYMENT_TARGET = 12.0;
				MTL_ENABLE_DEBUG_INFO = INCLUDE_SOURCE;
				MTL_FAST_MATH = YES;
				ONLY_ACTIVE_ARCH = YES;
				SDKROOT = iphoneos;
				SWIFT_ACTIVE_COMPILATION_CONDITIONS = DEBUG;
				SWIFT_OPTIMIZATION_LEVEL = "-Onone";
			};
			name = Debug;
		};
		13A2A22227BB489100FE10E1 /* Release */ = {
			isa = XCBuildConfiguration;
			buildSettings = {
				ALWAYS_SEARCH_USER_PATHS = NO;
				CLANG_ANALYZER_NONNULL = YES;
				CLANG_ANALYZER_NUMBER_OBJECT_CONVERSION = YES_AGGRESSIVE;
				CLANG_CXX_LANGUAGE_STANDARD = "gnu++17";
				CLANG_CXX_LIBRARY = "libc++";
				CLANG_ENABLE_MODULES = YES;
				CLANG_ENABLE_OBJC_ARC = YES;
				CLANG_ENABLE_OBJC_WEAK = YES;
				CLANG_WARN_BLOCK_CAPTURE_AUTORELEASING = YES;
				CLANG_WARN_BOOL_CONVERSION = YES;
				CLANG_WARN_COMMA = YES;
				CLANG_WARN_CONSTANT_CONVERSION = YES;
				CLANG_WARN_DEPRECATED_OBJC_IMPLEMENTATIONS = YES;
				CLANG_WARN_DIRECT_OBJC_ISA_USAGE = YES_ERROR;
				CLANG_WARN_DOCUMENTATION_COMMENTS = YES;
				CLANG_WARN_EMPTY_BODY = YES;
				CLANG_WARN_ENUM_CONVERSION = YES;
				CLANG_WARN_INFINITE_RECURSION = YES;
				CLANG_WARN_INT_CONVERSION = YES;
				CLANG_WARN_NON_LITERAL_NULL_CONVERSION = YES;
				CLANG_WARN_OBJC_IMPLICIT_RETAIN_SELF = YES;
				CLANG_WARN_OBJC_LITERAL_CONVERSION = YES;
				CLANG_WARN_OBJC_ROOT_CLASS = YES_ERROR;
				CLANG_WARN_QUOTED_INCLUDE_IN_FRAMEWORK_HEADER = YES;
				CLANG_WARN_RANGE_LOOP_ANALYSIS = YES;
				CLANG_WARN_STRICT_PROTOTYPES = YES;
				CLANG_WARN_SUSPICIOUS_MOVE = YES;
				CLANG_WARN_UNGUARDED_AVAILABILITY = YES_AGGRESSIVE;
				CLANG_WARN_UNREACHABLE_CODE = YES;
				CLANG_WARN__DUPLICATE_METHOD_MATCH = YES;
				COPY_PHASE_STRIP = NO;
				DEBUG_INFORMATION_FORMAT = "dwarf-with-dsym";
				ENABLE_NS_ASSERTIONS = NO;
				ENABLE_STRICT_OBJC_MSGSEND = YES;
				EXCLUDED_ARCHS = "";
				"EXCLUDED_ARCHS[sdk=iphonesimulator*]" = arm64;
				GCC_C_LANGUAGE_STANDARD = gnu11;
				GCC_NO_COMMON_BLOCKS = YES;
				GCC_WARN_64_TO_32_BIT_CONVERSION = YES;
				GCC_WARN_ABOUT_RETURN_TYPE = YES_ERROR;
				GCC_WARN_UNDECLARED_SELECTOR = YES;
				GCC_WARN_UNINITIALIZED_AUTOS = YES_AGGRESSIVE;
				GCC_WARN_UNUSED_FUNCTION = YES;
				GCC_WARN_UNUSED_VARIABLE = YES;
				IPHONEOS_DEPLOYMENT_TARGET = 12.0;
				MTL_ENABLE_DEBUG_INFO = NO;
				MTL_FAST_MATH = YES;
				ONLY_ACTIVE_ARCH = NO;
				SDKROOT = iphoneos;
				SWIFT_COMPILATION_MODE = wholemodule;
				SWIFT_OPTIMIZATION_LEVEL = "-O";
				VALIDATE_PRODUCT = YES;
			};
			name = Release;
		};
		13A2A22427BB489100FE10E1 /* Debug */ = {
			isa = XCBuildConfiguration;
			baseConfigurationReference = 0B9D15BB972C6ED830872F44 /* Pods-Lotty.debug.xcconfig */;
			buildSettings = {
				ASSETCATALOG_COMPILER_APPICON_NAME = AppIcon;
				ASSETCATALOG_COMPILER_GLOBAL_ACCENT_COLOR_NAME = AccentColor;
				CODE_SIGN_STYLE = Automatic;
				CURRENT_PROJECT_VERSION = 1;
				DEVELOPMENT_TEAM = 3LTN66N935;
				EXCLUDED_ARCHS = "";
				GENERATE_INFOPLIST_FILE = YES;
				INFOPLIST_FILE = Lotty/resource/Info.plist;
				INFOPLIST_KEY_CFBundleDisplayName = "로또의민족";
				INFOPLIST_KEY_NSCameraUsageDescription = "로또 QR코드를 조회하려면 카메라 권한이 필요합니다";
				INFOPLIST_KEY_NSLocationAlwaysAndWhenInUseUsageDescription = "로또 판매점을 조회하려면 위치 정보가 필요합니다";
				INFOPLIST_KEY_NSLocationAlwaysUsageDescription = "로또 판매점을 조회하려면 위치 정보가 필요합니다";
				INFOPLIST_KEY_NSLocationUsageDescription = "로또 판매점을 조회하려면 위치 정보가 필요합니다";
				INFOPLIST_KEY_NSLocationWhenInUseUsageDescription = "로또 판매점을 조회하려면 위치 정보가 필요합니다";
				INFOPLIST_KEY_UIApplicationSupportsIndirectInputEvents = YES;
				INFOPLIST_KEY_UILaunchStoryboardName = LaunchScreen;
				INFOPLIST_KEY_UISupportedInterfaceOrientations = UIInterfaceOrientationPortrait;
				INFOPLIST_KEY_UISupportedInterfaceOrientations_iPad = "UIInterfaceOrientationPortrait UIInterfaceOrientationPortraitUpsideDown UIInterfaceOrientationLandscapeLeft UIInterfaceOrientationLandscapeRight";
				INFOPLIST_KEY_UISupportedInterfaceOrientations_iPhone = "UIInterfaceOrientationPortrait UIInterfaceOrientationLandscapeLeft UIInterfaceOrientationLandscapeRight";
				IPHONEOS_DEPLOYMENT_TARGET = 13.0;
				LD_RUNPATH_SEARCH_PATHS = (
					"$(inherited)",
					"@executable_path/Frameworks",
				);
				MARKETING_VERSION = 1.0.1;
				PRODUCT_BUNDLE_IDENTIFIER = com.anseolab.lotty;
				PRODUCT_NAME = "$(TARGET_NAME)";
				SWIFT_EMIT_LOC_STRINGS = YES;
				SWIFT_VERSION = 5.0;
				TARGETED_DEVICE_FAMILY = 1;
			};
			name = Debug;
		};
		13A2A22527BB489100FE10E1 /* Release */ = {
			isa = XCBuildConfiguration;
			baseConfigurationReference = BDB874F062F3BED792DE7C97 /* Pods-Lotty.release.xcconfig */;
			buildSettings = {
				ASSETCATALOG_COMPILER_APPICON_NAME = AppIcon;
				ASSETCATALOG_COMPILER_GLOBAL_ACCENT_COLOR_NAME = AccentColor;
				CODE_SIGN_STYLE = Automatic;
				CURRENT_PROJECT_VERSION = 1;
				DEVELOPMENT_TEAM = 3LTN66N935;
				EXCLUDED_ARCHS = "";
				"EXCLUDED_ARCHS[sdk=iphonesimulator*]" = arm64;
				GENERATE_INFOPLIST_FILE = YES;
				INFOPLIST_FILE = Lotty/resource/Info.plist;
				INFOPLIST_KEY_CFBundleDisplayName = "로또의민족";
				INFOPLIST_KEY_NSCameraUsageDescription = "로또 QR코드를 조회하려면 카메라 권한이 필요합니다";
				INFOPLIST_KEY_NSLocationAlwaysAndWhenInUseUsageDescription = "로또 판매점을 조회하려면 위치 정보가 필요합니다";
				INFOPLIST_KEY_NSLocationAlwaysUsageDescription = "로또 판매점을 조회하려면 위치 정보가 필요합니다";
				INFOPLIST_KEY_NSLocationUsageDescription = "로또 판매점을 조회하려면 위치 정보가 필요합니다";
				INFOPLIST_KEY_NSLocationWhenInUseUsageDescription = "로또 판매점을 조회하려면 위치 정보가 필요합니다";
				INFOPLIST_KEY_UIApplicationSupportsIndirectInputEvents = YES;
				INFOPLIST_KEY_UILaunchStoryboardName = LaunchScreen;
				INFOPLIST_KEY_UISupportedInterfaceOrientations = UIInterfaceOrientationPortrait;
				INFOPLIST_KEY_UISupportedInterfaceOrientations_iPad = "UIInterfaceOrientationPortrait UIInterfaceOrientationPortraitUpsideDown UIInterfaceOrientationLandscapeLeft UIInterfaceOrientationLandscapeRight";
				INFOPLIST_KEY_UISupportedInterfaceOrientations_iPhone = "UIInterfaceOrientationPortrait UIInterfaceOrientationLandscapeLeft UIInterfaceOrientationLandscapeRight";
				IPHONEOS_DEPLOYMENT_TARGET = 13.0;
				LD_RUNPATH_SEARCH_PATHS = (
					"$(inherited)",
					"@executable_path/Frameworks",
				);
				MARKETING_VERSION = 1.0.1;
				PRODUCT_BUNDLE_IDENTIFIER = com.anseolab.lotty;
				PRODUCT_NAME = "$(TARGET_NAME)";
				SWIFT_EMIT_LOC_STRINGS = YES;
				SWIFT_VERSION = 5.0;
				TARGETED_DEVICE_FAMILY = 1;
			};
			name = Release;
		};
/* End XCBuildConfiguration section */

/* Begin XCConfigurationList section */
		13A2A20A27BB489000FE10E1 /* Build configuration list for PBXProject "Lotty" */ = {
			isa = XCConfigurationList;
			buildConfigurations = (
				13A2A22127BB489100FE10E1 /* Debug */,
				13A2A22227BB489100FE10E1 /* Release */,
			);
			defaultConfigurationIsVisible = 0;
			defaultConfigurationName = Release;
		};
		13A2A22327BB489100FE10E1 /* Build configuration list for PBXNativeTarget "Lotty" */ = {
			isa = XCConfigurationList;
			buildConfigurations = (
				13A2A22427BB489100FE10E1 /* Debug */,
				13A2A22527BB489100FE10E1 /* Release */,
			);
			defaultConfigurationIsVisible = 0;
			defaultConfigurationName = Release;
		};
/* End XCConfigurationList section */
	};
	rootObject = 13A2A20727BB489000FE10E1 /* Project object */;
}
