// !$*UTF8*$!
{
	archiveVersion = 1;
	classes = {
	};
	objectVersion = 55;
	objects = {

/* Begin PBXBuildFile section */
		130F842D27E5E57500E01079 /* BMHANNAPro.ttf in Resources */ = {isa = PBXBuildFile; fileRef = 130F842A27E5E57500E01079 /* BMHANNAPro.ttf */; };
		130F842F27E5E57500E01079 /* BMYEONSUNG_ttf.ttf in Resources */ = {isa = PBXBuildFile; fileRef = 130F842C27E5E57500E01079 /* BMYEONSUNG_ttf.ttf */; };
		130F843027E5E6BE00E01079 /* BMDOHYEON_ttf.ttf in Resources */ = {isa = PBXBuildFile; fileRef = 130F842B27E5E57500E01079 /* BMDOHYEON_ttf.ttf */; };
		130F845E27E5EAFD00E01079 /* Pretendard-Medium.otf in Resources */ = {isa = PBXBuildFile; fileRef = 130F845527E5EAFC00E01079 /* Pretendard-Medium.otf */; };
		130F845F27E5EAFD00E01079 /* Pretendard-SemiBold.otf in Resources */ = {isa = PBXBuildFile; fileRef = 130F845627E5EAFC00E01079 /* Pretendard-SemiBold.otf */; };
		130F846027E5EAFD00E01079 /* Pretendard-Bold.otf in Resources */ = {isa = PBXBuildFile; fileRef = 130F845727E5EAFC00E01079 /* Pretendard-Bold.otf */; };
		130F846127E5EAFD00E01079 /* Pretendard-Thin.otf in Resources */ = {isa = PBXBuildFile; fileRef = 130F845827E5EAFD00E01079 /* Pretendard-Thin.otf */; };
		130F846227E5EAFD00E01079 /* Pretendard-Black.otf in Resources */ = {isa = PBXBuildFile; fileRef = 130F845927E5EAFD00E01079 /* Pretendard-Black.otf */; };
		130F846327E5EAFD00E01079 /* Pretendard-Regular.otf in Resources */ = {isa = PBXBuildFile; fileRef = 130F845A27E5EAFD00E01079 /* Pretendard-Regular.otf */; };
		130F846427E5EAFD00E01079 /* Pretendard-Light.otf in Resources */ = {isa = PBXBuildFile; fileRef = 130F845B27E5EAFD00E01079 /* Pretendard-Light.otf */; };
		130F846527E5EAFD00E01079 /* Pretendard-ExtraLight.otf in Resources */ = {isa = PBXBuildFile; fileRef = 130F845C27E5EAFD00E01079 /* Pretendard-ExtraLight.otf */; };
		130F846627E5EAFD00E01079 /* Pretendard-ExtraBold.otf in Resources */ = {isa = PBXBuildFile; fileRef = 130F845D27E5EAFD00E01079 /* Pretendard-ExtraBold.otf */; };
		1320D4F727DB0D0D00E47E4C /* RightLine.swift in Sources */ = {isa = PBXBuildFile; fileRef = 1320D4F627DB0D0D00E47E4C /* RightLine.swift */; };
		1320D4F927DB0EC600E47E4C /* BackgroundLabel.swift in Sources */ = {isa = PBXBuildFile; fileRef = 1320D4F827DB0EC600E47E4C /* BackgroundLabel.swift */; };
		1320D4FB27DB174B00E47E4C /* GameView.swift in Sources */ = {isa = PBXBuildFile; fileRef = 1320D4FA27DB174B00E47E4C /* GameView.swift */; };
		1320D4FD27DB397900E47E4C /* DottedLine.swift in Sources */ = {isa = PBXBuildFile; fileRef = 1320D4FC27DB397900E47E4C /* DottedLine.swift */; };
		132A29D227C5CACB003203B2 /* SearchBarView.swift in Sources */ = {isa = PBXBuildFile; fileRef = 132A29D127C5CACB003203B2 /* SearchBarView.swift */; };
		1334B79C27C756C4003C2904 /* StoreInfo.swift in Sources */ = {isa = PBXBuildFile; fileRef = 1334B79B27C756C4003C2904 /* StoreInfo.swift */; };
		1334B79E27C8B022003C2904 /* SideButton.swift in Sources */ = {isa = PBXBuildFile; fileRef = 1334B79D27C8B022003C2904 /* SideButton.swift */; };
		133CBF7B27CDF31A008C02D8 /* MapSearchViewController.swift in Sources */ = {isa = PBXBuildFile; fileRef = 133CBF7A27CDF31A008C02D8 /* MapSearchViewController.swift */; };
		1361592D27E0F7BA00DB1883 /* AlertView.swift in Sources */ = {isa = PBXBuildFile; fileRef = 1361592C27E0F7BA00DB1883 /* AlertView.swift */; };
		136C20DF27D1E988004BD29A /* RefreshView.swift in Sources */ = {isa = PBXBuildFile; fileRef = 136C20DE27D1E988004BD29A /* RefreshView.swift */; };
		1378E33327BFADAE00B76E5B /* SearchLotteryViewController.swift in Sources */ = {isa = PBXBuildFile; fileRef = 1378E33227BFADAE00B76E5B /* SearchLotteryViewController.swift */; };
		13802F6B27C3D4D8008EE0BC /* Storage.swift in Sources */ = {isa = PBXBuildFile; fileRef = 13802F6A27C3D4D8008EE0BC /* Storage.swift */; };
		1398D14227CF4D6700F71739 /* QrScanViewController.swift in Sources */ = {isa = PBXBuildFile; fileRef = 1398D14127CF4D6700F71739 /* QrScanViewController.swift */; };
		13A2A21327BB489000FE10E1 /* AppDelegate.swift in Sources */ = {isa = PBXBuildFile; fileRef = 13A2A21227BB489000FE10E1 /* AppDelegate.swift */; };
		13A2A21527BB489000FE10E1 /* SceneDelegate.swift in Sources */ = {isa = PBXBuildFile; fileRef = 13A2A21427BB489000FE10E1 /* SceneDelegate.swift */; };
		13A2A21727BB489000FE10E1 /* AroundViewController.swift in Sources */ = {isa = PBXBuildFile; fileRef = 13A2A21627BB489000FE10E1 /* AroundViewController.swift */; };
		13A2A21A27BB489000FE10E1 /* Main.storyboard in Resources */ = {isa = PBXBuildFile; fileRef = 13A2A21827BB489000FE10E1 /* Main.storyboard */; };
		13A2A21C27BB489100FE10E1 /* Assets.xcassets in Resources */ = {isa = PBXBuildFile; fileRef = 13A2A21B27BB489100FE10E1 /* Assets.xcassets */; };
		13A2A21F27BB489100FE10E1 /* LaunchScreen.storyboard in Resources */ = {isa = PBXBuildFile; fileRef = 13A2A21D27BB489100FE10E1 /* LaunchScreen.storyboard */; };
		13A2A24C27BB802E00FE10E1 /* RandomViewController.swift in Sources */ = {isa = PBXBuildFile; fileRef = 13A2A24B27BB802E00FE10E1 /* RandomViewController.swift */; };
		13A2A24E27BB804700FE10E1 /* HomeViewController.swift in Sources */ = {isa = PBXBuildFile; fileRef = 13A2A24D27BB804700FE10E1 /* HomeViewController.swift */; };
		13A2A25027BB806800FE10E1 /* SearchViewController.swift in Sources */ = {isa = PBXBuildFile; fileRef = 13A2A24F27BB806800FE10E1 /* SearchViewController.swift */; };
		13A2A25227BB8B1400FE10E1 /* UIColor.swift in Sources */ = {isa = PBXBuildFile; fileRef = 13A2A25127BB8B1400FE10E1 /* UIColor.swift */; };
		13AB572E27E321E30098CA49 /* EmptyCell.swift in Sources */ = {isa = PBXBuildFile; fileRef = 13AB572D27E321E30098CA49 /* EmptyCell.swift */; };
		13AB573027E3239E0098CA49 /* HistoryCell.swift in Sources */ = {isa = PBXBuildFile; fileRef = 13AB572F27E3239E0098CA49 /* HistoryCell.swift */; };
		13AB573227E3286E0098CA49 /* FailCell.swift in Sources */ = {isa = PBXBuildFile; fileRef = 13AB573127E3286E0098CA49 /* FailCell.swift */; };
		13C706CC27CC84BC000CF41D /* CountLabel.swift in Sources */ = {isa = PBXBuildFile; fileRef = 13C706CB27CC84BC000CF41D /* CountLabel.swift */; };
		13CCFC8427C4F5DB0033D682 /* StoreDetailView.swift in Sources */ = {isa = PBXBuildFile; fileRef = 13CCFC8327C4F5DB0033D682 /* StoreDetailView.swift */; };
		13DCF88F27BDEF5A00EAF40C /* LotteryInfo.swift in Sources */ = {isa = PBXBuildFile; fileRef = 13DCF88E27BDEF5A00EAF40C /* LotteryInfo.swift */; };
		13DCF89327BE0B9500EAF40C /* NumberCell.swift in Sources */ = {isa = PBXBuildFile; fileRef = 13DCF89227BE0B9500EAF40C /* NumberCell.swift */; };
		13FC7E9627F1D18200407B57 /* ViewModel.swift in Sources */ = {isa = PBXBuildFile; fileRef = 13FC7E9527F1D18200407B57 /* ViewModel.swift */; };
		13FD443027E59E63001C5AAA /* LocationHistoryCell.swift in Sources */ = {isa = PBXBuildFile; fileRef = 13FD442F27E59E63001C5AAA /* LocationHistoryCell.swift */; };
		13FD443227E59E74001C5AAA /* LocationEmptyCell.swift in Sources */ = {isa = PBXBuildFile; fileRef = 13FD443127E59E74001C5AAA /* LocationEmptyCell.swift */; };
		A6D32E6CB7D32FDD60D1607D /* Pods_Lotty.framework in Frameworks */ = {isa = PBXBuildFile; fileRef = 0A64C4C25BD8F9610714F0B0 /* Pods_Lotty.framework */; };
/* End PBXBuildFile section */

/* Begin PBXFileReference section */
		0A64C4C25BD8F9610714F0B0 /* Pods_Lotty.framework */ = {isa = PBXFileReference; explicitFileType = wrapper.framework; includeInIndex = 0; path = Pods_Lotty.framework; sourceTree = BUILT_PRODUCTS_DIR; };
		0B9D15BB972C6ED830872F44 /* Pods-Lotty.debug.xcconfig */ = {isa = PBXFileReference; includeInIndex = 1; lastKnownFileType = text.xcconfig; name = "Pods-Lotty.debug.xcconfig"; path = "Target Support Files/Pods-Lotty/Pods-Lotty.debug.xcconfig"; sourceTree = "<group>"; };
		130F842A27E5E57500E01079 /* BMHANNAPro.ttf */ = {isa = PBXFileReference; lastKnownFileType = file; path = BMHANNAPro.ttf; sourceTree = "<group>"; };
		130F842B27E5E57500E01079 /* BMDOHYEON_ttf.ttf */ = {isa = PBXFileReference; lastKnownFileType = file; path = BMDOHYEON_ttf.ttf; sourceTree = "<group>"; };
		130F842C27E5E57500E01079 /* BMYEONSUNG_ttf.ttf */ = {isa = PBXFileReference; lastKnownFileType = file; path = BMYEONSUNG_ttf.ttf; sourceTree = "<group>"; };
		130F845527E5EAFC00E01079 /* Pretendard-Medium.otf */ = {isa = PBXFileReference; lastKnownFileType = file; path = "Pretendard-Medium.otf"; sourceTree = "<group>"; };
		130F845627E5EAFC00E01079 /* Pretendard-SemiBold.otf */ = {isa = PBXFileReference; lastKnownFileType = file; path = "Pretendard-SemiBold.otf"; sourceTree = "<group>"; };
		130F845727E5EAFC00E01079 /* Pretendard-Bold.otf */ = {isa = PBXFileReference; lastKnownFileType = file; path = "Pretendard-Bold.otf"; sourceTree = "<group>"; };
		130F845827E5EAFD00E01079 /* Pretendard-Thin.otf */ = {isa = PBXFileReference; lastKnownFileType = file; path = "Pretendard-Thin.otf"; sourceTree = "<group>"; };
		130F845927E5EAFD00E01079 /* Pretendard-Black.otf */ = {isa = PBXFileReference; lastKnownFileType = file; path = "Pretendard-Black.otf"; sourceTree = "<group>"; };
		130F845A27E5EAFD00E01079 /* Pretendard-Regular.otf */ = {isa = PBXFileReference; lastKnownFileType = file; path = "Pretendard-Regular.otf"; sourceTree = "<group>"; };
		130F845B27E5EAFD00E01079 /* Pretendard-Light.otf */ = {isa = PBXFileReference; lastKnownFileType = file; path = "Pretendard-Light.otf"; sourceTree = "<group>"; };
		130F845C27E5EAFD00E01079 /* Pretendard-ExtraLight.otf */ = {isa = PBXFileReference; lastKnownFileType = file; path = "Pretendard-ExtraLight.otf"; sourceTree = "<group>"; };
		130F845D27E5EAFD00E01079 /* Pretendard-ExtraBold.otf */ = {isa = PBXFileReference; lastKnownFileType = file; path = "Pretendard-ExtraBold.otf"; sourceTree = "<group>"; };
		131B329527EF0EE200F9121D /* Lotty.app */ = {isa = PBXFileReference; explicitFileType = wrapper.application; includeInIndex = 0; path = Lotty.app; sourceTree = BUILT_PRODUCTS_DIR; };
		1320D4F627DB0D0D00E47E4C /* RightLine.swift */ = {isa = PBXFileReference; lastKnownFileType = sourcecode.swift; path = RightLine.swift; sourceTree = "<group>"; };
		1320D4F827DB0EC600E47E4C /* BackgroundLabel.swift */ = {isa = PBXFileReference; lastKnownFileType = sourcecode.swift; path = BackgroundLabel.swift; sourceTree = "<group>"; };
		1320D4FA27DB174B00E47E4C /* GameView.swift */ = {isa = PBXFileReference; lastKnownFileType = sourcecode.swift; path = GameView.swift; sourceTree = "<group>"; };
		1320D4FC27DB397900E47E4C /* DottedLine.swift */ = {isa = PBXFileReference; lastKnownFileType = sourcecode.swift; path = DottedLine.swift; sourceTree = "<group>"; };
		132A29D127C5CACB003203B2 /* SearchBarView.swift */ = {isa = PBXFileReference; lastKnownFileType = sourcecode.swift; path = SearchBarView.swift; sourceTree = "<group>"; };
		1334B79B27C756C4003C2904 /* StoreInfo.swift */ = {isa = PBXFileReference; lastKnownFileType = sourcecode.swift; path = StoreInfo.swift; sourceTree = "<group>"; };
		1334B79D27C8B022003C2904 /* SideButton.swift */ = {isa = PBXFileReference; lastKnownFileType = sourcecode.swift; path = SideButton.swift; sourceTree = "<group>"; };
		133CBF7A27CDF31A008C02D8 /* MapSearchViewController.swift */ = {isa = PBXFileReference; lastKnownFileType = sourcecode.swift; path = MapSearchViewController.swift; sourceTree = "<group>"; };
		1361592C27E0F7BA00DB1883 /* AlertView.swift */ = {isa = PBXFileReference; lastKnownFileType = sourcecode.swift; path = AlertView.swift; sourceTree = "<group>"; };
		136C20DE27D1E988004BD29A /* RefreshView.swift */ = {isa = PBXFileReference; lastKnownFileType = sourcecode.swift; path = RefreshView.swift; sourceTree = "<group>"; };
		1378E33227BFADAE00B76E5B /* SearchLotteryViewController.swift */ = {isa = PBXFileReference; lastKnownFileType = sourcecode.swift; path = SearchLotteryViewController.swift; sourceTree = "<group>"; };
		13802F6A27C3D4D8008EE0BC /* Storage.swift */ = {isa = PBXFileReference; fileEncoding = 4; lastKnownFileType = sourcecode.swift; path = Storage.swift; sourceTree = "<group>"; };
		1398D14127CF4D6700F71739 /* QrScanViewController.swift */ = {isa = PBXFileReference; lastKnownFileType = sourcecode.swift; path = QrScanViewController.swift; sourceTree = "<group>"; };
		13A2A21227BB489000FE10E1 /* AppDelegate.swift */ = {isa = PBXFileReference; lastKnownFileType = sourcecode.swift; path = AppDelegate.swift; sourceTree = "<group>"; };
		13A2A21427BB489000FE10E1 /* SceneDelegate.swift */ = {isa = PBXFileReference; lastKnownFileType = sourcecode.swift; path = SceneDelegate.swift; sourceTree = "<group>"; };
		13A2A21627BB489000FE10E1 /* AroundViewController.swift */ = {isa = PBXFileReference; lastKnownFileType = sourcecode.swift; path = AroundViewController.swift; sourceTree = "<group>"; };
		13A2A21927BB489000FE10E1 /* Base */ = {isa = PBXFileReference; lastKnownFileType = file.storyboard; name = Base; path = Base.lproj/Main.storyboard; sourceTree = "<group>"; };
		13A2A21B27BB489100FE10E1 /* Assets.xcassets */ = {isa = PBXFileReference; lastKnownFileType = folder.assetcatalog; path = Assets.xcassets; sourceTree = "<group>"; };
		13A2A21E27BB489100FE10E1 /* Base */ = {isa = PBXFileReference; lastKnownFileType = file.storyboard; name = Base; path = Base.lproj/LaunchScreen.storyboard; sourceTree = "<group>"; };
		13A2A22027BB489100FE10E1 /* Info.plist */ = {isa = PBXFileReference; lastKnownFileType = text.plist.xml; path = Info.plist; sourceTree = "<group>"; };
		13A2A24B27BB802E00FE10E1 /* RandomViewController.swift */ = {isa = PBXFileReference; lastKnownFileType = sourcecode.swift; path = RandomViewController.swift; sourceTree = "<group>"; };
		13A2A24D27BB804700FE10E1 /* HomeViewController.swift */ = {isa = PBXFileReference; lastKnownFileType = sourcecode.swift; path = HomeViewController.swift; sourceTree = "<group>"; };
		13A2A24F27BB806800FE10E1 /* SearchViewController.swift */ = {isa = PBXFileReference; lastKnownFileType = sourcecode.swift; path = SearchViewController.swift; sourceTree = "<group>"; };
		13A2A25127BB8B1400FE10E1 /* UIColor.swift */ = {isa = PBXFileReference; lastKnownFileType = sourcecode.swift; path = UIColor.swift; sourceTree = "<group>"; };
		13AB572D27E321E30098CA49 /* EmptyCell.swift */ = {isa = PBXFileReference; lastKnownFileType = sourcecode.swift; path = EmptyCell.swift; sourceTree = "<group>"; };
		13AB572F27E3239E0098CA49 /* HistoryCell.swift */ = {isa = PBXFileReference; lastKnownFileType = sourcecode.swift; path = HistoryCell.swift; sourceTree = "<group>"; };
		13AB573127E3286E0098CA49 /* FailCell.swift */ = {isa = PBXFileReference; lastKnownFileType = sourcecode.swift; path = FailCell.swift; sourceTree = "<group>"; };
		13C706CB27CC84BC000CF41D /* CountLabel.swift */ = {isa = PBXFileReference; lastKnownFileType = sourcecode.swift; path = CountLabel.swift; sourceTree = "<group>"; };
		13CCFC8327C4F5DB0033D682 /* StoreDetailView.swift */ = {isa = PBXFileReference; lastKnownFileType = sourcecode.swift; path = StoreDetailView.swift; sourceTree = "<group>"; };
		13DCF88E27BDEF5A00EAF40C /* LotteryInfo.swift */ = {isa = PBXFileReference; lastKnownFileType = sourcecode.swift; path = LotteryInfo.swift; sourceTree = "<group>"; };
		13DCF89227BE0B9500EAF40C /* NumberCell.swift */ = {isa = PBXFileReference; lastKnownFileType = sourcecode.swift; path = NumberCell.swift; sourceTree = "<group>"; };
		13FC7E9527F1D18200407B57 /* ViewModel.swift */ = {isa = PBXFileReference; lastKnownFileType = sourcecode.swift; path = ViewModel.swift; sourceTree = "<group>"; };
		13FD442F27E59E63001C5AAA /* LocationHistoryCell.swift */ = {isa = PBXFileReference; lastKnownFileType = sourcecode.swift; path = LocationHistoryCell.swift; sourceTree = "<group>"; };
		13FD443127E59E74001C5AAA /* LocationEmptyCell.swift */ = {isa = PBXFileReference; lastKnownFileType = sourcecode.swift; path = LocationEmptyCell.swift; sourceTree = "<group>"; };
		BDB874F062F3BED792DE7C97 /* Pods-Lotty.release.xcconfig */ = {isa = PBXFileReference; includeInIndex = 1; lastKnownFileType = text.xcconfig; name = "Pods-Lotty.release.xcconfig"; path = "Target Support Files/Pods-Lotty/Pods-Lotty.release.xcconfig"; sourceTree = "<group>"; };
/* End PBXFileReference section */

/* Begin PBXFrameworksBuildPhase section */
		13A2A20C27BB489000FE10E1 /* Frameworks */ = {
			isa = PBXFrameworksBuildPhase;
			buildActionMask = 2147483647;
			files = (
				A6D32E6CB7D32FDD60D1607D /* Pods_Lotty.framework in Frameworks */,
			);
			runOnlyForDeploymentPostprocessing = 0;
		};
/* End PBXFrameworksBuildPhase section */

/* Begin PBXGroup section */
		136C20DD27D1E957004BD29A /* Home */ = {
			isa = PBXGroup;
			children = (
				13A2A24D27BB804700FE10E1 /* HomeViewController.swift */,
				136C20DE27D1E988004BD29A /* RefreshView.swift */,
			);
			path = Home;
			sourceTree = "<group>";
		};
		13A2A20627BB489000FE10E1 = {
			isa = PBXGroup;
			children = (
				13A2A21127BB489000FE10E1 /* Lotty */,
				40ACCF754CC6FCB807C697D7 /* Pods */,
				131B329527EF0EE200F9121D /* Lotty.app */,
				3EDD3A305017908757C67039 /* Frameworks */,
			);
			sourceTree = "<group>";
		};
		13A2A21127BB489000FE10E1 /* Lotty */ = {
			isa = PBXGroup;
			children = (
				13FD443327E59E83001C5AAA /* Base */,
				13802F6A27C3D4D8008EE0BC /* Storage.swift */,
				13DCF89527BE0C6E00EAF40C /* API */,
				136C20DD27D1E957004BD29A /* Home */,
				13DCF89027BE0B5300EAF40C /* Arround */,
				13DCF89427BE0C5700EAF40C /* Search */,
				13ED064427E1C9D9002823C8 /* QR */,
				13DCF89127BE0B7A00EAF40C /* Random */,
				13A2A21227BB489000FE10E1 /* AppDelegate.swift */,
				13A2A21427BB489000FE10E1 /* SceneDelegate.swift */,
				13A2A21D27BB489100FE10E1 /* LaunchScreen.storyboard */,
				13A2A21827BB489000FE10E1 /* Main.storyboard */,
				13A2A21B27BB489100FE10E1 /* Assets.xcassets */,
				13A2A22027BB489100FE10E1 /* Info.plist */,
				13A2A25127BB8B1400FE10E1 /* UIColor.swift */,
				13A2A23027BB4E3200FE10E1 /* Fonts */,
			);
			path = Lotty;
			sourceTree = "<group>";
		};
		13A2A23027BB4E3200FE10E1 /* Fonts */ = {
			isa = PBXGroup;
			children = (
				130F845927E5EAFD00E01079 /* Pretendard-Black.otf */,
				130F845727E5EAFC00E01079 /* Pretendard-Bold.otf */,
				130F845D27E5EAFD00E01079 /* Pretendard-ExtraBold.otf */,
				130F845C27E5EAFD00E01079 /* Pretendard-ExtraLight.otf */,
				130F845B27E5EAFD00E01079 /* Pretendard-Light.otf */,
				130F845527E5EAFC00E01079 /* Pretendard-Medium.otf */,
				130F845A27E5EAFD00E01079 /* Pretendard-Regular.otf */,
				130F845627E5EAFC00E01079 /* Pretendard-SemiBold.otf */,
				130F845827E5EAFD00E01079 /* Pretendard-Thin.otf */,
				130F842B27E5E57500E01079 /* BMDOHYEON_ttf.ttf */,
				130F842A27E5E57500E01079 /* BMHANNAPro.ttf */,
				130F842C27E5E57500E01079 /* BMYEONSUNG_ttf.ttf */,
			);
			path = Fonts;
			sourceTree = "<group>";
		};
		13DCF89027BE0B5300EAF40C /* Arround */ = {
			isa = PBXGroup;
			children = (
				13A2A21627BB489000FE10E1 /* AroundViewController.swift */,
				133CBF7A27CDF31A008C02D8 /* MapSearchViewController.swift */,
				132A29D127C5CACB003203B2 /* SearchBarView.swift */,
				13CCFC8327C4F5DB0033D682 /* StoreDetailView.swift */,
				1334B79D27C8B022003C2904 /* SideButton.swift */,
				1361592C27E0F7BA00DB1883 /* AlertView.swift */,
				13FD442F27E59E63001C5AAA /* LocationHistoryCell.swift */,
				13FD443127E59E74001C5AAA /* LocationEmptyCell.swift */,
			);
			path = Arround;
			sourceTree = "<group>";
		};
		13DCF89127BE0B7A00EAF40C /* Random */ = {
			isa = PBXGroup;
			children = (
				13A2A24B27BB802E00FE10E1 /* RandomViewController.swift */,
				1320D4FA27DB174B00E47E4C /* GameView.swift */,
				13C706CB27CC84BC000CF41D /* CountLabel.swift */,
				1320D4FC27DB397900E47E4C /* DottedLine.swift */,
				1320D4F627DB0D0D00E47E4C /* RightLine.swift */,
				1320D4F827DB0EC600E47E4C /* BackgroundLabel.swift */,
			);
			path = Random;
			sourceTree = "<group>";
		};
		13DCF89427BE0C5700EAF40C /* Search */ = {
			isa = PBXGroup;
			children = (
				13A2A24F27BB806800FE10E1 /* SearchViewController.swift */,
				1378E33227BFADAE00B76E5B /* SearchLotteryViewController.swift */,
				13DCF89227BE0B9500EAF40C /* NumberCell.swift */,
				13AB572F27E3239E0098CA49 /* HistoryCell.swift */,
				13AB572D27E321E30098CA49 /* EmptyCell.swift */,
				13AB573127E3286E0098CA49 /* FailCell.swift */,
			);
			path = Search;
			sourceTree = "<group>";
		};
		13DCF89527BE0C6E00EAF40C /* API */ = {
			isa = PBXGroup;
			children = (
				13DCF88E27BDEF5A00EAF40C /* LotteryInfo.swift */,
				1334B79B27C756C4003C2904 /* StoreInfo.swift */,
			);
			path = API;
			sourceTree = "<group>";
		};
		13ED064427E1C9D9002823C8 /* QR */ = {
			isa = PBXGroup;
			children = (
				1398D14127CF4D6700F71739 /* QrScanViewController.swift */,
			);
			path = QR;
			sourceTree = "<group>";
		};
		13FD443327E59E83001C5AAA /* Base */ = {
			isa = PBXGroup;
			children = (
				13FC7E9527F1D18200407B57 /* ViewModel.swift */,
			);
			path = Base;
			sourceTree = "<group>";
		};
		3EDD3A305017908757C67039 /* Frameworks */ = {
			isa = PBXGroup;
			children = (
				0A64C4C25BD8F9610714F0B0 /* Pods_Lotty.framework */,
			);
			name = Frameworks;
			sourceTree = "<group>";
		};
		40ACCF754CC6FCB807C697D7 /* Pods */ = {
			isa = PBXGroup;
			children = (
				0B9D15BB972C6ED830872F44 /* Pods-Lotty.debug.xcconfig */,
				BDB874F062F3BED792DE7C97 /* Pods-Lotty.release.xcconfig */,
			);
			path = Pods;
			sourceTree = "<group>";
		};
/* End PBXGroup section */

/* Begin PBXNativeTarget section */
		13A2A20E27BB489000FE10E1 /* Lotty */ = {
			isa = PBXNativeTarget;
			buildConfigurationList = 13A2A22327BB489100FE10E1 /* Build configuration list for PBXNativeTarget "Lotty" */;
			buildPhases = (
				CD137E026E471D32589780F5 /* [CP] Check Pods Manifest.lock */,
				13A2A20B27BB489000FE10E1 /* Sources */,
				13A2A20C27BB489000FE10E1 /* Frameworks */,
				13A2A20D27BB489000FE10E1 /* Resources */,
				FEE3DF76CD97BB9DCD4A59DC /* [CP] Embed Pods Frameworks */,
			);
			buildRules = (
			);
			dependencies = (
			);
			name = Lotty;
			productName = Lotty;
			productReference = 131B329527EF0EE200F9121D /* Lotty.app */;
			productType = "com.apple.product-type.application";
		};
/* End PBXNativeTarget section */

/* Begin PBXProject section */
		13A2A20727BB489000FE10E1 /* Project object */ = {
			isa = PBXProject;
			attributes = {
				BuildIndependentTargetsInParallel = 1;
				LastSwiftUpdateCheck = 1320;
				LastUpgradeCheck = 1320;
				TargetAttributes = {
					13A2A20E27BB489000FE10E1 = {
						CreatedOnToolsVersion = 13.2.1;
					};
				};
			};
			buildConfigurationList = 13A2A20A27BB489000FE10E1 /* Build configuration list for PBXProject "Lotty" */;
			compatibilityVersion = "Xcode 13.0";
			developmentRegion = en;
			hasScannedForEncodings = 0;
			knownRegions = (
				en,
				Base,
			);
			mainGroup = 13A2A20627BB489000FE10E1;
			productRefGroup = 13A2A20627BB489000FE10E1;
			projectDirPath = "";
			projectRoot = "";
			targets = (
				13A2A20E27BB489000FE10E1 /* Lotty */,
			);
		};
/* End PBXProject section */

/* Begin PBXResourcesBuildPhase section */
		13A2A20D27BB489000FE10E1 /* Resources */ = {
			isa = PBXResourcesBuildPhase;
			buildActionMask = 2147483647;
			files = (
				130F846027E5EAFD00E01079 /* Pretendard-Bold.otf in Resources */,
				130F842F27E5E57500E01079 /* BMYEONSUNG_ttf.ttf in Resources */,
				13A2A21F27BB489100FE10E1 /* LaunchScreen.storyboard in Resources */,
				130F846327E5EAFD00E01079 /* Pretendard-Regular.otf in Resources */,
				130F845E27E5EAFD00E01079 /* Pretendard-Medium.otf in Resources */,
				13A2A21C27BB489100FE10E1 /* Assets.xcassets in Resources */,
				130F842D27E5E57500E01079 /* BMHANNAPro.ttf in Resources */,
				130F845F27E5EAFD00E01079 /* Pretendard-SemiBold.otf in Resources */,
				13A2A21A27BB489000FE10E1 /* Main.storyboard in Resources */,
				130F846627E5EAFD00E01079 /* Pretendard-ExtraBold.otf in Resources */,
				130F846127E5EAFD00E01079 /* Pretendard-Thin.otf in Resources */,
				130F846427E5EAFD00E01079 /* Pretendard-Light.otf in Resources */,
				130F846527E5EAFD00E01079 /* Pretendard-ExtraLight.otf in Resources */,
				130F846227E5EAFD00E01079 /* Pretendard-Black.otf in Resources */,
				130F843027E5E6BE00E01079 /* BMDOHYEON_ttf.ttf in Resources */,
			);
			runOnlyForDeploymentPostprocessing = 0;
		};
/* End PBXResourcesBuildPhase section */

/* Begin PBXShellScriptBuildPhase section */
		CD137E026E471D32589780F5 /* [CP] Check Pods Manifest.lock */ = {
			isa = PBXShellScriptBuildPhase;
			buildActionMask = 2147483647;
			files = (
			);
			inputFileListPaths = (
			);
			inputPaths = (
				"${PODS_PODFILE_DIR_PATH}/Podfile.lock",
				"${PODS_ROOT}/Manifest.lock",
			);
			name = "[CP] Check Pods Manifest.lock";
			outputFileListPaths = (
			);
			outputPaths = (
				"$(DERIVED_FILE_DIR)/Pods-Lotty-checkManifestLockResult.txt",
			);
			runOnlyForDeploymentPostprocessing = 0;
			shellPath = /bin/sh;
			shellScript = "diff \"${PODS_PODFILE_DIR_PATH}/Podfile.lock\" \"${PODS_ROOT}/Manifest.lock\" > /dev/null\nif [ $? != 0 ] ; then\n    # print error to STDERR\n    echo \"error: The sandbox is not in sync with the Podfile.lock. Run 'pod install' or update your CocoaPods installation.\" >&2\n    exit 1\nfi\n# This output is used by Xcode 'outputs' to avoid re-running this script phase.\necho \"SUCCESS\" > \"${SCRIPT_OUTPUT_FILE_0}\"\n";
			showEnvVarsInLog = 0;
		};
		FEE3DF76CD97BB9DCD4A59DC /* [CP] Embed Pods Frameworks */ = {
			isa = PBXShellScriptBuildPhase;
			buildActionMask = 2147483647;
			files = (
			);
			inputFileListPaths = (
				"${PODS_ROOT}/Target Support Files/Pods-Lotty/Pods-Lotty-frameworks-${CONFIGURATION}-input-files.xcfilelist",
			);
			name = "[CP] Embed Pods Frameworks";
			outputFileListPaths = (
				"${PODS_ROOT}/Target Support Files/Pods-Lotty/Pods-Lotty-frameworks-${CONFIGURATION}-output-files.xcfilelist",
			);
			runOnlyForDeploymentPostprocessing = 0;
			shellPath = /bin/sh;
			shellScript = "\"${PODS_ROOT}/Target Support Files/Pods-Lotty/Pods-Lotty-frameworks.sh\"\n";
			showEnvVarsInLog = 0;
		};
/* End PBXShellScriptBuildPhase section */

/* Begin PBXSourcesBuildPhase section */
		13A2A20B27BB489000FE10E1 /* Sources */ = {
			isa = PBXSourcesBuildPhase;
			buildActionMask = 2147483647;
			files = (
				13A2A24E27BB804700FE10E1 /* HomeViewController.swift in Sources */,
				1334B79E27C8B022003C2904 /* SideButton.swift in Sources */,
				13802F6B27C3D4D8008EE0BC /* Storage.swift in Sources */,
				13A2A25227BB8B1400FE10E1 /* UIColor.swift in Sources */,
				13FD443227E59E74001C5AAA /* LocationEmptyCell.swift in Sources */,
				1320D4F727DB0D0D00E47E4C /* RightLine.swift in Sources */,
				1361592D27E0F7BA00DB1883 /* AlertView.swift in Sources */,
				13C706CC27CC84BC000CF41D /* CountLabel.swift in Sources */,
				13AB573227E3286E0098CA49 /* FailCell.swift in Sources */,
				1334B79C27C756C4003C2904 /* StoreInfo.swift in Sources */,
				13FC7E9627F1D18200407B57 /* ViewModel.swift in Sources */,
				136C20DF27D1E988004BD29A /* RefreshView.swift in Sources */,
				1378E33327BFADAE00B76E5B /* SearchLotteryViewController.swift in Sources */,
				13A2A21727BB489000FE10E1 /* AroundViewController.swift in Sources */,
				13DCF88F27BDEF5A00EAF40C /* LotteryInfo.swift in Sources */,
				13A2A21327BB489000FE10E1 /* AppDelegate.swift in Sources */,
				1320D4FB27DB174B00E47E4C /* GameView.swift in Sources */,
				13AB572E27E321E30098CA49 /* EmptyCell.swift in Sources */,
				1398D14227CF4D6700F71739 /* QrScanViewController.swift in Sources */,
				13AB573027E3239E0098CA49 /* HistoryCell.swift in Sources */,
				13FD443027E59E63001C5AAA /* LocationHistoryCell.swift in Sources */,
				1320D4FD27DB397900E47E4C /* DottedLine.swift in Sources */,
				1320D4F927DB0EC600E47E4C /* BackgroundLabel.swift in Sources */,
				13CCFC8427C4F5DB0033D682 /* StoreDetailView.swift in Sources */,
				133CBF7B27CDF31A008C02D8 /* MapSearchViewController.swift in Sources */,
				13DCF89327BE0B9500EAF40C /* NumberCell.swift in Sources */,
				132A29D227C5CACB003203B2 /* SearchBarView.swift in Sources */,
				13A2A25027BB806800FE10E1 /* SearchViewController.swift in Sources */,
				13A2A24C27BB802E00FE10E1 /* RandomViewController.swift in Sources */,
				13A2A21527BB489000FE10E1 /* SceneDelegate.swift in Sources */,
			);
			runOnlyForDeploymentPostprocessing = 0;
		};
/* End PBXSourcesBuildPhase section */

/* Begin PBXVariantGroup section */
		13A2A21827BB489000FE10E1 /* Main.storyboard */ = {
			isa = PBXVariantGroup;
			children = (
				13A2A21927BB489000FE10E1 /* Base */,
			);
			name = Main.storyboard;
			sourceTree = "<group>";
		};
		13A2A21D27BB489100FE10E1 /* LaunchScreen.storyboard */ = {
			isa = PBXVariantGroup;
			children = (
				13A2A21E27BB489100FE10E1 /* Base */,
			);
			name = LaunchScreen.storyboard;
			sourceTree = "<group>";
		};
/* End PBXVariantGroup section */

/* Begin XCBuildConfiguration section */
		13A2A22127BB489100FE10E1 /* Debug */ = {
			isa = XCBuildConfiguration;
			buildSettings = {
				ALWAYS_SEARCH_USER_PATHS = NO;
				CLANG_ANALYZER_NONNULL = YES;
				CLANG_ANALYZER_NUMBER_OBJECT_CONVERSION = YES_AGGRESSIVE;
				CLANG_CXX_LANGUAGE_STANDARD = "gnu++17";
				CLANG_CXX_LIBRARY = "libc++";
				CLANG_ENABLE_MODULES = YES;
				CLANG_ENABLE_OBJC_ARC = YES;
				CLANG_ENABLE_OBJC_WEAK = YES;
				CLANG_WARN_BLOCK_CAPTURE_AUTORELEASING = YES;
				CLANG_WARN_BOOL_CONVERSION = YES;
				CLANG_WARN_COMMA = YES;
				CLANG_WARN_CONSTANT_CONVERSION = YES;
				CLANG_WARN_DEPRECATED_OBJC_IMPLEMENTATIONS = YES;
				CLANG_WARN_DIRECT_OBJC_ISA_USAGE = YES_ERROR;
				CLANG_WARN_DOCUMENTATION_COMMENTS = YES;
				CLANG_WARN_EMPTY_BODY = YES;
				CLANG_WARN_ENUM_CONVERSION = YES;
				CLANG_WARN_INFINITE_RECURSION = YES;
				CLANG_WARN_INT_CONVERSION = YES;
				CLANG_WARN_NON_LITERAL_NULL_CONVERSION = YES;
				CLANG_WARN_OBJC_IMPLICIT_RETAIN_SELF = YES;
				CLANG_WARN_OBJC_LITERAL_CONVERSION = YES;
				CLANG_WARN_OBJC_ROOT_CLASS = YES_ERROR;
				CLANG_WARN_QUOTED_INCLUDE_IN_FRAMEWORK_HEADER = YES;
				CLANG_WARN_RANGE_LOOP_ANALYSIS = YES;
				CLANG_WARN_STRICT_PROTOTYPES = YES;
				CLANG_WARN_SUSPICIOUS_MOVE = YES;
				CLANG_WARN_UNGUARDED_AVAILABILITY = YES_AGGRESSIVE;
				CLANG_WARN_UNREACHABLE_CODE = YES;
				CLANG_WARN__DUPLICATE_METHOD_MATCH = YES;
				COPY_PHASE_STRIP = NO;
				DEBUG_INFORMATION_FORMAT = dwarf;
				ENABLE_STRICT_OBJC_MSGSEND = YES;
				ENABLE_TESTABILITY = YES;
				EXCLUDED_ARCHS = "";
				"EXCLUDED_ARCHS[sdk=iphonesimulator*]" = arm64;
				GCC_C_LANGUAGE_STANDARD = gnu11;
				GCC_DYNAMIC_NO_PIC = NO;
				GCC_NO_COMMON_BLOCKS = YES;
				GCC_OPTIMIZATION_LEVEL = 0;
				GCC_PREPROCESSOR_DEFINITIONS = (
					"DEBUG=1",
					"$(inherited)",
				);
				GCC_WARN_64_TO_32_BIT_CONVERSION = YES;
				GCC_WARN_ABOUT_RETURN_TYPE = YES_ERROR;
				GCC_WARN_UNDECLARED_SELECTOR = YES;
				GCC_WARN_UNINITIALIZED_AUTOS = YES_AGGRESSIVE;
				GCC_WARN_UNUSED_FUNCTION = YES;
				GCC_WARN_UNUSED_VARIABLE = YES;
				IPHONEOS_DEPLOYMENT_TARGET = 13.0;
				MTL_ENABLE_DEBUG_INFO = INCLUDE_SOURCE;
				MTL_FAST_MATH = YES;
				ONLY_ACTIVE_ARCH = YES;
				SDKROOT = iphoneos;
				SWIFT_ACTIVE_COMPILATION_CONDITIONS = DEBUG;
				SWIFT_OPTIMIZATION_LEVEL = "-Onone";
			};
			name = Debug;
		};
		13A2A22227BB489100FE10E1 /* Release */ = {
			isa = XCBuildConfiguration;
			buildSettings = {
				ALWAYS_SEARCH_USER_PATHS = NO;
				CLANG_ANALYZER_NONNULL = YES;
				CLANG_ANALYZER_NUMBER_OBJECT_CONVERSION = YES_AGGRESSIVE;
				CLANG_CXX_LANGUAGE_STANDARD = "gnu++17";
				CLANG_CXX_LIBRARY = "libc++";
				CLANG_ENABLE_MODULES = YES;
				CLANG_ENABLE_OBJC_ARC = YES;
				CLANG_ENABLE_OBJC_WEAK = YES;
				CLANG_WARN_BLOCK_CAPTURE_AUTORELEASING = YES;
				CLANG_WARN_BOOL_CONVERSION = YES;
				CLANG_WARN_COMMA = YES;
				CLANG_WARN_CONSTANT_CONVERSION = YES;
				CLANG_WARN_DEPRECATED_OBJC_IMPLEMENTATIONS = YES;
				CLANG_WARN_DIRECT_OBJC_ISA_USAGE = YES_ERROR;
				CLANG_WARN_DOCUMENTATION_COMMENTS = YES;
				CLANG_WARN_EMPTY_BODY = YES;
				CLANG_WARN_ENUM_CONVERSION = YES;
				CLANG_WARN_INFINITE_RECURSION = YES;
				CLANG_WARN_INT_CONVERSION = YES;
				CLANG_WARN_NON_LITERAL_NULL_CONVERSION = YES;
				CLANG_WARN_OBJC_IMPLICIT_RETAIN_SELF = YES;
				CLANG_WARN_OBJC_LITERAL_CONVERSION = YES;
				CLANG_WARN_OBJC_ROOT_CLASS = YES_ERROR;
				CLANG_WARN_QUOTED_INCLUDE_IN_FRAMEWORK_HEADER = YES;
				CLANG_WARN_RANGE_LOOP_ANALYSIS = YES;
				CLANG_WARN_STRICT_PROTOTYPES = YES;
				CLANG_WARN_SUSPICIOUS_MOVE = YES;
				CLANG_WARN_UNGUARDED_AVAILABILITY = YES_AGGRESSIVE;
				CLANG_WARN_UNREACHABLE_CODE = YES;
				CLANG_WARN__DUPLICATE_METHOD_MATCH = YES;
				COPY_PHASE_STRIP = NO;
				DEBUG_INFORMATION_FORMAT = "dwarf-with-dsym";
				ENABLE_NS_ASSERTIONS = NO;
				ENABLE_STRICT_OBJC_MSGSEND = YES;
				EXCLUDED_ARCHS = "";
				"EXCLUDED_ARCHS[sdk=iphonesimulator*]" = arm64;
				GCC_C_LANGUAGE_STANDARD = gnu11;
				GCC_NO_COMMON_BLOCKS = YES;
				GCC_WARN_64_TO_32_BIT_CONVERSION = YES;
				GCC_WARN_ABOUT_RETURN_TYPE = YES_ERROR;
				GCC_WARN_UNDECLARED_SELECTOR = YES;
				GCC_WARN_UNINITIALIZED_AUTOS = YES_AGGRESSIVE;
				GCC_WARN_UNUSED_FUNCTION = YES;
				GCC_WARN_UNUSED_VARIABLE = YES;
				IPHONEOS_DEPLOYMENT_TARGET = 13.0;
				MTL_ENABLE_DEBUG_INFO = NO;
				MTL_FAST_MATH = YES;
				ONLY_ACTIVE_ARCH = NO;
				SDKROOT = iphoneos;
				SWIFT_COMPILATION_MODE = wholemodule;
				SWIFT_OPTIMIZATION_LEVEL = "-O";
				VALIDATE_PRODUCT = YES;
			};
			name = Release;
		};
		13A2A22427BB489100FE10E1 /* Debug */ = {
			isa = XCBuildConfiguration;
			baseConfigurationReference = 0B9D15BB972C6ED830872F44 /* Pods-Lotty.debug.xcconfig */;
			buildSettings = {
				ASSETCATALOG_COMPILER_APPICON_NAME = AppIcon;
				ASSETCATALOG_COMPILER_GLOBAL_ACCENT_COLOR_NAME = AccentColor;
				CODE_SIGN_STYLE = Automatic;
				CURRENT_PROJECT_VERSION = 1;
				DEVELOPMENT_TEAM = 3LTN66N935;
				EXCLUDED_ARCHS = "";
				GENERATE_INFOPLIST_FILE = YES;
				INFOPLIST_FILE = Lotty/Info.plist;
				INFOPLIST_KEY_CFBundleDisplayName = "로또의민족";
				INFOPLIST_KEY_NSCameraUsageDescription = "로또 QR코드를 조회하려면 카메라 권한이 필요합니다";
				INFOPLIST_KEY_NSLocationAlwaysAndWhenInUseUsageDescription = "로또 판매점을 조회하려면 위치 정보가 필요합니다";
				INFOPLIST_KEY_NSLocationAlwaysUsageDescription = "로또 판매점을 조회하려면 위치 정보가 필요합니다";
				INFOPLIST_KEY_NSLocationUsageDescription = "로또 판매점을 조회하려면 위치 정보가 필요합니다";
				INFOPLIST_KEY_NSLocationWhenInUseUsageDescription = "로또 판매점을 조회하려면 위치 정보가 필요합니다";
				INFOPLIST_KEY_UIApplicationSupportsIndirectInputEvents = YES;
				INFOPLIST_KEY_UILaunchStoryboardName = LaunchScreen;
				INFOPLIST_KEY_UIMainStoryboardFile = Main;
				INFOPLIST_KEY_UISupportedInterfaceOrientations = UIInterfaceOrientationPortrait;
				INFOPLIST_KEY_UISupportedInterfaceOrientations_iPad = "UIInterfaceOrientationPortrait UIInterfaceOrientationPortraitUpsideDown UIInterfaceOrientationLandscapeLeft UIInterfaceOrientationLandscapeRight";
				INFOPLIST_KEY_UISupportedInterfaceOrientations_iPhone = "UIInterfaceOrientationPortrait UIInterfaceOrientationLandscapeLeft UIInterfaceOrientationLandscapeRight";
				IPHONEOS_DEPLOYMENT_TARGET = 13.0;
				LD_RUNPATH_SEARCH_PATHS = (
					"$(inherited)",
					"@executable_path/Frameworks",
				);
				MARKETING_VERSION = 1.0.1;
				PRODUCT_BUNDLE_IDENTIFIER = com.anseolab.lotty;
				PRODUCT_NAME = "$(TARGET_NAME)";
				SWIFT_EMIT_LOC_STRINGS = YES;
				SWIFT_VERSION = 5.0;
				TARGETED_DEVICE_FAMILY = 1;
			};
			name = Debug;
		};
		13A2A22527BB489100FE10E1 /* Release */ = {
			isa = XCBuildConfiguration;
			baseConfigurationReference = BDB874F062F3BED792DE7C97 /* Pods-Lotty.release.xcconfig */;
			buildSettings = {
				ASSETCATALOG_COMPILER_APPICON_NAME = AppIcon;
				ASSETCATALOG_COMPILER_GLOBAL_ACCENT_COLOR_NAME = AccentColor;
				CODE_SIGN_STYLE = Automatic;
				CURRENT_PROJECT_VERSION = 1;
				DEVELOPMENT_TEAM = 3LTN66N935;
				EXCLUDED_ARCHS = "";
				"EXCLUDED_ARCHS[sdk=iphonesimulator*]" = arm64;
				GENERATE_INFOPLIST_FILE = YES;
				INFOPLIST_FILE = Lotty/Info.plist;
				INFOPLIST_KEY_CFBundleDisplayName = "로또의민족";
				INFOPLIST_KEY_NSCameraUsageDescription = "로또 QR코드를 조회하려면 카메라 권한이 필요합니다";
				INFOPLIST_KEY_NSLocationAlwaysAndWhenInUseUsageDescription = "로또 판매점을 조회하려면 위치 정보가 필요합니다";
				INFOPLIST_KEY_NSLocationAlwaysUsageDescription = "로또 판매점을 조회하려면 위치 정보가 필요합니다";
				INFOPLIST_KEY_NSLocationUsageDescription = "로또 판매점을 조회하려면 위치 정보가 필요합니다";
				INFOPLIST_KEY_NSLocationWhenInUseUsageDescription = "로또 판매점을 조회하려면 위치 정보가 필요합니다";
				INFOPLIST_KEY_UIApplicationSupportsIndirectInputEvents = YES;
				INFOPLIST_KEY_UILaunchStoryboardName = LaunchScreen;
				INFOPLIST_KEY_UIMainStoryboardFile = Main;
				INFOPLIST_KEY_UISupportedInterfaceOrientations = UIInterfaceOrientationPortrait;
				INFOPLIST_KEY_UISupportedInterfaceOrientations_iPad = "UIInterfaceOrientationPortrait UIInterfaceOrientationPortraitUpsideDown UIInterfaceOrientationLandscapeLeft UIInterfaceOrientationLandscapeRight";
				INFOPLIST_KEY_UISupportedInterfaceOrientations_iPhone = "UIInterfaceOrientationPortrait UIInterfaceOrientationLandscapeLeft UIInterfaceOrientationLandscapeRight";
				IPHONEOS_DEPLOYMENT_TARGET = 13.0;
				LD_RUNPATH_SEARCH_PATHS = (
					"$(inherited)",
					"@executable_path/Frameworks",
				);
				MARKETING_VERSION = 1.0.1;
				PRODUCT_BUNDLE_IDENTIFIER = com.anseolab.lotty;
				PRODUCT_NAME = "$(TARGET_NAME)";
				SWIFT_EMIT_LOC_STRINGS = YES;
				SWIFT_VERSION = 5.0;
				TARGETED_DEVICE_FAMILY = 1;
			};
			name = Release;
		};
/* End XCBuildConfiguration section */

/* Begin XCConfigurationList section */
		13A2A20A27BB489000FE10E1 /* Build configuration list for PBXProject "Lotty" */ = {
			isa = XCConfigurationList;
			buildConfigurations = (
				13A2A22127BB489100FE10E1 /* Debug */,
				13A2A22227BB489100FE10E1 /* Release */,
			);
			defaultConfigurationIsVisible = 0;
			defaultConfigurationName = Release;
		};
		13A2A22327BB489100FE10E1 /* Build configuration list for PBXNativeTarget "Lotty" */ = {
			isa = XCConfigurationList;
			buildConfigurations = (
				13A2A22427BB489100FE10E1 /* Debug */,
				13A2A22527BB489100FE10E1 /* Release */,
			);
			defaultConfigurationIsVisible = 0;
			defaultConfigurationName = Release;
		};
/* End XCConfigurationList section */
	};
	rootObject = 13A2A20727BB489000FE10E1 /* Project object */;
}
